<?xml version="1.0" encoding="utf-8"?>
<Project ToolsVersion="4.0" xmlns="http://schemas.microsoft.com/developer/msbuild/2003">
  <ItemGroup>
    <Filter Include="Source Files">
      <UniqueIdentifier>{4FC737F1-C7A5-4376-A066-2A32D752A2FF}</UniqueIdentifier>
      <Extensions>cpp;c;cc;cxx;def;odl;idl;hpj;bat;asm;asmx</Extensions>
    </Filter>
    <Filter Include="Header Files">
      <UniqueIdentifier>{93995380-89BD-4b04-88EB-625FBE52EBFB}</UniqueIdentifier>
      <Extensions>h;hh;hpp;hxx;hm;inl;inc;xsd</Extensions>
    </Filter>
    <Filter Include="Resource Files">
      <UniqueIdentifier>{67DA6AB6-F800-4c08-8B7A-83BB121AAD01}</UniqueIdentifier>
      <Extensions>rc;ico;cur;bmp;dlg;rc2;rct;bin;rgs;gif;jpg;jpeg;jpe;resx;tiff;tif;png;wav;mfcribbon-ms</Extensions>
    </Filter>
  </ItemGroup>
  <ItemGroup>
    <ClCompile Include="base\PdfStream.cpp">
      <Filter>Source Files</Filter>
    </ClCompile>
    <ClCompile Include="base\PdfString.cpp">
      <Filter>Source Files</Filter>
    </ClCompile>
    <ClCompile Include="base\PdfTokenizer.cpp">
      <Filter>Source Files</Filter>
    </ClCompile>
    <ClCompile Include="base\PdfVariant.cpp">
      <Filter>Source Files</Filter>
    </ClCompile>
    <ClCompile Include="base\PdfVecObjects.cpp">
      <Filter>Source Files</Filter>
    </ClCompile>
    <ClCompile Include="base\PdfWriter.cpp">
      <Filter>Source Files</Filter>
    </ClCompile>
    <ClCompile Include="base\PdfXRef.cpp">
      <Filter>Source Files</Filter>
    </ClCompile>
    <ClCompile Include="base\PdfXRefStream.cpp">
      <Filter>Source Files</Filter>
    </ClCompile>
    <ClCompile Include="base\PdfXRefStreamParserObject.cpp">
      <Filter>Source Files</Filter>
    </ClCompile>
    <ClCompile Include="base\PdfArray.cpp">
      <Filter>Source Files</Filter>
    </ClCompile>
    <ClCompile Include="base\PdfCanvas.cpp">
      <Filter>Source Files</Filter>
    </ClCompile>
    <ClCompile Include="base\PdfColor.cpp">
      <Filter>Source Files</Filter>
    </ClCompile>
    <ClCompile Include="base\PdfContentsTokenizer.cpp">
      <Filter>Source Files</Filter>
    </ClCompile>
    <ClCompile Include="base\PdfData.cpp">
      <Filter>Source Files</Filter>
    </ClCompile>
    <ClCompile Include="base\PdfDataType.cpp">
      <Filter>Source Files</Filter>
    </ClCompile>
    <ClCompile Include="base\PdfDate.cpp">
      <Filter>Source Files</Filter>
    </ClCompile>
    <ClCompile Include="base\PdfDictionary.cpp">
      <Filter>Source Files</Filter>
    </ClCompile>
    <ClCompile Include="base\PdfEncoding.cpp">
      <Filter>Source Files</Filter>
    </ClCompile>
    <ClCompile Include="base\PdfEncodingFactory.cpp">
      <Filter>Source Files</Filter>
    </ClCompile>
    <ClCompile Include="base\PdfEncrypt.cpp">
      <Filter>Source Files</Filter>
    </ClCompile>
    <ClCompile Include="base\PdfError.cpp">
      <Filter>Source Files</Filter>
    </ClCompile>
    <ClCompile Include="base\PdfFileStream.cpp">
      <Filter>Source Files</Filter>
    </ClCompile>
    <ClCompile Include="base\PdfFilter.cpp">
      <Filter>Source Files</Filter>
    </ClCompile>
    <ClCompile Include="base\PdfFiltersPrivate.cpp">
      <Filter>Source Files</Filter>
    </ClCompile>
    <ClCompile Include="base\PdfImmediateWriter.cpp">
      <Filter>Source Files</Filter>
    </ClCompile>
    <ClCompile Include="base\PdfInputDevice.cpp">
      <Filter>Source Files</Filter>
    </ClCompile>
    <ClCompile Include="base\PdfInputStream.cpp">
      <Filter>Source Files</Filter>
    </ClCompile>
    <ClCompile Include="base\PdfLocale.cpp">
      <Filter>Source Files</Filter>
    </ClCompile>
    <ClCompile Include="base\PdfMemoryManagement.cpp">
      <Filter>Source Files</Filter>
    </ClCompile>
    <ClCompile Include="base\PdfMemStream.cpp">
      <Filter>Source Files</Filter>
    </ClCompile>
    <ClCompile Include="base\PdfName.cpp">
      <Filter>Source Files</Filter>
    </ClCompile>
    <ClCompile Include="base\PdfObject.cpp">
      <Filter>Source Files</Filter>
    </ClCompile>
    <ClCompile Include="base\PdfObjectStreamParserObject.cpp">
      <Filter>Source Files</Filter>
    </ClCompile>
    <ClCompile Include="base\PdfOutputDevice.cpp">
      <Filter>Source Files</Filter>
    </ClCompile>
    <ClCompile Include="base\PdfOutputStream.cpp">
      <Filter>Source Files</Filter>
    </ClCompile>
    <ClCompile Include="base\PdfParser.cpp">
      <Filter>Source Files</Filter>
    </ClCompile>
    <ClCompile Include="base\PdfParserObject.cpp">
      <Filter>Source Files</Filter>
    </ClCompile>
    <ClCompile Include="base\PdfRect.cpp">
      <Filter>Source Files</Filter>
    </ClCompile>
    <ClCompile Include="base\PdfRefCountedBuffer.cpp">
      <Filter>Source Files</Filter>
    </ClCompile>
    <ClCompile Include="base\PdfRefCountedInputDevice.cpp">
      <Filter>Source Files</Filter>
    </ClCompile>
    <ClCompile Include="base\PdfReference.cpp">
      <Filter>Source Files</Filter>
    </ClCompile>
    <ClCompile Include="base\PdfRijndael.cpp">
      <Filter>Source Files</Filter>
    </ClCompile>
  </ItemGroup>
  <ItemGroup>
    <ClInclude Include="base\PdfContentsTokenizer.h">
      <Filter>Header Files</Filter>
    </ClInclude>
    <ClInclude Include="base\PdfData.h">
      <Filter>Header Files</Filter>
    </ClInclude>
    <ClInclude Include="base\PdfDataType.h">
      <Filter>Header Files</Filter>
    </ClInclude>
    <ClInclude Include="base\PdfDate.h">
      <Filter>Header Files</Filter>
    </ClInclude>
    <ClInclude Include="base\PdfDefines.h">
      <Filter>Header Files</Filter>
    </ClInclude>
    <ClInclude Include="base\PdfDefinesPrivate.h">
      <Filter>Header Files</Filter>
    </ClInclude>
    <ClInclude Include="base\PdfDictionary.h">
      <Filter>Header Files</Filter>
    </ClInclude>
    <ClInclude Include="base\PdfEncoding.h">
      <Filter>Header Files</Filter>
    </ClInclude>
    <ClInclude Include="base\PdfEncodingFactory.h">
      <Filter>Header Files</Filter>
    </ClInclude>
    <ClInclude Include="base\PdfEncrypt.h">
      <Filter>Header Files</Filter>
    </ClInclude>
    <ClInclude Include="base\PdfError.h">
      <Filter>Header Files</Filter>
    </ClInclude>
    <ClInclude Include="base\PdfFileStream.h">
      <Filter>Header Files</Filter>
    </ClInclude>
    <ClInclude Include="base\PdfFilter.h">
      <Filter>Header Files</Filter>
    </ClInclude>
    <ClInclude Include="base\PdfFiltersPrivate.h">
      <Filter>Header Files</Filter>
    </ClInclude>
    <ClInclude Include="base\PdfImmediateWriter.h">
      <Filter>Header Files</Filter>
    </ClInclude>
    <ClInclude Include="base\PdfInputDevice.h">
      <Filter>Header Files</Filter>
    </ClInclude>
    <ClInclude Include="base\PdfInputStream.h">
      <Filter>Header Files</Filter>
    </ClInclude>
    <ClInclude Include="base\PdfLocale.h">
      <Filter>Header Files</Filter>
    </ClInclude>
    <ClInclude Include="base\PdfMemoryManagement.h">
      <Filter>Header Files</Filter>
    </ClInclude>
    <ClInclude Include="base\PdfMemStream.h">
      <Filter>Header Files</Filter>
    </ClInclude>
    <ClInclude Include="base\PdfName.h">
      <Filter>Header Files</Filter>
    </ClInclude>
    <ClInclude Include="base\PdfObject.h">
      <Filter>Header Files</Filter>
    </ClInclude>
    <ClInclude Include="base\PdfObjectStreamParserObject.h">
      <Filter>Header Files</Filter>
    </ClInclude>
    <ClInclude Include="base\PdfOutputDevice.h">
      <Filter>Header Files</Filter>
    </ClInclude>
    <ClInclude Include="base\PdfOutputStream.h">
      <Filter>Header Files</Filter>
    </ClInclude>
    <ClInclude Include="base\PdfParser.h">
      <Filter>Header Files</Filter>
    </ClInclude>
    <ClInclude Include="base\PdfParserObject.h">
      <Filter>Header Files</Filter>
    </ClInclude>
    <ClInclude Include="base\PdfRect.h">
      <Filter>Header Files</Filter>
    </ClInclude>
    <ClInclude Include="base\PdfRefCountedBuffer.h">
      <Filter>Header Files</Filter>
    </ClInclude>
    <ClInclude Include="base\PdfRefCountedInputDevice.h">
      <Filter>Header Files</Filter>
    </ClInclude>
    <ClInclude Include="base\PdfReference.h">
      <Filter>Header Files</Filter>
    </ClInclude>
    <ClInclude Include="base\PdfRijndael.h">
      <Filter>Header Files</Filter>
    </ClInclude>
    <ClInclude Include="base\PdfStream.h">
      <Filter>Header Files</Filter>
    </ClInclude>
    <ClInclude Include="base\PdfString.h">
      <Filter>Header Files</Filter>
    </ClInclude>
    <ClInclude Include="base\PdfTokenizer.h">
      <Filter>Header Files</Filter>
    </ClInclude>
    <ClInclude Include="base\PdfVariant.h">
      <Filter>Header Files</Filter>
    </ClInclude>
    <ClInclude Include="base\PdfVecObjects.h">
      <Filter>Header Files</Filter>
    </ClInclude>
    <ClInclude Include="base\PdfVersion.h">
      <Filter>Header Files</Filter>
    </ClInclude>
    <ClInclude Include="base\PdfWriter.h">
      <Filter>Header Files</Filter>
    </ClInclude>
    <ClInclude Include="base\PdfXRef.h">
      <Filter>Header Files</Filter>
    </ClInclude>
    <ClInclude Include="base\PdfXRefStream.h">
      <Filter>Header Files</Filter>
    </ClInclude>
    <ClInclude Include="base\PdfXRefStreamParserObject.h">
      <Filter>Header Files</Filter>
    </ClInclude>
    <ClInclude Include="base\Pdf3rdPtyForwardDecl.h">
      <Filter>Header Files</Filter>
    </ClInclude>
    <ClInclude Include="base\PdfArray.h">
      <Filter>Header Files</Filter>
    </ClInclude>
    <ClInclude Include="base\PdfCanvas.h">
      <Filter>Header Files</Filter>
    </ClInclude>
    <ClInclude Include="base\PdfColor.h">
      <Filter>Header Files</Filter>
    </ClInclude>
    <ClInclude Include="base\PdfCompilerCompat.h">
      <Filter>Header Files</Filter>
    </ClInclude>
    <ClInclude Include="base\PdfCompilerCompatPrivate.h">
      <Filter>Header Files</Filter>
    </ClInclude>
    <ClInclude Include="podofo_config.h" />
    <ClInclude Include="base\podofoapi.h" />
    <ClInclude Include="podofo-base.h" />
  </ItemGroup>
</Project>