
Microsoft Visual Studio Solution File, Format Version 12.00
# Visual Studio 14
VisualStudioVersion = 14.0.25420.1
MinimumVisualStudioVersion = 10.0.40219.1
Project("{8BC9CEB8-8B4A-11D0-8D11-00A0C91BC942}") = "zlib", "zlib\zlib.vcxproj", "{B6B31E79-633D-4C8B-8BEB-98E90394BC90}"
EndProject
Project("{8BC9CEB8-8B4A-11D0-8D11-00A0C91BC942}") = "libtiff", "libtiff\libtiff.vcxproj", "{1D6F8728-4BE8-4142-95E7-7430D3891C72}"
	ProjectSection(ProjectDependencies) = postProject
		{EBA2AE0F-2BBC-406D-9A34-3BC8EA89D5CF} = {EBA2AE0F-2BBC-406D-9A34-3BC8EA89D5CF}
		{41F12953-3463-4CE0-B2E0-26EDD6948ED9} = {41F12953-3463-4CE0-B2E0-26EDD6948ED9}
		{B6B31E79-633D-4C8B-8BEB-98E90394BC90} = {B6B31E79-633D-4C8B-8BEB-98E90394BC90}
	EndProjectSection
EndProject
Project("{8BC9CEB8-8B4A-11D0-8D11-00A0C91BC942}") = "libjpeg", "libjpeg\libjpeg.vcxproj", "{EBA2AE0F-2BBC-406D-9A34-3BC8EA89D5CF}"
	ProjectSection(ProjectDependencies) = postProject
		{B6B31E79-633D-4C8B-8BEB-98E90394BC90} = {B6B31E79-633D-4C8B-8BEB-98E90394BC90}
	EndProjectSection
EndProject
Project("{8BC9CEB8-8B4A-11D0-8D11-00A0C91BC942}") = "giflib", "giflib\giflib.vcxproj", "{41F12953-3463-4CE0-B2E0-26EDD6948ED9}"
	ProjectSection(ProjectDependencies) = postProject
		{B6B31E79-633D-4C8B-8BEB-98E90394BC90} = {B6B31E79-633D-4C8B-8BEB-98E90394BC90}
	EndProjectSection
EndProject
Project("{8BC9CEB8-8B4A-11D0-8D11-00A0C91BC942}") = "libpng", "libpng\libpng.vcxproj", "{CFE7F335-BE15-417C-9498-98E79F9EB18E}"
	ProjectSection(ProjectDependencies) = postProject
		{B6B31E79-633D-4C8B-8BEB-98E90394BC90} = {B6B31E79-633D-4C8B-8BEB-98E90394BC90}
	EndProjectSection
EndProject
Project("{2150E333-8FDC-42A3-9474-1A3956D46DE8}") = "Solution Items", "Solution Items", "{13C52E7A-94B0-4B2F-AFEC-EAF2218B77D8}"
	ProjectSection(SolutionItems) = preProject
		README.md = README.md
	EndProjectSection
EndProject
Project("{8BC9CEB8-8B4A-11D0-8D11-00A0C91BC942}") = "openjpeg", "openjpeg\openjpeg.vcxproj", "{6B46ED03-25FE-475D-A93C-34AEA797571F}"
EndProject
Project("{8BC9CEB8-8B4A-11D0-8D11-00A0C91BC942}") = "jbig2enc", "jbig2enc\jbig2enc.vcxproj", "{D33C0167-4770-4E79-8621-D66BAD363D26}"
	ProjectSection(ProjectDependencies) = postProject
		{E6961845-0D83-4CB0-9928-064E63D90FF2} = {E6961845-0D83-4CB0-9928-064E63D90FF2}
	EndProjectSection
EndProject
Project("{8BC9CEB8-8B4A-11D0-8D11-00A0C91BC942}") = "liblept", "liblept\liblept.vcxproj", "{E6961845-0D83-4CB0-9928-064E63D90FF2}"
	ProjectSection(ProjectDependencies) = postProject
		{6B46ED03-25FE-475D-A93C-34AEA797571F} = {6B46ED03-25FE-475D-A93C-34AEA797571F}
		{EBA2AE0F-2BBC-406D-9A34-3BC8EA89D5CF} = {EBA2AE0F-2BBC-406D-9A34-3BC8EA89D5CF}
		{37AD3712-9022-4665-BB77-0CC8B2B49D8A} = {37AD3712-9022-4665-BB77-0CC8B2B49D8A}
		{1D6F8728-4BE8-4142-95E7-7430D3891C72} = {1D6F8728-4BE8-4142-95E7-7430D3891C72}
		{CFE7F335-BE15-417C-9498-98E79F9EB18E} = {CFE7F335-BE15-417C-9498-98E79F9EB18E}
		{41F12953-3463-4CE0-B2E0-26EDD6948ED9} = {41F12953-3463-4CE0-B2E0-26EDD6948ED9}
		{B6B31E79-633D-4C8B-8BEB-98E90394BC90} = {B6B31E79-633D-4C8B-8BEB-98E90394BC90}
	EndProjectSection
EndProject
Project("{8BC9CEB8-8B4A-11D0-8D11-00A0C91BC942}") = "libwebp", "libwebp\libwebp.vcxproj", "{37AD3712-9022-4665-BB77-0CC8B2B49D8A}"
EndProject
Global
	GlobalSection(SolutionConfigurationPlatforms) = preSolution
		Debug|x64 = Debug|x64
		Debug|x86 = Debug|x86
		Release|x64 = Release|x64
		Release|x86 = Release|x86
	EndGlobalSection
	GlobalSection(ProjectConfigurationPlatforms) = postSolution
		{B6B31E79-633D-4C8B-8BEB-98E90394BC90}.Debug|x64.ActiveCfg = Debug|x64
		{B6B31E79-633D-4C8B-8BEB-98E90394BC90}.Debug|x64.Build.0 = Debug|x64
		{B6B31E79-633D-4C8B-8BEB-98E90394BC90}.Debug|x86.ActiveCfg = Debug|Win32
		{B6B31E79-633D-4C8B-8BEB-98E90394BC90}.Debug|x86.Build.0 = Debug|Win32
		{B6B31E79-633D-4C8B-8BEB-98E90394BC90}.Release|x64.ActiveCfg = Release|x64
		{B6B31E79-633D-4C8B-8BEB-98E90394BC90}.Release|x64.Build.0 = Release|x64
		{B6B31E79-633D-4C8B-8BEB-98E90394BC90}.Release|x86.ActiveCfg = Release|Win32
		{B6B31E79-633D-4C8B-8BEB-98E90394BC90}.Release|x86.Build.0 = Release|Win32
		{1D6F8728-4BE8-4142-95E7-7430D3891C72}.Debug|x64.ActiveCfg = Debug|x64
		{1D6F8728-4BE8-4142-95E7-7430D3891C72}.Debug|x64.Build.0 = Debug|x64
		{1D6F8728-4BE8-4142-95E7-7430D3891C72}.Debug|x86.ActiveCfg = Debug|Win32
		{1D6F8728-4BE8-4142-95E7-7430D3891C72}.Debug|x86.Build.0 = Debug|Win32
		{1D6F8728-4BE8-4142-95E7-7430D3891C72}.Release|x64.ActiveCfg = Release|x64
		{1D6F8728-4BE8-4142-95E7-7430D3891C72}.Release|x64.Build.0 = Release|x64
		{1D6F8728-4BE8-4142-95E7-7430D3891C72}.Release|x86.ActiveCfg = Release|Win32
		{1D6F8728-4BE8-4142-95E7-7430D3891C72}.Release|x86.Build.0 = Release|Win32
		{EBA2AE0F-2BBC-406D-9A34-3BC8EA89D5CF}.Debug|x64.ActiveCfg = Debug|x64
		{EBA2AE0F-2BBC-406D-9A34-3BC8EA89D5CF}.Debug|x64.Build.0 = Debug|x64
		{EBA2AE0F-2BBC-406D-9A34-3BC8EA89D5CF}.Debug|x86.ActiveCfg = Debug|Win32
		{EBA2AE0F-2BBC-406D-9A34-3BC8EA89D5CF}.Debug|x86.Build.0 = Debug|Win32
		{EBA2AE0F-2BBC-406D-9A34-3BC8EA89D5CF}.Release|x64.ActiveCfg = Release|x64
		{EBA2AE0F-2BBC-406D-9A34-3BC8EA89D5CF}.Release|x64.Build.0 = Release|x64
		{EBA2AE0F-2BBC-406D-9A34-3BC8EA89D5CF}.Release|x86.ActiveCfg = Release|Win32
		{EBA2AE0F-2BBC-406D-9A34-3BC8EA89D5CF}.Release|x86.Build.0 = Release|Win32
		{41F12953-3463-4CE0-B2E0-26EDD6948ED9}.Debug|x64.ActiveCfg = Debug|x64
		{41F12953-3463-4CE0-B2E0-26EDD6948ED9}.Debug|x64.Build.0 = Debug|x64
		{41F12953-3463-4CE0-B2E0-26EDD6948ED9}.Debug|x86.ActiveCfg = Debug|Win32
		{41F12953-3463-4CE0-B2E0-26EDD6948ED9}.Debug|x86.Build.0 = Debug|Win32
		{41F12953-3463-4CE0-B2E0-26EDD6948ED9}.Release|x64.ActiveCfg = Release|x64
		{41F12953-3463-4CE0-B2E0-26EDD6948ED9}.Release|x64.Build.0 = Release|x64
		{41F12953-3463-4CE0-B2E0-26EDD6948ED9}.Release|x86.ActiveCfg = Release|Win32
		{41F12953-3463-4CE0-B2E0-26EDD6948ED9}.Release|x86.Build.0 = Release|Win32
		{CFE7F335-BE15-417C-9498-98E79F9EB18E}.Debug|x64.ActiveCfg = Debug|x64
		{CFE7F335-BE15-417C-9498-98E79F9EB18E}.Debug|x64.Build.0 = Debug|x64
		{CFE7F335-BE15-417C-9498-98E79F9EB18E}.Debug|x86.ActiveCfg = Debug|Win32
		{CFE7F335-BE15-417C-9498-98E79F9EB18E}.Debug|x86.Build.0 = Debug|Win32
		{CFE7F335-BE15-417C-9498-98E79F9EB18E}.Release|x64.ActiveCfg = Release|x64
		{CFE7F335-BE15-417C-9498-98E79F9EB18E}.Release|x64.Build.0 = Release|x64
		{CFE7F335-BE15-417C-9498-98E79F9EB18E}.Release|x86.ActiveCfg = Release|Win32
		{CFE7F335-BE15-417C-9498-98E79F9EB18E}.Release|x86.Build.0 = Release|Win32
		{6B46ED03-25FE-475D-A93C-34AEA797571F}.Debug|x64.ActiveCfg = Debug|x64
		{6B46ED03-25FE-475D-A93C-34AEA797571F}.Debug|x64.Build.0 = Debug|x64
		{6B46ED03-25FE-475D-A93C-34AEA797571F}.Debug|x86.ActiveCfg = Debug|Win32
		{6B46ED03-25FE-475D-A93C-34AEA797571F}.Debug|x86.Build.0 = Debug|Win32
		{6B46ED03-25FE-475D-A93C-34AEA797571F}.Release|x64.ActiveCfg = Release|x64
		{6B46ED03-25FE-475D-A93C-34AEA797571F}.Release|x64.Build.0 = Release|x64
		{6B46ED03-25FE-475D-A93C-34AEA797571F}.Release|x86.ActiveCfg = Release|Win32
		{6B46ED03-25FE-475D-A93C-34AEA797571F}.Release|x86.Build.0 = Release|Win32
		{D33C0167-4770-4E79-8621-D66BAD363D26}.Debug|x64.ActiveCfg = Debug|x64
		{D33C0167-4770-4E79-8621-D66BAD363D26}.Debug|x64.Build.0 = Debug|x64
		{D33C0167-4770-4E79-8621-D66BAD363D26}.Debug|x86.ActiveCfg = Debug|Win32
		{D33C0167-4770-4E79-8621-D66BAD363D26}.Debug|x86.Build.0 = Debug|Win32
		{D33C0167-4770-4E79-8621-D66BAD363D26}.Release|x64.ActiveCfg = Release|x64
		{D33C0167-4770-4E79-8621-D66BAD363D26}.Release|x64.Build.0 = Release|x64
		{D33C0167-4770-4E79-8621-D66BAD363D26}.Release|x86.ActiveCfg = Release|Win32
		{D33C0167-4770-4E79-8621-D66BAD363D26}.Release|x86.Build.0 = Release|Win32
		{E6961845-0D83-4CB0-9928-064E63D90FF2}.Debug|x64.ActiveCfg = Debug|x64
		{E6961845-0D83-4CB0-9928-064E63D90FF2}.Debug|x64.Build.0 = Debug|x64
		{E6961845-0D83-4CB0-9928-064E63D90FF2}.Debug|x86.ActiveCfg = Debug|Win32
		{E6961845-0D83-4CB0-9928-064E63D90FF2}.Debug|x86.Build.0 = Debug|Win32
		{E6961845-0D83-4CB0-9928-064E63D90FF2}.Release|x64.ActiveCfg = Release|x64
		{E6961845-0D83-4CB0-9928-064E63D90FF2}.Release|x64.Build.0 = Release|x64
		{E6961845-0D83-4CB0-9928-064E63D90FF2}.Release|x86.ActiveCfg = Release|Win32
		{E6961845-0D83-4CB0-9928-064E63D90FF2}.Release|x86.Build.0 = Release|Win32
		{37AD3712-9022-4665-BB77-0CC8B2B49D8A}.Debug|x64.ActiveCfg = Debug|x64
		{37AD3712-9022-4665-BB77-0CC8B2B49D8A}.Debug|x64.Build.0 = Debug|x64
		{37AD3712-9022-4665-BB77-0CC8B2B49D8A}.Debug|x86.ActiveCfg = Debug|Win32
		{37AD3712-9022-4665-BB77-0CC8B2B49D8A}.Debug|x86.Build.0 = Debug|Win32
		{37AD3712-9022-4665-BB77-0CC8B2B49D8A}.Release|x64.ActiveCfg = Release|x64
		{37AD3712-9022-4665-BB77-0CC8B2B49D8A}.Release|x64.Build.0 = Release|x64
		{37AD3712-9022-4665-BB77-0CC8B2B49D8A}.Release|x86.ActiveCfg = Release|Win32
		{37AD3712-9022-4665-BB77-0CC8B2B49D8A}.Release|x86.Build.0 = Release|Win32
	EndGlobalSection
	GlobalSection(SolutionProperties) = preSolution
		HideSolutionNode = FALSE
	EndGlobalSection
EndGlobal
