<?xml version="1.0" encoding="utf-8"?>
<Project ToolsVersion="4.0" xmlns="http://schemas.microsoft.com/developer/msbuild/2003">
  <ItemGroup>
    <Filter Include="Source Files">
      <UniqueIdentifier>{4FC737F1-C7A5-4376-A066-2A32D752A2FF}</UniqueIdentifier>
      <Extensions>cpp;c;cc;cxx;def;odl;idl;hpj;bat;asm;asmx</Extensions>
    </Filter>
    <Filter Include="Header Files">
      <UniqueIdentifier>{93995380-89BD-4b04-88EB-625FBE52EBFB}</UniqueIdentifier>
      <Extensions>h;hh;hpp;hxx;hm;inl;inc;xsd</Extensions>
    </Filter>
  </ItemGroup>
  <ItemGroup>
    <ClInclude Include="src\lib\openjp2\bio.h">
      <Filter>Header Files</Filter>
    </ClInclude>
    <ClInclude Include="src\lib\openjp2\cio.h">
      <Filter>Header Files</Filter>
    </ClInclude>
    <ClInclude Include="src\lib\openjp2\dwt.h">
      <Filter>Header Files</Filter>
    </ClInclude>
    <ClInclude Include="src\lib\openjp2\event.h">
      <Filter>Header Files</Filter>
    </ClInclude>
    <ClInclude Include="src\lib\openjp2\function_list.h">
      <Filter>Header Files</Filter>
    </ClInclude>
    <ClInclude Include="src\lib\openjp2\image.h">
      <Filter>Header Files</Filter>
    </ClInclude>
    <ClInclude Include="src\lib\openjp2\indexbox_manager.h">
      <Filter>Header Files</Filter>
    </ClInclude>
    <ClInclude Include="src\lib\openjp2\invert.h">
      <Filter>Header Files</Filter>
    </ClInclude>
    <ClInclude Include="src\lib\openjp2\j2k.h">
      <Filter>Header Files</Filter>
    </ClInclude>
    <ClInclude Include="src\lib\openjp2\jp2.h">
      <Filter>Header Files</Filter>
    </ClInclude>
    <ClInclude Include="src\lib\openjp2\mct.h">
      <Filter>Header Files</Filter>
    </ClInclude>
    <ClInclude Include="src\lib\openjp2\mqc.h">
      <Filter>Header Files</Filter>
    </ClInclude>
    <ClInclude Include="src\lib\openjp2\openjpeg.h">
      <Filter>Header Files</Filter>
    </ClInclude>
    <ClInclude Include="src\lib\openjp2\opj_clock.h">
      <Filter>Header Files</Filter>
    </ClInclude>
    <ClInclude Include="src\lib\openjp2\opj_codec.h">
      <Filter>Header Files</Filter>
    </ClInclude>
    <ClInclude Include="src\lib\openjp2\opj_includes.h">
      <Filter>Header Files</Filter>
    </ClInclude>
    <ClInclude Include="src\lib\openjp2\opj_intmath.h">
      <Filter>Header Files</Filter>
    </ClInclude>
    <ClInclude Include="src\lib\openjp2\opj_inttypes.h">
      <Filter>Header Files</Filter>
    </ClInclude>
    <ClInclude Include="src\lib\openjp2\opj_malloc.h">
      <Filter>Header Files</Filter>
    </ClInclude>
    <ClInclude Include="src\lib\openjp2\pi.h">
      <Filter>Header Files</Filter>
    </ClInclude>
    <ClInclude Include="src\lib\openjp2\raw.h">
      <Filter>Header Files</Filter>
    </ClInclude>
    <ClInclude Include="src\lib\openjp2\t1.h">
      <Filter>Header Files</Filter>
    </ClInclude>
    <ClInclude Include="src\lib\openjp2\t1_luts.h">
      <Filter>Header Files</Filter>
    </ClInclude>
    <ClInclude Include="src\lib\openjp2\t2.h">
      <Filter>Header Files</Filter>
    </ClInclude>
    <ClInclude Include="src\lib\openjp2\tcd.h">
      <Filter>Header Files</Filter>
    </ClInclude>
    <ClInclude Include="src\lib\openjp2\tgt.h">
      <Filter>Header Files</Filter>
    </ClInclude>
    <ClInclude Include="src\lib\openjp2\opj_stdint.h">
      <Filter>Header Files</Filter>
    </ClInclude>
    <ClInclude Include="src\lib\openjp2\opj_config_private.h" />
    <ClInclude Include="src\lib\openjp2\opj_config.h" />
  </ItemGroup>
  <ItemGroup>
    <ClCompile Include="src\lib\openjp2\bio.c">
      <Filter>Source Files</Filter>
    </ClCompile>
    <ClCompile Include="src\lib\openjp2\cio.c">
      <Filter>Source Files</Filter>
    </ClCompile>
    <ClCompile Include="src\lib\openjp2\dwt.c">
      <Filter>Source Files</Filter>
    </ClCompile>
    <ClCompile Include="src\lib\openjp2\event.c">
      <Filter>Source Files</Filter>
    </ClCompile>
    <ClCompile Include="src\lib\openjp2\function_list.c">
      <Filter>Source Files</Filter>
    </ClCompile>
    <ClCompile Include="src\lib\openjp2\image.c">
      <Filter>Source Files</Filter>
    </ClCompile>
    <ClCompile Include="src\lib\openjp2\invert.c">
      <Filter>Source Files</Filter>
    </ClCompile>
    <ClCompile Include="src\lib\openjp2\j2k.c">
      <Filter>Source Files</Filter>
    </ClCompile>
    <ClCompile Include="src\lib\openjp2\jp2.c">
      <Filter>Source Files</Filter>
    </ClCompile>
    <ClCompile Include="src\lib\openjp2\mct.c">
      <Filter>Source Files</Filter>
    </ClCompile>
    <ClCompile Include="src\lib\openjp2\mqc.c">
      <Filter>Source Files</Filter>
    </ClCompile>
    <ClCompile Include="src\lib\openjp2\openjpeg.c">
      <Filter>Source Files</Filter>
    </ClCompile>
    <ClCompile Include="src\lib\openjp2\opj_clock.c">
      <Filter>Source Files</Filter>
    </ClCompile>
    <ClCompile Include="src\lib\openjp2\pi.c">
      <Filter>Source Files</Filter>
    </ClCompile>
    <ClCompile Include="src\lib\openjp2\raw.c">
      <Filter>Source Files</Filter>
    </ClCompile>
    <ClCompile Include="src\lib\openjp2\t1.c">
      <Filter>Source Files</Filter>
    </ClCompile>
    <ClCompile Include="src\lib\openjp2\t1_generate_luts.c">
      <Filter>Source Files</Filter>
    </ClCompile>
    <ClCompile Include="src\lib\openjp2\t2.c">
      <Filter>Source Files</Filter>
    </ClCompile>
    <ClCompile Include="src\lib\openjp2\tcd.c">
      <Filter>Source Files</Filter>
    </ClCompile>
    <ClCompile Include="src\lib\openjp2\tgt.c">
      <Filter>Source Files</Filter>
    </ClCompile>
  </ItemGroup>
  <ItemGroup>
    <None Include="AUTHORS" />
    <None Include="CHANGES" />
    <None Include="INSTALL" />
    <None Include="LICENSE" />
    <None Include="NEWS" />
    <None Include="README" />
    <None Include="THANKS" />
  </ItemGroup>
</Project>