<?xml version="1.0" encoding="utf-8"?>
<Project ToolsVersion="4.0" xmlns="http://schemas.microsoft.com/developer/msbuild/2003">
  <ItemGroup>
    <ClCompile Include="src\jaricom.c">
      <Filter>Source Files</Filter>
    </ClCompile>
    <ClCompile Include="src\jcapimin.c">
      <Filter>Source Files</Filter>
    </ClCompile>
    <ClCompile Include="src\jcapistd.c">
      <Filter>Source Files</Filter>
    </ClCompile>
    <ClCompile Include="src\jcarith.c">
      <Filter>Source Files</Filter>
    </ClCompile>
    <ClCompile Include="src\jccoefct.c">
      <Filter>Source Files</Filter>
    </ClCompile>
    <ClCompile Include="src\jccolor.c">
      <Filter>Source Files</Filter>
    </ClCompile>
    <ClCompile Include="src\jcdctmgr.c">
      <Filter>Source Files</Filter>
    </ClCompile>
    <ClCompile Include="src\jchuff.c">
      <Filter>Source Files</Filter>
    </ClCompile>
    <ClCompile Include="src\jcinit.c">
      <Filter>Source Files</Filter>
    </ClCompile>
    <ClCompile Include="src\jcmainct.c">
      <Filter>Source Files</Filter>
    </ClCompile>
    <ClCompile Include="src\jcmarker.c">
      <Filter>Source Files</Filter>
    </ClCompile>
    <ClCompile Include="src\jcmaster.c">
      <Filter>Source Files</Filter>
    </ClCompile>
    <ClCompile Include="src\jcomapi.c">
      <Filter>Source Files</Filter>
    </ClCompile>
    <ClCompile Include="src\jcparam.c">
      <Filter>Source Files</Filter>
    </ClCompile>
    <ClCompile Include="src\jcprepct.c">
      <Filter>Source Files</Filter>
    </ClCompile>
    <ClCompile Include="src\jcsample.c">
      <Filter>Source Files</Filter>
    </ClCompile>
    <ClCompile Include="src\jctrans.c">
      <Filter>Source Files</Filter>
    </ClCompile>
    <ClCompile Include="src\jdapimin.c">
      <Filter>Source Files</Filter>
    </ClCompile>
    <ClCompile Include="src\jdapistd.c">
      <Filter>Source Files</Filter>
    </ClCompile>
    <ClCompile Include="src\jdarith.c">
      <Filter>Source Files</Filter>
    </ClCompile>
    <ClCompile Include="src\jdatadst.c">
      <Filter>Source Files</Filter>
    </ClCompile>
    <ClCompile Include="src\jdatasrc.c">
      <Filter>Source Files</Filter>
    </ClCompile>
    <ClCompile Include="src\jdcoefct.c">
      <Filter>Source Files</Filter>
    </ClCompile>
    <ClCompile Include="src\jdcolor.c">
      <Filter>Source Files</Filter>
    </ClCompile>
    <ClCompile Include="src\jddctmgr.c">
      <Filter>Source Files</Filter>
    </ClCompile>
    <ClCompile Include="src\jdhuff.c">
      <Filter>Source Files</Filter>
    </ClCompile>
    <ClCompile Include="src\jdinput.c">
      <Filter>Source Files</Filter>
    </ClCompile>
    <ClCompile Include="src\jdmainct.c">
      <Filter>Source Files</Filter>
    </ClCompile>
    <ClCompile Include="src\jdmarker.c">
      <Filter>Source Files</Filter>
    </ClCompile>
    <ClCompile Include="src\jdmaster.c">
      <Filter>Source Files</Filter>
    </ClCompile>
    <ClCompile Include="src\jdmerge.c">
      <Filter>Source Files</Filter>
    </ClCompile>
    <ClCompile Include="src\jdpostct.c">
      <Filter>Source Files</Filter>
    </ClCompile>
    <ClCompile Include="src\jdsample.c">
      <Filter>Source Files</Filter>
    </ClCompile>
    <ClCompile Include="src\jdtrans.c">
      <Filter>Source Files</Filter>
    </ClCompile>
    <ClCompile Include="src\jerror.c">
      <Filter>Source Files</Filter>
    </ClCompile>
    <ClCompile Include="src\jfdctflt.c">
      <Filter>Source Files</Filter>
    </ClCompile>
    <ClCompile Include="src\jfdctfst.c">
      <Filter>Source Files</Filter>
    </ClCompile>
    <ClCompile Include="src\jfdctint.c">
      <Filter>Source Files</Filter>
    </ClCompile>
    <ClCompile Include="src\jidctflt.c">
      <Filter>Source Files</Filter>
    </ClCompile>
    <ClCompile Include="src\jidctfst.c">
      <Filter>Source Files</Filter>
    </ClCompile>
    <ClCompile Include="src\jidctint.c">
      <Filter>Source Files</Filter>
    </ClCompile>
    <ClCompile Include="src\jmemmgr.c">
      <Filter>Source Files</Filter>
    </ClCompile>
    <ClCompile Include="src\jmemnobs.c">
      <Filter>Source Files</Filter>
    </ClCompile>
    <ClCompile Include="src\jquant1.c">
      <Filter>Source Files</Filter>
    </ClCompile>
    <ClCompile Include="src\jquant2.c">
      <Filter>Source Files</Filter>
    </ClCompile>
    <ClCompile Include="src\jutils.c">
      <Filter>Source Files</Filter>
    </ClCompile>
  </ItemGroup>
  <ItemGroup>
    <ClInclude Include="include\jconfig.h">
      <Filter>Header Files</Filter>
    </ClInclude>
    <ClInclude Include="include\jdct.h">
      <Filter>Header Files</Filter>
    </ClInclude>
    <ClInclude Include="include\jerror.h">
      <Filter>Header Files</Filter>
    </ClInclude>
    <ClInclude Include="include\jinclude.h">
      <Filter>Header Files</Filter>
    </ClInclude>
    <ClInclude Include="include\jmemsys.h">
      <Filter>Header Files</Filter>
    </ClInclude>
    <ClInclude Include="include\jmorecfg.h">
      <Filter>Header Files</Filter>
    </ClInclude>
    <ClInclude Include="include\jpegint.h">
      <Filter>Header Files</Filter>
    </ClInclude>
    <ClInclude Include="include\jpeglib.h">
      <Filter>Header Files</Filter>
    </ClInclude>
    <ClInclude Include="include\jversion.h">
      <Filter>Header Files</Filter>
    </ClInclude>
  </ItemGroup>
  <ItemGroup>
    <Filter Include="Header Files">
      <UniqueIdentifier>{74a043b4-0f7a-48cd-879a-7e527879a6f2}</UniqueIdentifier>
    </Filter>
    <Filter Include="Source Files">
      <UniqueIdentifier>{d64d8493-8545-47e8-ad10-a262d7a5f8bd}</UniqueIdentifier>
    </Filter>
  </ItemGroup>
</Project>