<?xml version="1.0" encoding="utf-8"?>
<Project ToolsVersion="4.0" xmlns="http://schemas.microsoft.com/developer/msbuild/2003">
  <ItemGroup>
    <Filter Include="Source Files">
      <UniqueIdentifier>{4FC737F1-C7A5-4376-A066-2A32D752A2FF}</UniqueIdentifier>
      <Extensions>cpp;c;cc;cxx;def;odl;idl;hpj;bat;asm;asmx</Extensions>
    </Filter>
    <Filter Include="Source Files\api">
      <UniqueIdentifier>{c0b3e237-ffe5-4365-b2c6-c6dec3d15ac9}</UniqueIdentifier>
    </Filter>
    <Filter Include="Source Files\ccmain">
      <UniqueIdentifier>{a0906542-0762-4a75-a32f-d140ce12d998}</UniqueIdentifier>
    </Filter>
    <Filter Include="Source Files\dict">
      <UniqueIdentifier>{c67b2721-4b8e-4a69-98ac-f77a06b60d60}</UniqueIdentifier>
    </Filter>
    <Filter Include="Source Files\cutil">
      <UniqueIdentifier>{4b711adf-37b9-4c0b-9157-b6a57b6c44d2}</UniqueIdentifier>
    </Filter>
    <Filter Include="Source Files\classify">
      <UniqueIdentifier>{debb2ca3-d855-4a5a-b404-c5e6483498c1}</UniqueIdentifier>
    </Filter>
    <Filter Include="Source Files\ccutil">
      <UniqueIdentifier>{c8a4571e-b742-430f-b1ed-8a03c98f63a0}</UniqueIdentifier>
    </Filter>
    <Filter Include="Source Files\ccstruct">
      <UniqueIdentifier>{52284bce-7618-460a-a00f-66fb799bb7e4}</UniqueIdentifier>
    </Filter>
    <Filter Include="Source Files\textord">
      <UniqueIdentifier>{729f8848-db8a-4f11-8cdb-38a30f547178}</UniqueIdentifier>
    </Filter>
    <Filter Include="Source Files\wordrec">
      <UniqueIdentifier>{3671e071-0d63-4fa8-80e5-162e1a945d7c}</UniqueIdentifier>
    </Filter>
    <Filter Include="Source Files\opencl">
      <UniqueIdentifier>{cee5f143-4c62-4436-825a-483972d90275}</UniqueIdentifier>
    </Filter>
    <Filter Include="Source Files\viewer">
      <UniqueIdentifier>{14e88ac3-72de-4ed9-9fc4-224312eff4b3}</UniqueIdentifier>
    </Filter>
    <Filter Include="Source Files\arch">
      <UniqueIdentifier>{3fdb73f3-c26a-40fc-806a-70809421633d}</UniqueIdentifier>
    </Filter>
    <Filter Include="Source Files\lstm">
      <UniqueIdentifier>{762217e8-30a8-42bb-a033-c16fdf08e979}</UniqueIdentifier>
    </Filter>
  </ItemGroup>
  <ItemGroup>
    <None Include="..\tesseract_4.1\AUTHORS" />
    <None Include="..\tesseract_4.1\ChangeLog" />
    <None Include="..\tesseract_4.1\INSTALL" />
    <None Include="..\tesseract_4.1\README.md" />
    <None Include="..\tesseract_4.1\src\ccmain\Makefile.am">
      <Filter>Source Files\ccmain</Filter>
    </None>
    <None Include="..\tesseract_4.1\src\ccstruct\Makefile.am">
      <Filter>Source Files\ccstruct</Filter>
    </None>
    <None Include="..\tesseract_4.1\src\ccutil\Makefile.am">
      <Filter>Source Files\ccutil</Filter>
    </None>
    <None Include="..\tesseract_4.1\src\classify\Makefile.am">
      <Filter>Source Files\classify</Filter>
    </None>
    <None Include="..\tesseract_4.1\src\textord\Makefile.am">
      <Filter>Source Files\textord</Filter>
    </None>
    <None Include="..\tesseract_4.1\VERSION" />
    <None Include="..\tesseract_4.1\src\lstm\generate_lut.py">
      <Filter>Source Files\lstm</Filter>
    </None>
  </ItemGroup>
  <ItemGroup>
    <ClCompile Include="..\tesseract_4.1\src\opencl\openclwrapper.cpp">
      <Filter>Source Files\opencl</Filter>
    </ClCompile>
    <ClCompile Include="..\tesseract_4.1\src\viewer\scrollview.cpp">
      <Filter>Source Files\viewer</Filter>
    </ClCompile>
    <ClCompile Include="..\tesseract_4.1\src\viewer\svmnode.cpp">
      <Filter>Source Files\viewer</Filter>
    </ClCompile>
    <ClCompile Include="..\tesseract_4.1\src\viewer\svpaint.cpp">
      <Filter>Source Files\viewer</Filter>
    </ClCompile>
    <ClCompile Include="..\tesseract_4.1\src\viewer\svutil.cpp">
      <Filter>Source Files\viewer</Filter>
    </ClCompile>
    <ClCompile Include="..\tesseract_4.1\src\arch\dotproduct.cpp">
      <Filter>Source Files\arch</Filter>
    </ClCompile>
    <ClCompile Include="..\tesseract_4.1\src\arch\intsimdmatrix.cpp">
      <Filter>Source Files\arch</Filter>
    </ClCompile>
    <ClCompile Include="..\tesseract_4.1\src\arch\simddetect.cpp">
      <Filter>Source Files\arch</Filter>
    </ClCompile>
    <ClCompile Include="..\tesseract_4.1\src\ccmain\paramsd.cpp">
      <Filter>Source Files\ccmain</Filter>
    </ClCompile>
    <ClCompile Include="..\tesseract_4.1\src\ccmain\pgedit.cpp">
      <Filter>Source Files\ccmain</Filter>
    </ClCompile>
    <ClCompile Include="..\tesseract_4.1\src\ccmain\recogtraining.cpp">
      <Filter>Source Files\ccmain</Filter>
    </ClCompile>
    <ClCompile Include="..\tesseract_4.1\src\ccmain\reject.cpp">
      <Filter>Source Files\ccmain</Filter>
    </ClCompile>
    <ClCompile Include="..\tesseract_4.1\src\ccmain\resultiterator.cpp">
      <Filter>Source Files\ccmain</Filter>
    </ClCompile>
    <ClCompile Include="..\tesseract_4.1\src\ccmain\superscript.cpp">
      <Filter>Source Files\ccmain</Filter>
    </ClCompile>
    <ClCompile Include="..\tesseract_4.1\src\ccmain\tessbox.cpp">
      <Filter>Source Files\ccmain</Filter>
    </ClCompile>
    <ClCompile Include="..\tesseract_4.1\src\ccmain\tessedit.cpp">
      <Filter>Source Files\ccmain</Filter>
    </ClCompile>
    <ClCompile Include="..\tesseract_4.1\src\ccmain\tesseractclass.cpp">
      <Filter>Source Files\ccmain</Filter>
    </ClCompile>
    <ClCompile Include="..\tesseract_4.1\src\ccmain\tessvars.cpp">
      <Filter>Source Files\ccmain</Filter>
    </ClCompile>
    <ClCompile Include="..\tesseract_4.1\src\ccmain\tfacepp.cpp">
      <Filter>Source Files\ccmain</Filter>
    </ClCompile>
    <ClCompile Include="..\tesseract_4.1\src\ccmain\thresholder.cpp">
      <Filter>Source Files\ccmain</Filter>
    </ClCompile>
    <ClCompile Include="..\tesseract_4.1\src\ccmain\werdit.cpp">
      <Filter>Source Files\ccmain</Filter>
    </ClCompile>
    <ClCompile Include="..\tesseract_4.1\src\ccmain\adaptions.cpp">
      <Filter>Source Files\ccmain</Filter>
    </ClCompile>
    <ClCompile Include="..\tesseract_4.1\src\ccmain\applybox.cpp">
      <Filter>Source Files\ccmain</Filter>
    </ClCompile>
    <ClCompile Include="..\tesseract_4.1\src\ccmain\control.cpp">
      <Filter>Source Files\ccmain</Filter>
    </ClCompile>
    <ClCompile Include="..\tesseract_4.1\src\ccmain\docqual.cpp">
      <Filter>Source Files\ccmain</Filter>
    </ClCompile>
    <ClCompile Include="..\tesseract_4.1\src\ccmain\equationdetect.cpp">
      <Filter>Source Files\ccmain</Filter>
    </ClCompile>
    <ClCompile Include="..\tesseract_4.1\src\ccmain\fixspace.cpp">
      <Filter>Source Files\ccmain</Filter>
    </ClCompile>
    <ClCompile Include="..\tesseract_4.1\src\ccmain\fixxht.cpp">
      <Filter>Source Files\ccmain</Filter>
    </ClCompile>
    <ClCompile Include="..\tesseract_4.1\src\ccmain\linerec.cpp">
      <Filter>Source Files\ccmain</Filter>
    </ClCompile>
    <ClCompile Include="..\tesseract_4.1\src\ccmain\ltrresultiterator.cpp">
      <Filter>Source Files\ccmain</Filter>
    </ClCompile>
    <ClCompile Include="..\tesseract_4.1\src\ccmain\mutableiterator.cpp">
      <Filter>Source Files\ccmain</Filter>
    </ClCompile>
    <ClCompile Include="..\tesseract_4.1\src\ccmain\osdetect.cpp">
      <Filter>Source Files\ccmain</Filter>
    </ClCompile>
    <ClCompile Include="..\tesseract_4.1\src\ccmain\output.cpp">
      <Filter>Source Files\ccmain</Filter>
    </ClCompile>
    <ClCompile Include="..\tesseract_4.1\src\ccmain\pageiterator.cpp">
      <Filter>Source Files\ccmain</Filter>
    </ClCompile>
    <ClCompile Include="..\tesseract_4.1\src\ccmain\pagesegmain.cpp">
      <Filter>Source Files\ccmain</Filter>
    </ClCompile>
    <ClCompile Include="..\tesseract_4.1\src\ccmain\pagewalk.cpp">
      <Filter>Source Files\ccmain</Filter>
    </ClCompile>
    <ClCompile Include="..\tesseract_4.1\src\ccmain\par_control.cpp">
      <Filter>Source Files\ccmain</Filter>
    </ClCompile>
    <ClCompile Include="..\tesseract_4.1\src\ccmain\paragraphs.cpp">
      <Filter>Source Files\ccmain</Filter>
    </ClCompile>
    <ClCompile Include="..\tesseract_4.1\src\ccstruct\boxword.cpp">
      <Filter>Source Files\ccstruct</Filter>
    </ClCompile>
    <ClCompile Include="..\tesseract_4.1\src\ccstruct\ccstruct.cpp">
      <Filter>Source Files\ccstruct</Filter>
    </ClCompile>
    <ClCompile Include="..\tesseract_4.1\src\ccstruct\coutln.cpp">
      <Filter>Source Files\ccstruct</Filter>
    </ClCompile>
    <ClCompile Include="..\tesseract_4.1\src\ccstruct\detlinefit.cpp">
      <Filter>Source Files\ccstruct</Filter>
    </ClCompile>
    <ClCompile Include="..\tesseract_4.1\src\ccstruct\dppoint.cpp">
      <Filter>Source Files\ccstruct</Filter>
    </ClCompile>
    <ClCompile Include="..\tesseract_4.1\src\ccstruct\fontinfo.cpp">
      <Filter>Source Files\ccstruct</Filter>
    </ClCompile>
    <ClCompile Include="..\tesseract_4.1\src\ccstruct\imagedata.cpp">
      <Filter>Source Files\ccstruct</Filter>
    </ClCompile>
    <ClCompile Include="..\tesseract_4.1\src\ccstruct\linlsq.cpp">
      <Filter>Source Files\ccstruct</Filter>
    </ClCompile>
    <ClCompile Include="..\tesseract_4.1\src\ccstruct\matrix.cpp">
      <Filter>Source Files\ccstruct</Filter>
    </ClCompile>
    <ClCompile Include="..\tesseract_4.1\src\ccstruct\mod128.cpp">
      <Filter>Source Files\ccstruct</Filter>
    </ClCompile>
    <ClCompile Include="..\tesseract_4.1\src\ccstruct\normalis.cpp">
      <Filter>Source Files\ccstruct</Filter>
    </ClCompile>
    <ClCompile Include="..\tesseract_4.1\src\ccstruct\ocrblock.cpp">
      <Filter>Source Files\ccstruct</Filter>
    </ClCompile>
    <ClCompile Include="..\tesseract_4.1\src\ccstruct\ocrpara.cpp">
      <Filter>Source Files\ccstruct</Filter>
    </ClCompile>
    <ClCompile Include="..\tesseract_4.1\src\ccstruct\ocrrow.cpp">
      <Filter>Source Files\ccstruct</Filter>
    </ClCompile>
    <ClCompile Include="..\tesseract_4.1\src\ccstruct\otsuthr.cpp">
      <Filter>Source Files\ccstruct</Filter>
    </ClCompile>
    <ClCompile Include="..\tesseract_4.1\src\ccstruct\pageres.cpp">
      <Filter>Source Files\ccstruct</Filter>
    </ClCompile>
    <ClCompile Include="..\tesseract_4.1\src\ccstruct\params_training_featdef.cpp">
      <Filter>Source Files\ccstruct</Filter>
    </ClCompile>
    <ClCompile Include="..\tesseract_4.1\src\ccstruct\pdblock.cpp">
      <Filter>Source Files\ccstruct</Filter>
    </ClCompile>
    <ClCompile Include="..\tesseract_4.1\src\ccstruct\points.cpp">
      <Filter>Source Files\ccstruct</Filter>
    </ClCompile>
    <ClCompile Include="..\tesseract_4.1\src\ccstruct\polyaprx.cpp">
      <Filter>Source Files\ccstruct</Filter>
    </ClCompile>
    <ClCompile Include="..\tesseract_4.1\src\ccstruct\polyblk.cpp">
      <Filter>Source Files\ccstruct</Filter>
    </ClCompile>
    <ClCompile Include="..\tesseract_4.1\src\ccstruct\publictypes.cpp">
      <Filter>Source Files\ccstruct</Filter>
    </ClCompile>
    <ClCompile Include="..\tesseract_4.1\src\ccstruct\quadlsq.cpp">
      <Filter>Source Files\ccstruct</Filter>
    </ClCompile>
    <ClCompile Include="..\tesseract_4.1\src\ccstruct\quspline.cpp">
      <Filter>Source Files\ccstruct</Filter>
    </ClCompile>
    <ClCompile Include="..\tesseract_4.1\src\ccstruct\ratngs.cpp">
      <Filter>Source Files\ccstruct</Filter>
    </ClCompile>
    <ClCompile Include="..\tesseract_4.1\src\ccstruct\rect.cpp">
      <Filter>Source Files\ccstruct</Filter>
    </ClCompile>
    <ClCompile Include="..\tesseract_4.1\src\ccstruct\rejctmap.cpp">
      <Filter>Source Files\ccstruct</Filter>
    </ClCompile>
    <ClCompile Include="..\tesseract_4.1\src\ccstruct\seam.cpp">
      <Filter>Source Files\ccstruct</Filter>
    </ClCompile>
    <ClCompile Include="..\tesseract_4.1\src\ccstruct\split.cpp">
      <Filter>Source Files\ccstruct</Filter>
    </ClCompile>
    <ClCompile Include="..\tesseract_4.1\src\ccstruct\statistc.cpp">
      <Filter>Source Files\ccstruct</Filter>
    </ClCompile>
    <ClCompile Include="..\tesseract_4.1\src\ccstruct\stepblob.cpp">
      <Filter>Source Files\ccstruct</Filter>
    </ClCompile>
    <ClCompile Include="..\tesseract_4.1\src\ccstruct\werd.cpp">
      <Filter>Source Files\ccstruct</Filter>
    </ClCompile>
    <ClCompile Include="..\tesseract_4.1\src\ccstruct\blamer.cpp">
      <Filter>Source Files\ccstruct</Filter>
    </ClCompile>
    <ClCompile Include="..\tesseract_4.1\src\ccstruct\blobbox.cpp">
      <Filter>Source Files\ccstruct</Filter>
    </ClCompile>
    <ClCompile Include="..\tesseract_4.1\src\ccstruct\blobs.cpp">
      <Filter>Source Files\ccstruct</Filter>
    </ClCompile>
    <ClCompile Include="..\tesseract_4.1\src\ccstruct\blread.cpp">
      <Filter>Source Files\ccstruct</Filter>
    </ClCompile>
    <ClCompile Include="..\tesseract_4.1\src\ccstruct\boxread.cpp">
      <Filter>Source Files\ccstruct</Filter>
    </ClCompile>
    <ClCompile Include="..\tesseract_4.1\src\ccutil\elst2.cpp">
      <Filter>Source Files\ccutil</Filter>
    </ClCompile>
    <ClCompile Include="..\tesseract_4.1\src\ccutil\errcode.cpp">
      <Filter>Source Files\ccutil</Filter>
    </ClCompile>
    <ClCompile Include="..\tesseract_4.1\src\ccutil\globaloc.cpp">
      <Filter>Source Files\ccutil</Filter>
    </ClCompile>
    <ClCompile Include="..\tesseract_4.1\src\ccutil\indexmapbidi.cpp">
      <Filter>Source Files\ccutil</Filter>
    </ClCompile>
    <ClCompile Include="..\tesseract_4.1\src\ccutil\mainblk.cpp">
      <Filter>Source Files\ccutil</Filter>
    </ClCompile>
    <ClCompile Include="..\tesseract_4.1\src\ccutil\params.cpp">
      <Filter>Source Files\ccutil</Filter>
    </ClCompile>
    <ClCompile Include="..\tesseract_4.1\src\ccutil\scanutils.cpp">
      <Filter>Source Files\ccutil</Filter>
    </ClCompile>
    <ClCompile Include="..\tesseract_4.1\src\ccutil\serialis.cpp">
      <Filter>Source Files\ccutil</Filter>
    </ClCompile>
    <ClCompile Include="..\tesseract_4.1\src\ccutil\strngs.cpp">
      <Filter>Source Files\ccutil</Filter>
    </ClCompile>
    <ClCompile Include="..\tesseract_4.1\src\ccutil\tessdatamanager.cpp">
      <Filter>Source Files\ccutil</Filter>
    </ClCompile>
    <ClCompile Include="..\tesseract_4.1\src\ccutil\tprintf.cpp">
      <Filter>Source Files\ccutil</Filter>
    </ClCompile>
    <ClCompile Include="..\tesseract_4.1\src\ccutil\unichar.cpp">
      <Filter>Source Files\ccutil</Filter>
    </ClCompile>
    <ClCompile Include="..\tesseract_4.1\src\ccutil\unicharcompress.cpp">
      <Filter>Source Files\ccutil</Filter>
    </ClCompile>
    <ClCompile Include="..\tesseract_4.1\src\ccutil\unicharmap.cpp">
      <Filter>Source Files\ccutil</Filter>
    </ClCompile>
    <ClCompile Include="..\tesseract_4.1\src\ccutil\unicharset.cpp">
      <Filter>Source Files\ccutil</Filter>
    </ClCompile>
    <ClCompile Include="..\tesseract_4.1\src\ccutil\unicodes.cpp">
      <Filter>Source Files\ccutil</Filter>
    </ClCompile>
    <ClCompile Include="..\tesseract_4.1\src\ccutil\universalambigs.cpp">
      <Filter>Source Files\ccutil</Filter>
    </ClCompile>
    <ClCompile Include="..\tesseract_4.1\src\ccutil\ambigs.cpp">
      <Filter>Source Files\ccutil</Filter>
    </ClCompile>
    <ClCompile Include="..\tesseract_4.1\src\ccutil\bitvector.cpp">
      <Filter>Source Files\ccutil</Filter>
    </ClCompile>
    <ClCompile Include="..\tesseract_4.1\src\ccutil\ccutil.cpp">
      <Filter>Source Files\ccutil</Filter>
    </ClCompile>
    <ClCompile Include="..\tesseract_4.1\src\ccutil\clst.cpp">
      <Filter>Source Files\ccutil</Filter>
    </ClCompile>
    <ClCompile Include="..\tesseract_4.1\src\ccutil\elst.cpp">
      <Filter>Source Files\ccutil</Filter>
    </ClCompile>
    <ClCompile Include="..\tesseract_4.1\src\classify\cluster.cpp">
      <Filter>Source Files\classify</Filter>
    </ClCompile>
    <ClCompile Include="..\tesseract_4.1\src\classify\clusttool.cpp">
      <Filter>Source Files\classify</Filter>
    </ClCompile>
    <ClCompile Include="..\tesseract_4.1\src\classify\cutoffs.cpp">
      <Filter>Source Files\classify</Filter>
    </ClCompile>
    <ClCompile Include="..\tesseract_4.1\src\classify\featdefs.cpp">
      <Filter>Source Files\classify</Filter>
    </ClCompile>
    <ClCompile Include="..\tesseract_4.1\src\classify\float2int.cpp">
      <Filter>Source Files\classify</Filter>
    </ClCompile>
    <ClCompile Include="..\tesseract_4.1\src\classify\fpoint.cpp">
      <Filter>Source Files\classify</Filter>
    </ClCompile>
    <ClCompile Include="..\tesseract_4.1\src\classify\intfeaturedist.cpp">
      <Filter>Source Files\classify</Filter>
    </ClCompile>
    <ClCompile Include="..\tesseract_4.1\src\classify\intfeaturemap.cpp">
      <Filter>Source Files\classify</Filter>
    </ClCompile>
    <ClCompile Include="..\tesseract_4.1\src\classify\intfeaturespace.cpp">
      <Filter>Source Files\classify</Filter>
    </ClCompile>
    <ClCompile Include="..\tesseract_4.1\src\classify\intfx.cpp">
      <Filter>Source Files\classify</Filter>
    </ClCompile>
    <ClCompile Include="..\tesseract_4.1\src\classify\intmatcher.cpp">
      <Filter>Source Files\classify</Filter>
    </ClCompile>
    <ClCompile Include="..\tesseract_4.1\src\classify\intproto.cpp">
      <Filter>Source Files\classify</Filter>
    </ClCompile>
    <ClCompile Include="..\tesseract_4.1\src\classify\kdtree.cpp">
      <Filter>Source Files\classify</Filter>
    </ClCompile>
    <ClCompile Include="..\tesseract_4.1\src\classify\mf.cpp">
      <Filter>Source Files\classify</Filter>
    </ClCompile>
    <ClCompile Include="..\tesseract_4.1\src\classify\mfdefs.cpp">
      <Filter>Source Files\classify</Filter>
    </ClCompile>
    <ClCompile Include="..\tesseract_4.1\src\classify\mfoutline.cpp">
      <Filter>Source Files\classify</Filter>
    </ClCompile>
    <ClCompile Include="..\tesseract_4.1\src\classify\mfx.cpp">
      <Filter>Source Files\classify</Filter>
    </ClCompile>
    <ClCompile Include="..\tesseract_4.1\src\classify\normfeat.cpp">
      <Filter>Source Files\classify</Filter>
    </ClCompile>
    <ClCompile Include="..\tesseract_4.1\src\classify\normmatch.cpp">
      <Filter>Source Files\classify</Filter>
    </ClCompile>
    <ClCompile Include="..\tesseract_4.1\src\classify\ocrfeatures.cpp">
      <Filter>Source Files\classify</Filter>
    </ClCompile>
    <ClCompile Include="..\tesseract_4.1\src\classify\outfeat.cpp">
      <Filter>Source Files\classify</Filter>
    </ClCompile>
    <ClCompile Include="..\tesseract_4.1\src\classify\picofeat.cpp">
      <Filter>Source Files\classify</Filter>
    </ClCompile>
    <ClCompile Include="..\tesseract_4.1\src\classify\protos.cpp">
      <Filter>Source Files\classify</Filter>
    </ClCompile>
    <ClCompile Include="..\tesseract_4.1\src\classify\sampleiterator.cpp">
      <Filter>Source Files\classify</Filter>
    </ClCompile>
    <ClCompile Include="..\tesseract_4.1\src\classify\shapeclassifier.cpp">
      <Filter>Source Files\classify</Filter>
    </ClCompile>
    <ClCompile Include="..\tesseract_4.1\src\classify\shapetable.cpp">
      <Filter>Source Files\classify</Filter>
    </ClCompile>
    <ClCompile Include="..\tesseract_4.1\src\classify\tessclassifier.cpp">
      <Filter>Source Files\classify</Filter>
    </ClCompile>
    <ClCompile Include="..\tesseract_4.1\src\classify\trainingsample.cpp">
      <Filter>Source Files\classify</Filter>
    </ClCompile>
    <ClCompile Include="..\tesseract_4.1\src\classify\trainingsampleset.cpp">
      <Filter>Source Files\classify</Filter>
    </ClCompile>
    <ClCompile Include="..\tesseract_4.1\src\classify\adaptive.cpp">
      <Filter>Source Files\classify</Filter>
    </ClCompile>
    <ClCompile Include="..\tesseract_4.1\src\classify\adaptmatch.cpp">
      <Filter>Source Files\classify</Filter>
    </ClCompile>
    <ClCompile Include="..\tesseract_4.1\src\classify\blobclass.cpp">
      <Filter>Source Files\classify</Filter>
    </ClCompile>
    <ClCompile Include="..\tesseract_4.1\src\classify\classify.cpp">
      <Filter>Source Files\classify</Filter>
    </ClCompile>
    <ClCompile Include="..\tesseract_4.1\src\cutil\cutil_class.cpp">
      <Filter>Source Files\cutil</Filter>
    </ClCompile>
    <ClCompile Include="..\tesseract_4.1\src\cutil\emalloc.cpp">
      <Filter>Source Files\cutil</Filter>
    </ClCompile>
    <ClCompile Include="..\tesseract_4.1\src\cutil\oldlist.cpp">
      <Filter>Source Files\cutil</Filter>
    </ClCompile>
    <ClCompile Include="..\tesseract_4.1\src\cutil\callcpp.cpp">
      <Filter>Source Files\cutil</Filter>
    </ClCompile>
    <ClCompile Include="..\tesseract_4.1\src\dict\permdawg.cpp">
      <Filter>Source Files\dict</Filter>
    </ClCompile>
    <ClCompile Include="..\tesseract_4.1\src\dict\stopper.cpp">
      <Filter>Source Files\dict</Filter>
    </ClCompile>
    <ClCompile Include="..\tesseract_4.1\src\dict\trie.cpp">
      <Filter>Source Files\dict</Filter>
    </ClCompile>
    <ClCompile Include="..\tesseract_4.1\src\dict\context.cpp">
      <Filter>Source Files\dict</Filter>
    </ClCompile>
    <ClCompile Include="..\tesseract_4.1\src\dict\dawg.cpp">
      <Filter>Source Files\dict</Filter>
    </ClCompile>
    <ClCompile Include="..\tesseract_4.1\src\dict\dawg_cache.cpp">
      <Filter>Source Files\dict</Filter>
    </ClCompile>
    <ClCompile Include="..\tesseract_4.1\src\dict\dict.cpp">
      <Filter>Source Files\dict</Filter>
    </ClCompile>
    <ClCompile Include="..\tesseract_4.1\src\dict\hyphen.cpp">
      <Filter>Source Files\dict</Filter>
    </ClCompile>
    <ClCompile Include="..\tesseract_4.1\src\textord\ccnontextdetect.cpp">
      <Filter>Source Files\textord</Filter>
    </ClCompile>
    <ClCompile Include="..\tesseract_4.1\src\textord\cjkpitch.cpp">
      <Filter>Source Files\textord</Filter>
    </ClCompile>
    <ClCompile Include="..\tesseract_4.1\src\textord\colfind.cpp">
      <Filter>Source Files\textord</Filter>
    </ClCompile>
    <ClCompile Include="..\tesseract_4.1\src\textord\colpartition.cpp">
      <Filter>Source Files\textord</Filter>
    </ClCompile>
    <ClCompile Include="..\tesseract_4.1\src\textord\colpartitiongrid.cpp">
      <Filter>Source Files\textord</Filter>
    </ClCompile>
    <ClCompile Include="..\tesseract_4.1\src\textord\colpartitionset.cpp">
      <Filter>Source Files\textord</Filter>
    </ClCompile>
    <ClCompile Include="..\tesseract_4.1\src\textord\devanagari_processing.cpp">
      <Filter>Source Files\textord</Filter>
    </ClCompile>
    <ClCompile Include="..\tesseract_4.1\src\textord\drawtord.cpp">
      <Filter>Source Files\textord</Filter>
    </ClCompile>
    <ClCompile Include="..\tesseract_4.1\src\textord\edgblob.cpp">
      <Filter>Source Files\textord</Filter>
    </ClCompile>
    <ClCompile Include="..\tesseract_4.1\src\textord\edgloop.cpp">
      <Filter>Source Files\textord</Filter>
    </ClCompile>
    <ClCompile Include="..\tesseract_4.1\src\textord\equationdetectbase.cpp">
      <Filter>Source Files\textord</Filter>
    </ClCompile>
    <ClCompile Include="..\tesseract_4.1\src\textord\fpchop.cpp">
      <Filter>Source Files\textord</Filter>
    </ClCompile>
    <ClCompile Include="..\tesseract_4.1\src\textord\gap_map.cpp">
      <Filter>Source Files\textord</Filter>
    </ClCompile>
    <ClCompile Include="..\tesseract_4.1\src\textord\imagefind.cpp">
      <Filter>Source Files\textord</Filter>
    </ClCompile>
    <ClCompile Include="..\tesseract_4.1\src\textord\linefind.cpp">
      <Filter>Source Files\textord</Filter>
    </ClCompile>
    <ClCompile Include="..\tesseract_4.1\src\textord\makerow.cpp">
      <Filter>Source Files\textord</Filter>
    </ClCompile>
    <ClCompile Include="..\tesseract_4.1\src\textord\oldbasel.cpp">
      <Filter>Source Files\textord</Filter>
    </ClCompile>
    <ClCompile Include="..\tesseract_4.1\src\textord\pithsync.cpp">
      <Filter>Source Files\textord</Filter>
    </ClCompile>
    <ClCompile Include="..\tesseract_4.1\src\textord\pitsync1.cpp">
      <Filter>Source Files\textord</Filter>
    </ClCompile>
    <ClCompile Include="..\tesseract_4.1\src\textord\scanedg.cpp">
      <Filter>Source Files\textord</Filter>
    </ClCompile>
    <ClCompile Include="..\tesseract_4.1\src\textord\sortflts.cpp">
      <Filter>Source Files\textord</Filter>
    </ClCompile>
    <ClCompile Include="..\tesseract_4.1\src\textord\strokewidth.cpp">
      <Filter>Source Files\textord</Filter>
    </ClCompile>
    <ClCompile Include="..\tesseract_4.1\src\textord\tabfind.cpp">
      <Filter>Source Files\textord</Filter>
    </ClCompile>
    <ClCompile Include="..\tesseract_4.1\src\textord\tablefind.cpp">
      <Filter>Source Files\textord</Filter>
    </ClCompile>
    <ClCompile Include="..\tesseract_4.1\src\textord\tablerecog.cpp">
      <Filter>Source Files\textord</Filter>
    </ClCompile>
    <ClCompile Include="..\tesseract_4.1\src\textord\tabvector.cpp">
      <Filter>Source Files\textord</Filter>
    </ClCompile>
    <ClCompile Include="..\tesseract_4.1\src\textord\textlineprojection.cpp">
      <Filter>Source Files\textord</Filter>
    </ClCompile>
    <ClCompile Include="..\tesseract_4.1\src\textord\textord.cpp">
      <Filter>Source Files\textord</Filter>
    </ClCompile>
    <ClCompile Include="..\tesseract_4.1\src\textord\topitch.cpp">
      <Filter>Source Files\textord</Filter>
    </ClCompile>
    <ClCompile Include="..\tesseract_4.1\src\textord\tordmain.cpp">
      <Filter>Source Files\textord</Filter>
    </ClCompile>
    <ClCompile Include="..\tesseract_4.1\src\textord\tospace.cpp">
      <Filter>Source Files\textord</Filter>
    </ClCompile>
    <ClCompile Include="..\tesseract_4.1\src\textord\tovars.cpp">
      <Filter>Source Files\textord</Filter>
    </ClCompile>
    <ClCompile Include="..\tesseract_4.1\src\textord\underlin.cpp">
      <Filter>Source Files\textord</Filter>
    </ClCompile>
    <ClCompile Include="..\tesseract_4.1\src\textord\wordseg.cpp">
      <Filter>Source Files\textord</Filter>
    </ClCompile>
    <ClCompile Include="..\tesseract_4.1\src\textord\workingpartset.cpp">
      <Filter>Source Files\textord</Filter>
    </ClCompile>
    <ClCompile Include="..\tesseract_4.1\src\textord\alignedblob.cpp">
      <Filter>Source Files\textord</Filter>
    </ClCompile>
    <ClCompile Include="..\tesseract_4.1\src\textord\baselinedetect.cpp">
      <Filter>Source Files\textord</Filter>
    </ClCompile>
    <ClCompile Include="..\tesseract_4.1\src\textord\bbgrid.cpp">
      <Filter>Source Files\textord</Filter>
    </ClCompile>
    <ClCompile Include="..\tesseract_4.1\src\textord\blkocc.cpp">
      <Filter>Source Files\textord</Filter>
    </ClCompile>
    <ClCompile Include="..\tesseract_4.1\src\textord\blobgrid.cpp">
      <Filter>Source Files\textord</Filter>
    </ClCompile>
    <ClCompile Include="..\tesseract_4.1\src\wordrec\language_model.cpp">
      <Filter>Source Files\wordrec</Filter>
    </ClCompile>
    <ClCompile Include="..\tesseract_4.1\src\wordrec\lm_consistency.cpp">
      <Filter>Source Files\wordrec</Filter>
    </ClCompile>
    <ClCompile Include="..\tesseract_4.1\src\wordrec\lm_pain_points.cpp">
      <Filter>Source Files\wordrec</Filter>
    </ClCompile>
    <ClCompile Include="..\tesseract_4.1\src\wordrec\lm_state.cpp">
      <Filter>Source Files\wordrec</Filter>
    </ClCompile>
    <ClCompile Include="..\tesseract_4.1\src\wordrec\outlines.cpp">
      <Filter>Source Files\wordrec</Filter>
    </ClCompile>
    <ClCompile Include="..\tesseract_4.1\src\wordrec\params_model.cpp">
      <Filter>Source Files\wordrec</Filter>
    </ClCompile>
    <ClCompile Include="..\tesseract_4.1\src\wordrec\pieces.cpp">
      <Filter>Source Files\wordrec</Filter>
    </ClCompile>
    <ClCompile Include="..\tesseract_4.1\src\wordrec\plotedges.cpp">
      <Filter>Source Files\wordrec</Filter>
    </ClCompile>
    <ClCompile Include="..\tesseract_4.1\src\wordrec\render.cpp">
      <Filter>Source Files\wordrec</Filter>
    </ClCompile>
    <ClCompile Include="..\tesseract_4.1\src\wordrec\segsearch.cpp">
      <Filter>Source Files\wordrec</Filter>
    </ClCompile>
    <ClCompile Include="..\tesseract_4.1\src\wordrec\tface.cpp">
      <Filter>Source Files\wordrec</Filter>
    </ClCompile>
    <ClCompile Include="..\tesseract_4.1\src\wordrec\wordclass.cpp">
      <Filter>Source Files\wordrec</Filter>
    </ClCompile>
    <ClCompile Include="..\tesseract_4.1\src\wordrec\wordrec.cpp">
      <Filter>Source Files\wordrec</Filter>
    </ClCompile>
    <ClCompile Include="..\tesseract_4.1\src\wordrec\associate.cpp">
      <Filter>Source Files\wordrec</Filter>
    </ClCompile>
    <ClCompile Include="..\tesseract_4.1\src\wordrec\chop.cpp">
      <Filter>Source Files\wordrec</Filter>
    </ClCompile>
    <ClCompile Include="..\tesseract_4.1\src\wordrec\chopper.cpp">
      <Filter>Source Files\wordrec</Filter>
    </ClCompile>
    <ClCompile Include="..\tesseract_4.1\src\wordrec\drawfx.cpp">
      <Filter>Source Files\wordrec</Filter>
    </ClCompile>
    <ClCompile Include="..\tesseract_4.1\src\wordrec\findseam.cpp">
      <Filter>Source Files\wordrec</Filter>
    </ClCompile>
    <ClCompile Include="..\tesseract_4.1\src\wordrec\gradechop.cpp">
      <Filter>Source Files\wordrec</Filter>
    </ClCompile>
    <ClCompile Include="..\tesseract_4.1\src\api\wordstrboxrenderer.cpp">
      <Filter>Source Files\api</Filter>
    </ClCompile>
    <ClCompile Include="..\tesseract_4.1\src\api\altorenderer.cpp">
      <Filter>Source Files\api</Filter>
    </ClCompile>
    <ClCompile Include="..\tesseract_4.1\src\api\baseapi.cpp">
      <Filter>Source Files\api</Filter>
    </ClCompile>
    <ClCompile Include="..\tesseract_4.1\src\api\capi.cpp">
      <Filter>Source Files\api</Filter>
    </ClCompile>
    <ClCompile Include="..\tesseract_4.1\src\api\hocrrenderer.cpp">
      <Filter>Source Files\api</Filter>
    </ClCompile>
    <ClCompile Include="..\tesseract_4.1\src\api\lstmboxrenderer.cpp">
      <Filter>Source Files\api</Filter>
    </ClCompile>
    <ClCompile Include="..\tesseract_4.1\src\api\pdfrenderer.cpp">
      <Filter>Source Files\api</Filter>
    </ClCompile>
    <ClCompile Include="..\tesseract_4.1\src\api\renderer.cpp">
      <Filter>Source Files\api</Filter>
    </ClCompile>
    <ClCompile Include="..\tesseract_4.1\src\lstm\functions.cpp">
      <Filter>Source Files\lstm</Filter>
    </ClCompile>
    <ClCompile Include="..\tesseract_4.1\src\lstm\input.cpp">
      <Filter>Source Files\lstm</Filter>
    </ClCompile>
    <ClCompile Include="..\tesseract_4.1\src\lstm\lstm.cpp">
      <Filter>Source Files\lstm</Filter>
    </ClCompile>
    <ClCompile Include="..\tesseract_4.1\src\lstm\lstmrecognizer.cpp">
      <Filter>Source Files\lstm</Filter>
    </ClCompile>
    <ClCompile Include="..\tesseract_4.1\src\lstm\lstmtrainer.cpp">
      <Filter>Source Files\lstm</Filter>
    </ClCompile>
    <ClCompile Include="..\tesseract_4.1\src\lstm\maxpool.cpp">
      <Filter>Source Files\lstm</Filter>
    </ClCompile>
    <ClCompile Include="..\tesseract_4.1\src\lstm\network.cpp">
      <Filter>Source Files\lstm</Filter>
    </ClCompile>
    <ClCompile Include="..\tesseract_4.1\src\lstm\networkbuilder.cpp">
      <Filter>Source Files\lstm</Filter>
    </ClCompile>
    <ClCompile Include="..\tesseract_4.1\src\lstm\networkio.cpp">
      <Filter>Source Files\lstm</Filter>
    </ClCompile>
    <ClCompile Include="..\tesseract_4.1\src\lstm\parallel.cpp">
      <Filter>Source Files\lstm</Filter>
    </ClCompile>
    <ClCompile Include="..\tesseract_4.1\src\lstm\plumbing.cpp">
      <Filter>Source Files\lstm</Filter>
    </ClCompile>
    <ClCompile Include="..\tesseract_4.1\src\lstm\recodebeam.cpp">
      <Filter>Source Files\lstm</Filter>
    </ClCompile>
    <ClCompile Include="..\tesseract_4.1\src\lstm\reconfig.cpp">
      <Filter>Source Files\lstm</Filter>
    </ClCompile>
    <ClCompile Include="..\tesseract_4.1\src\lstm\reversed.cpp">
      <Filter>Source Files\lstm</Filter>
    </ClCompile>
    <ClCompile Include="..\tesseract_4.1\src\lstm\series.cpp">
      <Filter>Source Files\lstm</Filter>
    </ClCompile>
    <ClCompile Include="..\tesseract_4.1\src\lstm\stridemap.cpp">
      <Filter>Source Files\lstm</Filter>
    </ClCompile>
    <ClCompile Include="..\tesseract_4.1\src\lstm\tfnetwork.cpp">
      <Filter>Source Files\lstm</Filter>
    </ClCompile>
    <ClCompile Include="..\tesseract_4.1\src\lstm\weightmatrix.cpp">
      <Filter>Source Files\lstm</Filter>
    </ClCompile>
    <ClCompile Include="..\tesseract_4.1\src\lstm\convolve.cpp">
      <Filter>Source Files\lstm</Filter>
    </ClCompile>
    <ClCompile Include="..\tesseract_4.1\src\lstm\ctc.cpp">
      <Filter>Source Files\lstm</Filter>
    </ClCompile>
    <ClCompile Include="..\tesseract_4.1\src\lstm\fullyconnected.cpp">
      <Filter>Source Files\lstm</Filter>
    </ClCompile>
  </ItemGroup>
  <ItemGroup>
    <ClInclude Include="..\tesseract_4.1\src\opencl\openclwrapper.h">
      <Filter>Source Files\opencl</Filter>
    </ClInclude>
    <ClInclude Include="..\tesseract_4.1\src\opencl\oclkernels.h">
      <Filter>Source Files\opencl</Filter>
    </ClInclude>
    <ClInclude Include="..\tesseract_4.1\src\viewer\scrollview.h">
      <Filter>Source Files\viewer</Filter>
    </ClInclude>
    <ClInclude Include="..\tesseract_4.1\src\viewer\svmnode.h">
      <Filter>Source Files\viewer</Filter>
    </ClInclude>
    <ClInclude Include="..\tesseract_4.1\src\viewer\svutil.h">
      <Filter>Source Files\viewer</Filter>
    </ClInclude>
    <ClInclude Include="..\tesseract_4.1\src\arch\simddetect.h">
      <Filter>Source Files\arch</Filter>
    </ClInclude>
    <ClInclude Include="..\tesseract_4.1\src\arch\dotproduct.h">
      <Filter>Source Files\arch</Filter>
    </ClInclude>
    <ClInclude Include="..\tesseract_4.1\src\arch\intsimdmatrix.h">
      <Filter>Source Files\arch</Filter>
    </ClInclude>
    <ClInclude Include="..\tesseract_4.1\src\ccmain\paramsd.h">
      <Filter>Source Files\ccmain</Filter>
    </ClInclude>
    <ClInclude Include="..\tesseract_4.1\src\ccmain\pgedit.h">
      <Filter>Source Files\ccmain</Filter>
    </ClInclude>
    <ClInclude Include="..\tesseract_4.1\src\ccmain\reject.h">
      <Filter>Source Files\ccmain</Filter>
    </ClInclude>
    <ClInclude Include="..\tesseract_4.1\src\ccmain\resultiterator.h">
      <Filter>Source Files\ccmain</Filter>
    </ClInclude>
    <ClInclude Include="..\tesseract_4.1\src\ccmain\tesseractclass.h">
      <Filter>Source Files\ccmain</Filter>
    </ClInclude>
    <ClInclude Include="..\tesseract_4.1\src\ccmain\tessvars.h">
      <Filter>Source Files\ccmain</Filter>
    </ClInclude>
    <ClInclude Include="..\tesseract_4.1\src\ccmain\thresholder.h">
      <Filter>Source Files\ccmain</Filter>
    </ClInclude>
    <ClInclude Include="..\tesseract_4.1\src\ccmain\werdit.h">
      <Filter>Source Files\ccmain</Filter>
    </ClInclude>
    <ClInclude Include="..\tesseract_4.1\src\ccmain\control.h">
      <Filter>Source Files\ccmain</Filter>
    </ClInclude>
    <ClInclude Include="..\tesseract_4.1\src\ccmain\docqual.h">
      <Filter>Source Files\ccmain</Filter>
    </ClInclude>
    <ClInclude Include="..\tesseract_4.1\src\ccmain\equationdetect.h">
      <Filter>Source Files\ccmain</Filter>
    </ClInclude>
    <ClInclude Include="..\tesseract_4.1\src\ccmain\fixspace.h">
      <Filter>Source Files\ccmain</Filter>
    </ClInclude>
    <ClInclude Include="..\tesseract_4.1\src\ccmain\ltrresultiterator.h">
      <Filter>Source Files\ccmain</Filter>
    </ClInclude>
    <ClInclude Include="..\tesseract_4.1\src\ccmain\mutableiterator.h">
      <Filter>Source Files\ccmain</Filter>
    </ClInclude>
    <ClInclude Include="..\tesseract_4.1\src\ccmain\osdetect.h">
      <Filter>Source Files\ccmain</Filter>
    </ClInclude>
    <ClInclude Include="..\tesseract_4.1\src\ccmain\output.h">
      <Filter>Source Files\ccmain</Filter>
    </ClInclude>
    <ClInclude Include="..\tesseract_4.1\src\ccmain\pageiterator.h">
      <Filter>Source Files\ccmain</Filter>
    </ClInclude>
    <ClInclude Include="..\tesseract_4.1\src\ccmain\paragraphs.h">
      <Filter>Source Files\ccmain</Filter>
    </ClInclude>
    <ClInclude Include="..\tesseract_4.1\src\ccmain\paragraphs_internal.h">
      <Filter>Source Files\ccmain</Filter>
    </ClInclude>
    <ClInclude Include="..\tesseract_4.1\src\ccstruct\boxword.h">
      <Filter>Source Files\ccstruct</Filter>
    </ClInclude>
    <ClInclude Include="..\tesseract_4.1\src\ccstruct\ccstruct.h">
      <Filter>Source Files\ccstruct</Filter>
    </ClInclude>
    <ClInclude Include="..\tesseract_4.1\src\ccstruct\coutln.h">
      <Filter>Source Files\ccstruct</Filter>
    </ClInclude>
    <ClInclude Include="..\tesseract_4.1\src\ccstruct\crakedge.h">
      <Filter>Source Files\ccstruct</Filter>
    </ClInclude>
    <ClInclude Include="..\tesseract_4.1\src\ccstruct\debugpixa.h">
      <Filter>Source Files\ccstruct</Filter>
    </ClInclude>
    <ClInclude Include="..\tesseract_4.1\src\ccstruct\detlinefit.h">
      <Filter>Source Files\ccstruct</Filter>
    </ClInclude>
    <ClInclude Include="..\tesseract_4.1\src\ccstruct\dppoint.h">
      <Filter>Source Files\ccstruct</Filter>
    </ClInclude>
    <ClInclude Include="..\tesseract_4.1\src\ccstruct\fontinfo.h">
      <Filter>Source Files\ccstruct</Filter>
    </ClInclude>
    <ClInclude Include="..\tesseract_4.1\src\ccstruct\imagedata.h">
      <Filter>Source Files\ccstruct</Filter>
    </ClInclude>
    <ClInclude Include="..\tesseract_4.1\src\ccstruct\linlsq.h">
      <Filter>Source Files\ccstruct</Filter>
    </ClInclude>
    <ClInclude Include="..\tesseract_4.1\src\ccstruct\matrix.h">
      <Filter>Source Files\ccstruct</Filter>
    </ClInclude>
    <ClInclude Include="..\tesseract_4.1\src\ccstruct\mod128.h">
      <Filter>Source Files\ccstruct</Filter>
    </ClInclude>
    <ClInclude Include="..\tesseract_4.1\src\ccstruct\normalis.h">
      <Filter>Source Files\ccstruct</Filter>
    </ClInclude>
    <ClInclude Include="..\tesseract_4.1\src\ccstruct\ocrblock.h">
      <Filter>Source Files\ccstruct</Filter>
    </ClInclude>
    <ClInclude Include="..\tesseract_4.1\src\ccstruct\ocrpara.h">
      <Filter>Source Files\ccstruct</Filter>
    </ClInclude>
    <ClInclude Include="..\tesseract_4.1\src\ccstruct\ocrrow.h">
      <Filter>Source Files\ccstruct</Filter>
    </ClInclude>
    <ClInclude Include="..\tesseract_4.1\src\ccstruct\otsuthr.h">
      <Filter>Source Files\ccstruct</Filter>
    </ClInclude>
    <ClInclude Include="..\tesseract_4.1\src\ccstruct\pageres.h">
      <Filter>Source Files\ccstruct</Filter>
    </ClInclude>
    <ClInclude Include="..\tesseract_4.1\src\ccstruct\params_training_featdef.h">
      <Filter>Source Files\ccstruct</Filter>
    </ClInclude>
    <ClInclude Include="..\tesseract_4.1\src\ccstruct\pdblock.h">
      <Filter>Source Files\ccstruct</Filter>
    </ClInclude>
    <ClInclude Include="..\tesseract_4.1\src\ccstruct\points.h">
      <Filter>Source Files\ccstruct</Filter>
    </ClInclude>
    <ClInclude Include="..\tesseract_4.1\src\ccstruct\polyaprx.h">
      <Filter>Source Files\ccstruct</Filter>
    </ClInclude>
    <ClInclude Include="..\tesseract_4.1\src\ccstruct\polyblk.h">
      <Filter>Source Files\ccstruct</Filter>
    </ClInclude>
    <ClInclude Include="..\tesseract_4.1\src\ccstruct\publictypes.h">
      <Filter>Source Files\ccstruct</Filter>
    </ClInclude>
    <ClInclude Include="..\tesseract_4.1\src\ccstruct\quadlsq.h">
      <Filter>Source Files\ccstruct</Filter>
    </ClInclude>
    <ClInclude Include="..\tesseract_4.1\src\ccstruct\quadratc.h">
      <Filter>Source Files\ccstruct</Filter>
    </ClInclude>
    <ClInclude Include="..\tesseract_4.1\src\ccstruct\quspline.h">
      <Filter>Source Files\ccstruct</Filter>
    </ClInclude>
    <ClInclude Include="..\tesseract_4.1\src\ccstruct\ratngs.h">
      <Filter>Source Files\ccstruct</Filter>
    </ClInclude>
    <ClInclude Include="..\tesseract_4.1\src\ccstruct\rect.h">
      <Filter>Source Files\ccstruct</Filter>
    </ClInclude>
    <ClInclude Include="..\tesseract_4.1\src\ccstruct\rejctmap.h">
      <Filter>Source Files\ccstruct</Filter>
    </ClInclude>
    <ClInclude Include="..\tesseract_4.1\src\ccstruct\seam.h">
      <Filter>Source Files\ccstruct</Filter>
    </ClInclude>
    <ClInclude Include="..\tesseract_4.1\src\ccstruct\split.h">
      <Filter>Source Files\ccstruct</Filter>
    </ClInclude>
    <ClInclude Include="..\tesseract_4.1\src\ccstruct\statistc.h">
      <Filter>Source Files\ccstruct</Filter>
    </ClInclude>
    <ClInclude Include="..\tesseract_4.1\src\ccstruct\stepblob.h">
      <Filter>Source Files\ccstruct</Filter>
    </ClInclude>
    <ClInclude Include="..\tesseract_4.1\src\ccstruct\werd.h">
      <Filter>Source Files\ccstruct</Filter>
    </ClInclude>
    <ClInclude Include="..\tesseract_4.1\src\ccstruct\blamer.h">
      <Filter>Source Files\ccstruct</Filter>
    </ClInclude>
    <ClInclude Include="..\tesseract_4.1\src\ccstruct\blobbox.h">
      <Filter>Source Files\ccstruct</Filter>
    </ClInclude>
    <ClInclude Include="..\tesseract_4.1\src\ccstruct\blobs.h">
      <Filter>Source Files\ccstruct</Filter>
    </ClInclude>
    <ClInclude Include="..\tesseract_4.1\src\ccstruct\blread.h">
      <Filter>Source Files\ccstruct</Filter>
    </ClInclude>
    <ClInclude Include="..\tesseract_4.1\src\ccstruct\boxread.h">
      <Filter>Source Files\ccstruct</Filter>
    </ClInclude>
    <ClInclude Include="..\tesseract_4.1\src\ccutil\elst.h">
      <Filter>Source Files\ccutil</Filter>
    </ClInclude>
    <ClInclude Include="..\tesseract_4.1\src\ccutil\elst2.h">
      <Filter>Source Files\ccutil</Filter>
    </ClInclude>
    <ClInclude Include="..\tesseract_4.1\src\ccutil\errcode.h">
      <Filter>Source Files\ccutil</Filter>
    </ClInclude>
    <ClInclude Include="..\tesseract_4.1\src\ccutil\fileerr.h">
      <Filter>Source Files\ccutil</Filter>
    </ClInclude>
    <ClInclude Include="..\tesseract_4.1\src\ccutil\genericheap.h">
      <Filter>Source Files\ccutil</Filter>
    </ClInclude>
    <ClInclude Include="..\tesseract_4.1\src\ccutil\genericvector.h">
      <Filter>Source Files\ccutil</Filter>
    </ClInclude>
    <ClInclude Include="..\tesseract_4.1\src\ccutil\globaloc.h">
      <Filter>Source Files\ccutil</Filter>
    </ClInclude>
    <ClInclude Include="..\tesseract_4.1\src\ccutil\helpers.h">
      <Filter>Source Files\ccutil</Filter>
    </ClInclude>
    <ClInclude Include="..\tesseract_4.1\src\ccutil\host.h">
      <Filter>Source Files\ccutil</Filter>
    </ClInclude>
    <ClInclude Include="..\tesseract_4.1\src\ccutil\indexmapbidi.h">
      <Filter>Source Files\ccutil</Filter>
    </ClInclude>
    <ClInclude Include="..\tesseract_4.1\src\ccutil\kdpair.h">
      <Filter>Source Files\ccutil</Filter>
    </ClInclude>
    <ClInclude Include="..\tesseract_4.1\src\ccutil\lsterr.h">
      <Filter>Source Files\ccutil</Filter>
    </ClInclude>
    <ClInclude Include="..\tesseract_4.1\src\ccutil\object_cache.h">
      <Filter>Source Files\ccutil</Filter>
    </ClInclude>
    <ClInclude Include="..\tesseract_4.1\src\ccutil\ocrclass.h">
      <Filter>Source Files\ccutil</Filter>
    </ClInclude>
    <ClInclude Include="..\tesseract_4.1\src\ccutil\params.h">
      <Filter>Source Files\ccutil</Filter>
    </ClInclude>
    <ClInclude Include="..\tesseract_4.1\src\ccutil\platform.h">
      <Filter>Source Files\ccutil</Filter>
    </ClInclude>
    <ClInclude Include="..\tesseract_4.1\src\ccutil\qrsequence.h">
      <Filter>Source Files\ccutil</Filter>
    </ClInclude>
    <ClInclude Include="..\tesseract_4.1\src\ccutil\scanutils.h">
      <Filter>Source Files\ccutil</Filter>
    </ClInclude>
    <ClInclude Include="..\tesseract_4.1\src\ccutil\serialis.h">
      <Filter>Source Files\ccutil</Filter>
    </ClInclude>
    <ClInclude Include="..\tesseract_4.1\src\ccutil\sorthelper.h">
      <Filter>Source Files\ccutil</Filter>
    </ClInclude>
    <ClInclude Include="..\tesseract_4.1\src\ccutil\strngs.h">
      <Filter>Source Files\ccutil</Filter>
    </ClInclude>
    <ClInclude Include="..\tesseract_4.1\src\ccutil\tesscallback.h">
      <Filter>Source Files\ccutil</Filter>
    </ClInclude>
    <ClInclude Include="..\tesseract_4.1\src\ccutil\tessdatamanager.h">
      <Filter>Source Files\ccutil</Filter>
    </ClInclude>
    <ClInclude Include="..\tesseract_4.1\src\ccutil\tprintf.h">
      <Filter>Source Files\ccutil</Filter>
    </ClInclude>
    <ClInclude Include="..\tesseract_4.1\src\ccutil\unichar.h">
      <Filter>Source Files\ccutil</Filter>
    </ClInclude>
    <ClInclude Include="..\tesseract_4.1\src\ccutil\unicharcompress.h">
      <Filter>Source Files\ccutil</Filter>
    </ClInclude>
    <ClInclude Include="..\tesseract_4.1\src\ccutil\unicharmap.h">
      <Filter>Source Files\ccutil</Filter>
    </ClInclude>
    <ClInclude Include="..\tesseract_4.1\src\ccutil\unicharset.h">
      <Filter>Source Files\ccutil</Filter>
    </ClInclude>
    <ClInclude Include="..\tesseract_4.1\src\ccutil\unicity_table.h">
      <Filter>Source Files\ccutil</Filter>
    </ClInclude>
    <ClInclude Include="..\tesseract_4.1\src\ccutil\unicodes.h">
      <Filter>Source Files\ccutil</Filter>
    </ClInclude>
    <ClInclude Include="..\tesseract_4.1\src\ccutil\universalambigs.h">
      <Filter>Source Files\ccutil</Filter>
    </ClInclude>
    <ClInclude Include="..\tesseract_4.1\src\ccutil\ambigs.h">
      <Filter>Source Files\ccutil</Filter>
    </ClInclude>
    <ClInclude Include="..\tesseract_4.1\src\ccutil\bits16.h">
      <Filter>Source Files\ccutil</Filter>
    </ClInclude>
    <ClInclude Include="..\tesseract_4.1\src\ccutil\bitvector.h">
      <Filter>Source Files\ccutil</Filter>
    </ClInclude>
    <ClInclude Include="..\tesseract_4.1\src\ccutil\ccutil.h">
      <Filter>Source Files\ccutil</Filter>
    </ClInclude>
    <ClInclude Include="..\tesseract_4.1\src\ccutil\clst.h">
      <Filter>Source Files\ccutil</Filter>
    </ClInclude>
    <ClInclude Include="..\tesseract_4.1\src\ccutil\doubleptr.h">
      <Filter>Source Files\ccutil</Filter>
    </ClInclude>
    <ClInclude Include="..\tesseract_4.1\src\classify\cluster.h">
      <Filter>Source Files\classify</Filter>
    </ClInclude>
    <ClInclude Include="..\tesseract_4.1\src\classify\clusttool.h">
      <Filter>Source Files\classify</Filter>
    </ClInclude>
    <ClInclude Include="..\tesseract_4.1\src\classify\featdefs.h">
      <Filter>Source Files\classify</Filter>
    </ClInclude>
    <ClInclude Include="..\tesseract_4.1\src\classify\float2int.h">
      <Filter>Source Files\classify</Filter>
    </ClInclude>
    <ClInclude Include="..\tesseract_4.1\src\classify\fpoint.h">
      <Filter>Source Files\classify</Filter>
    </ClInclude>
    <ClInclude Include="..\tesseract_4.1\src\classify\intfeaturedist.h">
      <Filter>Source Files\classify</Filter>
    </ClInclude>
    <ClInclude Include="..\tesseract_4.1\src\classify\intfeaturemap.h">
      <Filter>Source Files\classify</Filter>
    </ClInclude>
    <ClInclude Include="..\tesseract_4.1\src\classify\intfeaturespace.h">
      <Filter>Source Files\classify</Filter>
    </ClInclude>
    <ClInclude Include="..\tesseract_4.1\src\classify\intfx.h">
      <Filter>Source Files\classify</Filter>
    </ClInclude>
    <ClInclude Include="..\tesseract_4.1\src\classify\intmatcher.h">
      <Filter>Source Files\classify</Filter>
    </ClInclude>
    <ClInclude Include="..\tesseract_4.1\src\classify\intproto.h">
      <Filter>Source Files\classify</Filter>
    </ClInclude>
    <ClInclude Include="..\tesseract_4.1\src\classify\kdtree.h">
      <Filter>Source Files\classify</Filter>
    </ClInclude>
    <ClInclude Include="..\tesseract_4.1\src\classify\mf.h">
      <Filter>Source Files\classify</Filter>
    </ClInclude>
    <ClInclude Include="..\tesseract_4.1\src\classify\mfdefs.h">
      <Filter>Source Files\classify</Filter>
    </ClInclude>
    <ClInclude Include="..\tesseract_4.1\src\classify\mfoutline.h">
      <Filter>Source Files\classify</Filter>
    </ClInclude>
    <ClInclude Include="..\tesseract_4.1\src\classify\mfx.h">
      <Filter>Source Files\classify</Filter>
    </ClInclude>
    <ClInclude Include="..\tesseract_4.1\src\classify\normfeat.h">
      <Filter>Source Files\classify</Filter>
    </ClInclude>
    <ClInclude Include="..\tesseract_4.1\src\classify\normmatch.h">
      <Filter>Source Files\classify</Filter>
    </ClInclude>
    <ClInclude Include="..\tesseract_4.1\src\classify\ocrfeatures.h">
      <Filter>Source Files\classify</Filter>
    </ClInclude>
    <ClInclude Include="..\tesseract_4.1\src\classify\outfeat.h">
      <Filter>Source Files\classify</Filter>
    </ClInclude>
    <ClInclude Include="..\tesseract_4.1\src\classify\picofeat.h">
      <Filter>Source Files\classify</Filter>
    </ClInclude>
    <ClInclude Include="..\tesseract_4.1\src\classify\protos.h">
      <Filter>Source Files\classify</Filter>
    </ClInclude>
    <ClInclude Include="..\tesseract_4.1\src\classify\sampleiterator.h">
      <Filter>Source Files\classify</Filter>
    </ClInclude>
    <ClInclude Include="..\tesseract_4.1\src\classify\shapeclassifier.h">
      <Filter>Source Files\classify</Filter>
    </ClInclude>
    <ClInclude Include="..\tesseract_4.1\src\classify\shapetable.h">
      <Filter>Source Files\classify</Filter>
    </ClInclude>
    <ClInclude Include="..\tesseract_4.1\src\classify\tessclassifier.h">
      <Filter>Source Files\classify</Filter>
    </ClInclude>
    <ClInclude Include="..\tesseract_4.1\src\classify\trainingsample.h">
      <Filter>Source Files\classify</Filter>
    </ClInclude>
    <ClInclude Include="..\tesseract_4.1\src\classify\trainingsampleset.h">
      <Filter>Source Files\classify</Filter>
    </ClInclude>
    <ClInclude Include="..\tesseract_4.1\src\classify\adaptive.h">
      <Filter>Source Files\classify</Filter>
    </ClInclude>
    <ClInclude Include="..\tesseract_4.1\src\classify\blobclass.h">
      <Filter>Source Files\classify</Filter>
    </ClInclude>
    <ClInclude Include="..\tesseract_4.1\src\classify\classify.h">
      <Filter>Source Files\classify</Filter>
    </ClInclude>
    <ClInclude Include="..\tesseract_4.1\src\cutil\callcpp.h">
      <Filter>Source Files\cutil</Filter>
    </ClInclude>
    <ClInclude Include="..\tesseract_4.1\src\cutil\cutil_class.h">
      <Filter>Source Files\cutil</Filter>
    </ClInclude>
    <ClInclude Include="..\tesseract_4.1\src\cutil\emalloc.h">
      <Filter>Source Files\cutil</Filter>
    </ClInclude>
    <ClInclude Include="..\tesseract_4.1\src\cutil\oldlist.h">
      <Filter>Source Files\cutil</Filter>
    </ClInclude>
    <ClInclude Include="..\tesseract_4.1\src\cutil\bitvec.h">
      <Filter>Source Files\cutil</Filter>
    </ClInclude>
    <ClInclude Include="..\tesseract_4.1\src\dict\stopper.h">
      <Filter>Source Files\dict</Filter>
    </ClInclude>
    <ClInclude Include="..\tesseract_4.1\src\dict\trie.h">
      <Filter>Source Files\dict</Filter>
    </ClInclude>
    <ClInclude Include="..\tesseract_4.1\src\dict\dawg.h">
      <Filter>Source Files\dict</Filter>
    </ClInclude>
    <ClInclude Include="..\tesseract_4.1\src\dict\dawg_cache.h">
      <Filter>Source Files\dict</Filter>
    </ClInclude>
    <ClInclude Include="..\tesseract_4.1\src\dict\dict.h">
      <Filter>Source Files\dict</Filter>
    </ClInclude>
    <ClInclude Include="..\tesseract_4.1\src\dict\matchdefs.h">
      <Filter>Source Files\dict</Filter>
    </ClInclude>
    <ClInclude Include="..\tesseract_4.1\src\textord\ccnontextdetect.h">
      <Filter>Source Files\textord</Filter>
    </ClInclude>
    <ClInclude Include="..\tesseract_4.1\src\textord\cjkpitch.h">
      <Filter>Source Files\textord</Filter>
    </ClInclude>
    <ClInclude Include="..\tesseract_4.1\src\textord\colfind.h">
      <Filter>Source Files\textord</Filter>
    </ClInclude>
    <ClInclude Include="..\tesseract_4.1\src\textord\colpartition.h">
      <Filter>Source Files\textord</Filter>
    </ClInclude>
    <ClInclude Include="..\tesseract_4.1\src\textord\colpartitiongrid.h">
      <Filter>Source Files\textord</Filter>
    </ClInclude>
    <ClInclude Include="..\tesseract_4.1\src\textord\colpartitionset.h">
      <Filter>Source Files\textord</Filter>
    </ClInclude>
    <ClInclude Include="..\tesseract_4.1\src\textord\devanagari_processing.h">
      <Filter>Source Files\textord</Filter>
    </ClInclude>
    <ClInclude Include="..\tesseract_4.1\src\textord\drawtord.h">
      <Filter>Source Files\textord</Filter>
    </ClInclude>
    <ClInclude Include="..\tesseract_4.1\src\textord\edgblob.h">
      <Filter>Source Files\textord</Filter>
    </ClInclude>
    <ClInclude Include="..\tesseract_4.1\src\textord\edgloop.h">
      <Filter>Source Files\textord</Filter>
    </ClInclude>
    <ClInclude Include="..\tesseract_4.1\src\textord\equationdetectbase.h">
      <Filter>Source Files\textord</Filter>
    </ClInclude>
    <ClInclude Include="..\tesseract_4.1\src\textord\fpchop.h">
      <Filter>Source Files\textord</Filter>
    </ClInclude>
    <ClInclude Include="..\tesseract_4.1\src\textord\gap_map.h">
      <Filter>Source Files\textord</Filter>
    </ClInclude>
    <ClInclude Include="..\tesseract_4.1\src\textord\imagefind.h">
      <Filter>Source Files\textord</Filter>
    </ClInclude>
    <ClInclude Include="..\tesseract_4.1\src\textord\linefind.h">
      <Filter>Source Files\textord</Filter>
    </ClInclude>
    <ClInclude Include="..\tesseract_4.1\src\textord\makerow.h">
      <Filter>Source Files\textord</Filter>
    </ClInclude>
    <ClInclude Include="..\tesseract_4.1\src\textord\oldbasel.h">
      <Filter>Source Files\textord</Filter>
    </ClInclude>
    <ClInclude Include="..\tesseract_4.1\src\textord\pithsync.h">
      <Filter>Source Files\textord</Filter>
    </ClInclude>
    <ClInclude Include="..\tesseract_4.1\src\textord\pitsync1.h">
      <Filter>Source Files\textord</Filter>
    </ClInclude>
    <ClInclude Include="..\tesseract_4.1\src\textord\scanedg.h">
      <Filter>Source Files\textord</Filter>
    </ClInclude>
    <ClInclude Include="..\tesseract_4.1\src\textord\sortflts.h">
      <Filter>Source Files\textord</Filter>
    </ClInclude>
    <ClInclude Include="..\tesseract_4.1\src\textord\strokewidth.h">
      <Filter>Source Files\textord</Filter>
    </ClInclude>
    <ClInclude Include="..\tesseract_4.1\src\textord\tabfind.h">
      <Filter>Source Files\textord</Filter>
    </ClInclude>
    <ClInclude Include="..\tesseract_4.1\src\textord\tablefind.h">
      <Filter>Source Files\textord</Filter>
    </ClInclude>
    <ClInclude Include="..\tesseract_4.1\src\textord\tablerecog.h">
      <Filter>Source Files\textord</Filter>
    </ClInclude>
    <ClInclude Include="..\tesseract_4.1\src\textord\tabvector.h">
      <Filter>Source Files\textord</Filter>
    </ClInclude>
    <ClInclude Include="..\tesseract_4.1\src\textord\textlineprojection.h">
      <Filter>Source Files\textord</Filter>
    </ClInclude>
    <ClInclude Include="..\tesseract_4.1\src\textord\textord.h">
      <Filter>Source Files\textord</Filter>
    </ClInclude>
    <ClInclude Include="..\tesseract_4.1\src\textord\topitch.h">
      <Filter>Source Files\textord</Filter>
    </ClInclude>
    <ClInclude Include="..\tesseract_4.1\src\textord\tordmain.h">
      <Filter>Source Files\textord</Filter>
    </ClInclude>
    <ClInclude Include="..\tesseract_4.1\src\textord\tovars.h">
      <Filter>Source Files\textord</Filter>
    </ClInclude>
    <ClInclude Include="..\tesseract_4.1\src\textord\underlin.h">
      <Filter>Source Files\textord</Filter>
    </ClInclude>
    <ClInclude Include="..\tesseract_4.1\src\textord\wordseg.h">
      <Filter>Source Files\textord</Filter>
    </ClInclude>
    <ClInclude Include="..\tesseract_4.1\src\textord\workingpartset.h">
      <Filter>Source Files\textord</Filter>
    </ClInclude>
    <ClInclude Include="..\tesseract_4.1\src\textord\alignedblob.h">
      <Filter>Source Files\textord</Filter>
    </ClInclude>
    <ClInclude Include="..\tesseract_4.1\src\textord\baselinedetect.h">
      <Filter>Source Files\textord</Filter>
    </ClInclude>
    <ClInclude Include="..\tesseract_4.1\src\textord\bbgrid.h">
      <Filter>Source Files\textord</Filter>
    </ClInclude>
    <ClInclude Include="..\tesseract_4.1\src\textord\blkocc.h">
      <Filter>Source Files\textord</Filter>
    </ClInclude>
    <ClInclude Include="..\tesseract_4.1\src\textord\blobgrid.h">
      <Filter>Source Files\textord</Filter>
    </ClInclude>
    <ClInclude Include="..\tesseract_4.1\src\wordrec\language_model.h">
      <Filter>Source Files\wordrec</Filter>
    </ClInclude>
    <ClInclude Include="..\tesseract_4.1\src\wordrec\lm_consistency.h">
      <Filter>Source Files\wordrec</Filter>
    </ClInclude>
    <ClInclude Include="..\tesseract_4.1\src\wordrec\lm_pain_points.h">
      <Filter>Source Files\wordrec</Filter>
    </ClInclude>
    <ClInclude Include="..\tesseract_4.1\src\wordrec\lm_state.h">
      <Filter>Source Files\wordrec</Filter>
    </ClInclude>
    <ClInclude Include="..\tesseract_4.1\src\wordrec\measure.h">
      <Filter>Source Files\wordrec</Filter>
    </ClInclude>
    <ClInclude Include="..\tesseract_4.1\src\wordrec\outlines.h">
      <Filter>Source Files\wordrec</Filter>
    </ClInclude>
    <ClInclude Include="..\tesseract_4.1\src\wordrec\params_model.h">
      <Filter>Source Files\wordrec</Filter>
    </ClInclude>
    <ClInclude Include="..\tesseract_4.1\src\wordrec\plotedges.h">
      <Filter>Source Files\wordrec</Filter>
    </ClInclude>
    <ClInclude Include="..\tesseract_4.1\src\wordrec\render.h">
      <Filter>Source Files\wordrec</Filter>
    </ClInclude>
    <ClInclude Include="..\tesseract_4.1\src\wordrec\wordrec.h">
      <Filter>Source Files\wordrec</Filter>
    </ClInclude>
    <ClInclude Include="..\tesseract_4.1\src\wordrec\associate.h">
      <Filter>Source Files\wordrec</Filter>
    </ClInclude>
    <ClInclude Include="..\tesseract_4.1\src\wordrec\chop.h">
      <Filter>Source Files\wordrec</Filter>
    </ClInclude>
    <ClInclude Include="..\tesseract_4.1\src\wordrec\drawfx.h">
      <Filter>Source Files\wordrec</Filter>
    </ClInclude>
    <ClInclude Include="..\tesseract_4.1\src\wordrec\findseam.h">
      <Filter>Source Files\wordrec</Filter>
    </ClInclude>
    <ClInclude Include="..\tesseract_4.1\src\api\renderer.h">
      <Filter>Source Files\api</Filter>
    </ClInclude>
    <ClInclude Include="..\tesseract_4.1\src\api\apitypes.h">
      <Filter>Source Files\api</Filter>
    </ClInclude>
    <ClInclude Include="..\tesseract_4.1\src\api\baseapi.h">
      <Filter>Source Files\api</Filter>
    </ClInclude>
    <ClInclude Include="..\tesseract_4.1\src\api\capi.h">
      <Filter>Source Files\api</Filter>
    </ClInclude>
    <ClInclude Include="tess_version.h">
      <Filter>Source Files\api</Filter>
    </ClInclude>
    <ClInclude Include="..\tesseract_4.1\src\lstm\functions.h">
      <Filter>Source Files\lstm</Filter>
    </ClInclude>
    <ClInclude Include="..\tesseract_4.1\src\lstm\input.h">
      <Filter>Source Files\lstm</Filter>
    </ClInclude>
    <ClInclude Include="..\tesseract_4.1\src\lstm\lstm.h">
      <Filter>Source Files\lstm</Filter>
    </ClInclude>
    <ClInclude Include="..\tesseract_4.1\src\lstm\lstmrecognizer.h">
      <Filter>Source Files\lstm</Filter>
    </ClInclude>
    <ClInclude Include="..\tesseract_4.1\src\lstm\lstmtrainer.h">
      <Filter>Source Files\lstm</Filter>
    </ClInclude>
    <ClInclude Include="..\tesseract_4.1\src\lstm\maxpool.h">
      <Filter>Source Files\lstm</Filter>
    </ClInclude>
    <ClInclude Include="..\tesseract_4.1\src\lstm\network.h">
      <Filter>Source Files\lstm</Filter>
    </ClInclude>
    <ClInclude Include="..\tesseract_4.1\src\lstm\networkbuilder.h">
      <Filter>Source Files\lstm</Filter>
    </ClInclude>
    <ClInclude Include="..\tesseract_4.1\src\lstm\networkio.h">
      <Filter>Source Files\lstm</Filter>
    </ClInclude>
    <ClInclude Include="..\tesseract_4.1\src\lstm\networkscratch.h">
      <Filter>Source Files\lstm</Filter>
    </ClInclude>
    <ClInclude Include="..\tesseract_4.1\src\lstm\parallel.h">
      <Filter>Source Files\lstm</Filter>
    </ClInclude>
    <ClInclude Include="..\tesseract_4.1\src\lstm\plumbing.h">
      <Filter>Source Files\lstm</Filter>
    </ClInclude>
    <ClInclude Include="..\tesseract_4.1\src\lstm\recodebeam.h">
      <Filter>Source Files\lstm</Filter>
    </ClInclude>
    <ClInclude Include="..\tesseract_4.1\src\lstm\reconfig.h">
      <Filter>Source Files\lstm</Filter>
    </ClInclude>
    <ClInclude Include="..\tesseract_4.1\src\lstm\reversed.h">
      <Filter>Source Files\lstm</Filter>
    </ClInclude>
    <ClInclude Include="..\tesseract_4.1\src\lstm\series.h">
      <Filter>Source Files\lstm</Filter>
    </ClInclude>
    <ClInclude Include="..\tesseract_4.1\src\lstm\static_shape.h">
      <Filter>Source Files\lstm</Filter>
    </ClInclude>
    <ClInclude Include="..\tesseract_4.1\src\lstm\stridemap.h">
      <Filter>Source Files\lstm</Filter>
    </ClInclude>
    <ClInclude Include="..\tesseract_4.1\src\lstm\tfnetwork.h">
      <Filter>Source Files\lstm</Filter>
    </ClInclude>
    <ClInclude Include="..\tesseract_4.1\src\lstm\weightmatrix.h">
      <Filter>Source Files\lstm</Filter>
    </ClInclude>
    <ClInclude Include="..\tesseract_4.1\src\lstm\convolve.h">
      <Filter>Source Files\lstm</Filter>
    </ClInclude>
    <ClInclude Include="..\tesseract_4.1\src\lstm\ctc.h">
      <Filter>Source Files\lstm</Filter>
    </ClInclude>
    <ClInclude Include="..\tesseract_4.1\src\lstm\fullyconnected.h">
      <Filter>Source Files\lstm</Filter>
    </ClInclude>
  </ItemGroup>
</Project>