<?xml version="1.0" encoding="utf-8"?>
<Project ToolsVersion="4.0" xmlns="http://schemas.microsoft.com/developer/msbuild/2003">
  <ItemGroup>
    <Filter Include="Source Files">
      <UniqueIdentifier>{4FC737F1-C7A5-4376-A066-2A32D752A2FF}</UniqueIdentifier>
      <Extensions>cpp;c;cc;cxx;def;odl;idl;hpj;bat;asm;asmx</Extensions>
    </Filter>
    <Filter Include="Header Files">
      <UniqueIdentifier>{93995380-89BD-4b04-88EB-625FBE52EBFB}</UniqueIdentifier>
      <Extensions>h;hh;hpp;hxx;hm;inl;inc;xsd</Extensions>
    </Filter>
    <Filter Include="Source Files\api">
      <UniqueIdentifier>{c0b3e237-ffe5-4365-b2c6-c6dec3d15ac9}</UniqueIdentifier>
    </Filter>
    <Filter Include="Source Files\ccmain">
      <UniqueIdentifier>{a0906542-0762-4a75-a32f-d140ce12d998}</UniqueIdentifier>
    </Filter>
    <Filter Include="Source Files\dict">
      <UniqueIdentifier>{c67b2721-4b8e-4a69-98ac-f77a06b60d60}</UniqueIdentifier>
    </Filter>
    <Filter Include="Source Files\cutil">
      <UniqueIdentifier>{4b711adf-37b9-4c0b-9157-b6a57b6c44d2}</UniqueIdentifier>
    </Filter>
    <Filter Include="Source Files\cube">
      <UniqueIdentifier>{75756222-5536-4eb6-bd55-431ad657fa92}</UniqueIdentifier>
    </Filter>
    <Filter Include="Source Files\classify">
      <UniqueIdentifier>{debb2ca3-d855-4a5a-b404-c5e6483498c1}</UniqueIdentifier>
    </Filter>
    <Filter Include="Source Files\ccutil">
      <UniqueIdentifier>{c8a4571e-b742-430f-b1ed-8a03c98f63a0}</UniqueIdentifier>
    </Filter>
    <Filter Include="Source Files\ccstruct">
      <UniqueIdentifier>{52284bce-7618-460a-a00f-66fb799bb7e4}</UniqueIdentifier>
    </Filter>
    <Filter Include="Source Files\neural_networks">
      <UniqueIdentifier>{11a82c86-4a9d-42dc-9dee-ca309f14f9d0}</UniqueIdentifier>
    </Filter>
    <Filter Include="Source Files\neural_networks\runtime">
      <UniqueIdentifier>{16d504a7-e64b-49e8-b9a1-1bf581888fe8}</UniqueIdentifier>
    </Filter>
    <Filter Include="Source Files\textord">
      <UniqueIdentifier>{729f8848-db8a-4f11-8cdb-38a30f547178}</UniqueIdentifier>
    </Filter>
    <Filter Include="Source Files\wordrec">
      <UniqueIdentifier>{3671e071-0d63-4fa8-80e5-162e1a945d7c}</UniqueIdentifier>
    </Filter>
    <Filter Include="Header Files\opencl">
      <UniqueIdentifier>{ee60a0e8-b88a-408c-9ecb-8c3a3886dcc7}</UniqueIdentifier>
    </Filter>
    <Filter Include="Source Files\opencl">
      <UniqueIdentifier>{cee5f143-4c62-4436-825a-483972d90275}</UniqueIdentifier>
    </Filter>
    <Filter Include="Header Files\port">
      <UniqueIdentifier>{2de19f33-6505-4218-bc71-44f865e94d02}</UniqueIdentifier>
    </Filter>
    <Filter Include="Source Files\port">
      <UniqueIdentifier>{c2014374-46d3-40e9-b8f7-c8527c53fd6f}</UniqueIdentifier>
    </Filter>
    <Filter Include="Source Files\viewer">
      <UniqueIdentifier>{14e88ac3-72de-4ed9-9fc4-224312eff4b3}</UniqueIdentifier>
    </Filter>
    <Filter Include="Header Files\viewer">
      <UniqueIdentifier>{80ef4955-e237-43ce-9a19-d37ccebd62ac}</UniqueIdentifier>
    </Filter>
    <Filter Include="Header Files\classify">
      <UniqueIdentifier>{7a7c3cfa-2d09-4606-971d-f8a0e8fbd2bb}</UniqueIdentifier>
    </Filter>
    <Filter Include="Header Files\textord">
      <UniqueIdentifier>{c15e2106-76c7-418e-81db-c271439f1b00}</UniqueIdentifier>
    </Filter>
    <Filter Include="Header Files\cube">
      <UniqueIdentifier>{d0b8d4fd-2575-402f-a743-420e13ca3a68}</UniqueIdentifier>
    </Filter>
    <Filter Include="Header Files\ccutil">
      <UniqueIdentifier>{afbb7a9c-4155-4285-8d74-287dc5523440}</UniqueIdentifier>
    </Filter>
    <Filter Include="Header Files\api">
      <UniqueIdentifier>{129c8559-b4cd-47e3-9dfc-8f716f9950d7}</UniqueIdentifier>
    </Filter>
    <Filter Include="Header Files\wordrec">
      <UniqueIdentifier>{a208a0cd-fd0f-4cb1-ad4e-c28acf3f3c6e}</UniqueIdentifier>
    </Filter>
    <Filter Include="Header Files\cutil">
      <UniqueIdentifier>{232ed97e-f9c2-48ca-b66e-8d169aa3e411}</UniqueIdentifier>
    </Filter>
    <Filter Include="Header Files\ccstruct">
      <UniqueIdentifier>{3a9b9556-f3c9-4b31-928d-43b9caadcf0b}</UniqueIdentifier>
    </Filter>
    <Filter Include="Header Files\ccmain">
      <UniqueIdentifier>{7ccc35a3-125a-4d91-8e3d-a7a825c97d40}</UniqueIdentifier>
    </Filter>
    <Filter Include="Header Files\neural_networks">
      <UniqueIdentifier>{b343aded-33f7-4c8a-abc4-368d6cc0a00f}</UniqueIdentifier>
    </Filter>
    <Filter Include="Header Files\neural_networks\runtime">
      <UniqueIdentifier>{fbd58786-2276-4b8e-b4a1-5f2dd9111518}</UniqueIdentifier>
    </Filter>
    <Filter Include="Header Files\dict">
      <UniqueIdentifier>{bb4f1baf-36e7-4cd0-8211-e83fadf07f74}</UniqueIdentifier>
    </Filter>
  </ItemGroup>
  <ItemGroup>
    <ClInclude Include="..\tesseract_master\opencl\oclkernels.h">
      <Filter>Header Files\opencl</Filter>
    </ClInclude>
    <ClInclude Include="..\tesseract_master\opencl\opencl_device_selection.h">
      <Filter>Header Files\opencl</Filter>
    </ClInclude>
    <ClInclude Include="..\tesseract_master\opencl\openclwrapper.h">
      <Filter>Header Files\opencl</Filter>
    </ClInclude>
    <ClInclude Include="..\tesseract_master\vs2010\port\gettimeofday.h">
      <Filter>Header Files\port</Filter>
    </ClInclude>
    <ClInclude Include="..\tesseract_master\vs2010\port\mathfix.h">
      <Filter>Header Files\port</Filter>
    </ClInclude>
    <ClInclude Include="..\tesseract_master\vs2010\port\strcasestr.h">
      <Filter>Header Files\port</Filter>
    </ClInclude>
    <ClInclude Include="..\tesseract_master\vs2010\port\strtok_r.h">
      <Filter>Header Files\port</Filter>
    </ClInclude>
    <ClInclude Include="..\tesseract_master\vs2010\port\vcsversion.h">
      <Filter>Header Files\port</Filter>
    </ClInclude>
    <ClInclude Include="..\tesseract_master\api\apitypes.h">
      <Filter>Header Files\api</Filter>
    </ClInclude>
    <ClInclude Include="..\tesseract_master\api\baseapi.h">
      <Filter>Header Files\api</Filter>
    </ClInclude>
    <ClInclude Include="..\tesseract_master\api\capi.h">
      <Filter>Header Files\api</Filter>
    </ClInclude>
    <ClInclude Include="..\tesseract_master\api\renderer.h">
      <Filter>Header Files\api</Filter>
    </ClInclude>
    <ClInclude Include="..\tesseract_master\ccmain\docqual.h">
      <Filter>Header Files\ccmain</Filter>
    </ClInclude>
    <ClInclude Include="..\tesseract_master\ccmain\equationdetect.h">
      <Filter>Header Files\ccmain</Filter>
    </ClInclude>
    <ClInclude Include="..\tesseract_master\ccmain\fixspace.h">
      <Filter>Header Files\ccmain</Filter>
    </ClInclude>
    <ClInclude Include="..\tesseract_master\ccmain\ltrresultiterator.h">
      <Filter>Header Files\ccmain</Filter>
    </ClInclude>
    <ClInclude Include="..\tesseract_master\ccmain\mutableiterator.h">
      <Filter>Header Files\ccmain</Filter>
    </ClInclude>
    <ClInclude Include="..\tesseract_master\ccmain\osdetect.h">
      <Filter>Header Files\ccmain</Filter>
    </ClInclude>
    <ClInclude Include="..\tesseract_master\ccmain\output.h">
      <Filter>Header Files\ccmain</Filter>
    </ClInclude>
    <ClInclude Include="..\tesseract_master\ccmain\pageiterator.h">
      <Filter>Header Files\ccmain</Filter>
    </ClInclude>
    <ClInclude Include="..\tesseract_master\ccmain\paragraphs.h">
      <Filter>Header Files\ccmain</Filter>
    </ClInclude>
    <ClInclude Include="..\tesseract_master\ccmain\paragraphs_internal.h">
      <Filter>Header Files\ccmain</Filter>
    </ClInclude>
    <ClInclude Include="..\tesseract_master\ccmain\paramsd.h">
      <Filter>Header Files\ccmain</Filter>
    </ClInclude>
    <ClInclude Include="..\tesseract_master\ccmain\pgedit.h">
      <Filter>Header Files\ccmain</Filter>
    </ClInclude>
    <ClInclude Include="..\tesseract_master\ccmain\reject.h">
      <Filter>Header Files\ccmain</Filter>
    </ClInclude>
    <ClInclude Include="..\tesseract_master\ccmain\resultiterator.h">
      <Filter>Header Files\ccmain</Filter>
    </ClInclude>
    <ClInclude Include="..\tesseract_master\ccmain\tessbox.h">
      <Filter>Header Files\ccmain</Filter>
    </ClInclude>
    <ClInclude Include="..\tesseract_master\ccmain\tessedit.h">
      <Filter>Header Files\ccmain</Filter>
    </ClInclude>
    <ClInclude Include="..\tesseract_master\ccmain\tesseract_cube_combiner.h">
      <Filter>Header Files\ccmain</Filter>
    </ClInclude>
    <ClInclude Include="..\tesseract_master\ccmain\tesseractclass.h">
      <Filter>Header Files\ccmain</Filter>
    </ClInclude>
    <ClInclude Include="..\tesseract_master\ccmain\tessvars.h">
      <Filter>Header Files\ccmain</Filter>
    </ClInclude>
    <ClInclude Include="..\tesseract_master\ccmain\thresholder.h">
      <Filter>Header Files\ccmain</Filter>
    </ClInclude>
    <ClInclude Include="..\tesseract_master\ccmain\werdit.h">
      <Filter>Header Files\ccmain</Filter>
    </ClInclude>
    <ClInclude Include="..\tesseract_master\ccmain\control.h">
      <Filter>Header Files\ccmain</Filter>
    </ClInclude>
    <ClInclude Include="..\tesseract_master\ccmain\cube_reco_context.h">
      <Filter>Header Files\ccmain</Filter>
    </ClInclude>
    <ClInclude Include="..\tesseract_master\ccmain\cubeclassifier.h">
      <Filter>Header Files\ccmain</Filter>
    </ClInclude>
    <ClInclude Include="..\tesseract_master\ccstruct\boxread.h">
      <Filter>Header Files\ccstruct</Filter>
    </ClInclude>
    <ClInclude Include="..\tesseract_master\ccstruct\boxword.h">
      <Filter>Header Files\ccstruct</Filter>
    </ClInclude>
    <ClInclude Include="..\tesseract_master\ccstruct\ccstruct.h">
      <Filter>Header Files\ccstruct</Filter>
    </ClInclude>
    <ClInclude Include="..\tesseract_master\ccstruct\coutln.h">
      <Filter>Header Files\ccstruct</Filter>
    </ClInclude>
    <ClInclude Include="..\tesseract_master\ccstruct\crakedge.h">
      <Filter>Header Files\ccstruct</Filter>
    </ClInclude>
    <ClInclude Include="..\tesseract_master\ccstruct\detlinefit.h">
      <Filter>Header Files\ccstruct</Filter>
    </ClInclude>
    <ClInclude Include="..\tesseract_master\ccstruct\dppoint.h">
      <Filter>Header Files\ccstruct</Filter>
    </ClInclude>
    <ClInclude Include="..\tesseract_master\ccstruct\fontinfo.h">
      <Filter>Header Files\ccstruct</Filter>
    </ClInclude>
    <ClInclude Include="..\tesseract_master\ccstruct\genblob.h">
      <Filter>Header Files\ccstruct</Filter>
    </ClInclude>
    <ClInclude Include="..\tesseract_master\ccstruct\hpdsizes.h">
      <Filter>Header Files\ccstruct</Filter>
    </ClInclude>
    <ClInclude Include="..\tesseract_master\ccstruct\imagedata.h">
      <Filter>Header Files\ccstruct</Filter>
    </ClInclude>
    <ClInclude Include="..\tesseract_master\ccstruct\ipoints.h">
      <Filter>Header Files\ccstruct</Filter>
    </ClInclude>
    <ClInclude Include="..\tesseract_master\ccstruct\linlsq.h">
      <Filter>Header Files\ccstruct</Filter>
    </ClInclude>
    <ClInclude Include="..\tesseract_master\ccstruct\matrix.h">
      <Filter>Header Files\ccstruct</Filter>
    </ClInclude>
    <ClInclude Include="..\tesseract_master\ccstruct\mod128.h">
      <Filter>Header Files\ccstruct</Filter>
    </ClInclude>
    <ClInclude Include="..\tesseract_master\ccstruct\normalis.h">
      <Filter>Header Files\ccstruct</Filter>
    </ClInclude>
    <ClInclude Include="..\tesseract_master\ccstruct\ocrblock.h">
      <Filter>Header Files\ccstruct</Filter>
    </ClInclude>
    <ClInclude Include="..\tesseract_master\ccstruct\ocrpara.h">
      <Filter>Header Files\ccstruct</Filter>
    </ClInclude>
    <ClInclude Include="..\tesseract_master\ccstruct\ocrrow.h">
      <Filter>Header Files\ccstruct</Filter>
    </ClInclude>
    <ClInclude Include="..\tesseract_master\ccstruct\otsuthr.h">
      <Filter>Header Files\ccstruct</Filter>
    </ClInclude>
    <ClInclude Include="..\tesseract_master\ccstruct\pageres.h">
      <Filter>Header Files\ccstruct</Filter>
    </ClInclude>
    <ClInclude Include="..\tesseract_master\ccstruct\params_training_featdef.h">
      <Filter>Header Files\ccstruct</Filter>
    </ClInclude>
    <ClInclude Include="..\tesseract_master\ccstruct\pdblock.h">
      <Filter>Header Files\ccstruct</Filter>
    </ClInclude>
    <ClInclude Include="..\tesseract_master\ccstruct\points.h">
      <Filter>Header Files\ccstruct</Filter>
    </ClInclude>
    <ClInclude Include="..\tesseract_master\ccstruct\polyaprx.h">
      <Filter>Header Files\ccstruct</Filter>
    </ClInclude>
    <ClInclude Include="..\tesseract_master\ccstruct\polyblk.h">
      <Filter>Header Files\ccstruct</Filter>
    </ClInclude>
    <ClInclude Include="..\tesseract_master\ccstruct\publictypes.h">
      <Filter>Header Files\ccstruct</Filter>
    </ClInclude>
    <ClInclude Include="..\tesseract_master\ccstruct\quadlsq.h">
      <Filter>Header Files\ccstruct</Filter>
    </ClInclude>
    <ClInclude Include="..\tesseract_master\ccstruct\quadratc.h">
      <Filter>Header Files\ccstruct</Filter>
    </ClInclude>
    <ClInclude Include="..\tesseract_master\ccstruct\quspline.h">
      <Filter>Header Files\ccstruct</Filter>
    </ClInclude>
    <ClInclude Include="..\tesseract_master\ccstruct\ratngs.h">
      <Filter>Header Files\ccstruct</Filter>
    </ClInclude>
    <ClInclude Include="..\tesseract_master\ccstruct\rect.h">
      <Filter>Header Files\ccstruct</Filter>
    </ClInclude>
    <ClInclude Include="..\tesseract_master\ccstruct\rejctmap.h">
      <Filter>Header Files\ccstruct</Filter>
    </ClInclude>
    <ClInclude Include="..\tesseract_master\ccstruct\seam.h">
      <Filter>Header Files\ccstruct</Filter>
    </ClInclude>
    <ClInclude Include="..\tesseract_master\ccstruct\split.h">
      <Filter>Header Files\ccstruct</Filter>
    </ClInclude>
    <ClInclude Include="..\tesseract_master\ccstruct\statistc.h">
      <Filter>Header Files\ccstruct</Filter>
    </ClInclude>
    <ClInclude Include="..\tesseract_master\ccstruct\stepblob.h">
      <Filter>Header Files\ccstruct</Filter>
    </ClInclude>
    <ClInclude Include="..\tesseract_master\ccstruct\vecfuncs.h">
      <Filter>Header Files\ccstruct</Filter>
    </ClInclude>
    <ClInclude Include="..\tesseract_master\ccstruct\werd.h">
      <Filter>Header Files\ccstruct</Filter>
    </ClInclude>
    <ClInclude Include="..\tesseract_master\ccstruct\blamer.h">
      <Filter>Header Files\ccstruct</Filter>
    </ClInclude>
    <ClInclude Include="..\tesseract_master\ccstruct\blckerr.h">
      <Filter>Header Files\ccstruct</Filter>
    </ClInclude>
    <ClInclude Include="..\tesseract_master\ccstruct\blobbox.h">
      <Filter>Header Files\ccstruct</Filter>
    </ClInclude>
    <ClInclude Include="..\tesseract_master\ccstruct\blobs.h">
      <Filter>Header Files\ccstruct</Filter>
    </ClInclude>
    <ClInclude Include="..\tesseract_master\ccstruct\blread.h">
      <Filter>Header Files\ccstruct</Filter>
    </ClInclude>
    <ClInclude Include="..\tesseract_master\ccutil\elst.h">
      <Filter>Header Files\ccutil</Filter>
    </ClInclude>
    <ClInclude Include="..\tesseract_master\ccutil\elst2.h">
      <Filter>Header Files\ccutil</Filter>
    </ClInclude>
    <ClInclude Include="..\tesseract_master\ccutil\errcode.h">
      <Filter>Header Files\ccutil</Filter>
    </ClInclude>
    <ClInclude Include="..\tesseract_master\ccutil\fileerr.h">
      <Filter>Header Files\ccutil</Filter>
    </ClInclude>
    <ClInclude Include="..\tesseract_master\ccutil\genericheap.h">
      <Filter>Header Files\ccutil</Filter>
    </ClInclude>
    <ClInclude Include="..\tesseract_master\ccutil\genericvector.h">
      <Filter>Header Files\ccutil</Filter>
    </ClInclude>
    <ClInclude Include="..\tesseract_master\ccutil\globaloc.h">
      <Filter>Header Files\ccutil</Filter>
    </ClInclude>
    <ClInclude Include="..\tesseract_master\ccutil\hashfn.h">
      <Filter>Header Files\ccutil</Filter>
    </ClInclude>
    <ClInclude Include="..\tesseract_master\ccutil\helpers.h">
      <Filter>Header Files\ccutil</Filter>
    </ClInclude>
    <ClInclude Include="..\tesseract_master\ccutil\host.h">
      <Filter>Header Files\ccutil</Filter>
    </ClInclude>
    <ClInclude Include="..\tesseract_master\ccutil\indexmapbidi.h">
      <Filter>Header Files\ccutil</Filter>
    </ClInclude>
    <ClInclude Include="..\tesseract_master\ccutil\kdpair.h">
      <Filter>Header Files\ccutil</Filter>
    </ClInclude>
    <ClInclude Include="..\tesseract_master\ccutil\lsterr.h">
      <Filter>Header Files\ccutil</Filter>
    </ClInclude>
    <ClInclude Include="..\tesseract_master\ccutil\memry.h">
      <Filter>Header Files\ccutil</Filter>
    </ClInclude>
    <ClInclude Include="..\tesseract_master\ccutil\ndminx.h">
      <Filter>Header Files\ccutil</Filter>
    </ClInclude>
    <ClInclude Include="..\tesseract_master\ccutil\nwmain.h">
      <Filter>Header Files\ccutil</Filter>
    </ClInclude>
    <ClInclude Include="..\tesseract_master\ccutil\object_cache.h">
      <Filter>Header Files\ccutil</Filter>
    </ClInclude>
    <ClInclude Include="..\tesseract_master\ccutil\ocrclass.h">
      <Filter>Header Files\ccutil</Filter>
    </ClInclude>
    <ClInclude Include="..\tesseract_master\ccutil\params.h">
      <Filter>Header Files\ccutil</Filter>
    </ClInclude>
    <ClInclude Include="..\tesseract_master\ccutil\platform.h">
      <Filter>Header Files\ccutil</Filter>
    </ClInclude>
    <ClInclude Include="..\tesseract_master\ccutil\qrsequence.h">
      <Filter>Header Files\ccutil</Filter>
    </ClInclude>
    <ClInclude Include="..\tesseract_master\ccutil\scanutils.h">
      <Filter>Header Files\ccutil</Filter>
    </ClInclude>
    <ClInclude Include="..\tesseract_master\ccutil\serialis.h">
      <Filter>Header Files\ccutil</Filter>
    </ClInclude>
    <ClInclude Include="..\tesseract_master\ccutil\sorthelper.h">
      <Filter>Header Files\ccutil</Filter>
    </ClInclude>
    <ClInclude Include="..\tesseract_master\ccutil\stderr.h">
      <Filter>Header Files\ccutil</Filter>
    </ClInclude>
    <ClInclude Include="..\tesseract_master\ccutil\strngs.h">
      <Filter>Header Files\ccutil</Filter>
    </ClInclude>
    <ClInclude Include="..\tesseract_master\ccutil\tesscallback.h">
      <Filter>Header Files\ccutil</Filter>
    </ClInclude>
    <ClInclude Include="..\tesseract_master\ccutil\tessdatamanager.h">
      <Filter>Header Files\ccutil</Filter>
    </ClInclude>
    <ClInclude Include="..\tesseract_master\ccutil\tprintf.h">
      <Filter>Header Files\ccutil</Filter>
    </ClInclude>
    <ClInclude Include="..\tesseract_master\ccutil\unichar.h">
      <Filter>Header Files\ccutil</Filter>
    </ClInclude>
    <ClInclude Include="..\tesseract_master\ccutil\unicharmap.h">
      <Filter>Header Files\ccutil</Filter>
    </ClInclude>
    <ClInclude Include="..\tesseract_master\ccutil\unicharset.h">
      <Filter>Header Files\ccutil</Filter>
    </ClInclude>
    <ClInclude Include="..\tesseract_master\ccutil\unicity_table.h">
      <Filter>Header Files\ccutil</Filter>
    </ClInclude>
    <ClInclude Include="..\tesseract_master\ccutil\unicodes.h">
      <Filter>Header Files\ccutil</Filter>
    </ClInclude>
    <ClInclude Include="..\tesseract_master\ccutil\universalambigs.h">
      <Filter>Header Files\ccutil</Filter>
    </ClInclude>
    <ClInclude Include="..\tesseract_master\ccutil\ambigs.h">
      <Filter>Header Files\ccutil</Filter>
    </ClInclude>
    <ClInclude Include="..\tesseract_master\ccutil\basedir.h">
      <Filter>Header Files\ccutil</Filter>
    </ClInclude>
    <ClInclude Include="..\tesseract_master\ccutil\bits16.h">
      <Filter>Header Files\ccutil</Filter>
    </ClInclude>
    <ClInclude Include="..\tesseract_master\ccutil\bitvector.h">
      <Filter>Header Files\ccutil</Filter>
    </ClInclude>
    <ClInclude Include="..\tesseract_master\ccutil\ccutil.h">
      <Filter>Header Files\ccutil</Filter>
    </ClInclude>
    <ClInclude Include="..\tesseract_master\ccutil\clst.h">
      <Filter>Header Files\ccutil</Filter>
    </ClInclude>
    <ClInclude Include="..\tesseract_master\ccutil\doubleptr.h">
      <Filter>Header Files\ccutil</Filter>
    </ClInclude>
    <ClInclude Include="..\tesseract_master\classify\featdefs.h">
      <Filter>Header Files\classify</Filter>
    </ClInclude>
    <ClInclude Include="..\tesseract_master\classify\float2int.h">
      <Filter>Header Files\classify</Filter>
    </ClInclude>
    <ClInclude Include="..\tesseract_master\classify\fpoint.h">
      <Filter>Header Files\classify</Filter>
    </ClInclude>
    <ClInclude Include="..\tesseract_master\classify\intfeaturedist.h">
      <Filter>Header Files\classify</Filter>
    </ClInclude>
    <ClInclude Include="..\tesseract_master\classify\intfeaturemap.h">
      <Filter>Header Files\classify</Filter>
    </ClInclude>
    <ClInclude Include="..\tesseract_master\classify\intfeaturespace.h">
      <Filter>Header Files\classify</Filter>
    </ClInclude>
    <ClInclude Include="..\tesseract_master\classify\intfx.h">
      <Filter>Header Files\classify</Filter>
    </ClInclude>
    <ClInclude Include="..\tesseract_master\classify\intmatcher.h">
      <Filter>Header Files\classify</Filter>
    </ClInclude>
    <ClInclude Include="..\tesseract_master\classify\intproto.h">
      <Filter>Header Files\classify</Filter>
    </ClInclude>
    <ClInclude Include="..\tesseract_master\classify\kdtree.h">
      <Filter>Header Files\classify</Filter>
    </ClInclude>
    <ClInclude Include="..\tesseract_master\classify\mastertrainer.h">
      <Filter>Header Files\classify</Filter>
    </ClInclude>
    <ClInclude Include="..\tesseract_master\classify\mf.h">
      <Filter>Header Files\classify</Filter>
    </ClInclude>
    <ClInclude Include="..\tesseract_master\classify\mfdefs.h">
      <Filter>Header Files\classify</Filter>
    </ClInclude>
    <ClInclude Include="..\tesseract_master\classify\mfoutline.h">
      <Filter>Header Files\classify</Filter>
    </ClInclude>
    <ClInclude Include="..\tesseract_master\classify\mfx.h">
      <Filter>Header Files\classify</Filter>
    </ClInclude>
    <ClInclude Include="..\tesseract_master\classify\normfeat.h">
      <Filter>Header Files\classify</Filter>
    </ClInclude>
    <ClInclude Include="..\tesseract_master\classify\normmatch.h">
      <Filter>Header Files\classify</Filter>
    </ClInclude>
    <ClInclude Include="..\tesseract_master\classify\ocrfeatures.h">
      <Filter>Header Files\classify</Filter>
    </ClInclude>
    <ClInclude Include="..\tesseract_master\classify\outfeat.h">
      <Filter>Header Files\classify</Filter>
    </ClInclude>
    <ClInclude Include="..\tesseract_master\classify\picofeat.h">
      <Filter>Header Files\classify</Filter>
    </ClInclude>
    <ClInclude Include="..\tesseract_master\classify\protos.h">
      <Filter>Header Files\classify</Filter>
    </ClInclude>
    <ClInclude Include="..\tesseract_master\classify\sampleiterator.h">
      <Filter>Header Files\classify</Filter>
    </ClInclude>
    <ClInclude Include="..\tesseract_master\classify\shapeclassifier.h">
      <Filter>Header Files\classify</Filter>
    </ClInclude>
    <ClInclude Include="..\tesseract_master\classify\shapetable.h">
      <Filter>Header Files\classify</Filter>
    </ClInclude>
    <ClInclude Include="..\tesseract_master\classify\tessclassifier.h">
      <Filter>Header Files\classify</Filter>
    </ClInclude>
    <ClInclude Include="..\tesseract_master\classify\trainingsample.h">
      <Filter>Header Files\classify</Filter>
    </ClInclude>
    <ClInclude Include="..\tesseract_master\classify\trainingsampleset.h">
      <Filter>Header Files\classify</Filter>
    </ClInclude>
    <ClInclude Include="..\tesseract_master\classify\adaptive.h">
      <Filter>Header Files\classify</Filter>
    </ClInclude>
    <ClInclude Include="..\tesseract_master\classify\blobclass.h">
      <Filter>Header Files\classify</Filter>
    </ClInclude>
    <ClInclude Include="..\tesseract_master\classify\classify.h">
      <Filter>Header Files\classify</Filter>
    </ClInclude>
    <ClInclude Include="..\tesseract_master\classify\cluster.h">
      <Filter>Header Files\classify</Filter>
    </ClInclude>
    <ClInclude Include="..\tesseract_master\classify\clusttool.h">
      <Filter>Header Files\classify</Filter>
    </ClInclude>
    <ClInclude Include="..\tesseract_master\classify\cutoffs.h">
      <Filter>Header Files\classify</Filter>
    </ClInclude>
    <ClInclude Include="..\tesseract_master\classify\errorcounter.h">
      <Filter>Header Files\classify</Filter>
    </ClInclude>
    <ClInclude Include="..\tesseract_master\cube\conv_net_classifier.h">
      <Filter>Header Files\cube</Filter>
    </ClInclude>
    <ClInclude Include="..\tesseract_master\cube\cube_const.h">
      <Filter>Header Files\cube</Filter>
    </ClInclude>
    <ClInclude Include="..\tesseract_master\cube\cube_line_object.h">
      <Filter>Header Files\cube</Filter>
    </ClInclude>
    <ClInclude Include="..\tesseract_master\cube\cube_line_segmenter.h">
      <Filter>Header Files\cube</Filter>
    </ClInclude>
    <ClInclude Include="..\tesseract_master\cube\cube_object.h">
      <Filter>Header Files\cube</Filter>
    </ClInclude>
    <ClInclude Include="..\tesseract_master\cube\cube_search_object.h">
      <Filter>Header Files\cube</Filter>
    </ClInclude>
    <ClInclude Include="..\tesseract_master\cube\cube_tuning_params.h">
      <Filter>Header Files\cube</Filter>
    </ClInclude>
    <ClInclude Include="..\tesseract_master\cube\cube_utils.h">
      <Filter>Header Files\cube</Filter>
    </ClInclude>
    <ClInclude Include="..\tesseract_master\cube\feature_base.h">
      <Filter>Header Files\cube</Filter>
    </ClInclude>
    <ClInclude Include="..\tesseract_master\cube\feature_bmp.h">
      <Filter>Header Files\cube</Filter>
    </ClInclude>
    <ClInclude Include="..\tesseract_master\cube\feature_chebyshev.h">
      <Filter>Header Files\cube</Filter>
    </ClInclude>
    <ClInclude Include="..\tesseract_master\cube\feature_hybrid.h">
      <Filter>Header Files\cube</Filter>
    </ClInclude>
    <ClInclude Include="..\tesseract_master\cube\hybrid_neural_net_classifier.h">
      <Filter>Header Files\cube</Filter>
    </ClInclude>
    <ClInclude Include="..\tesseract_master\cube\lang_mod_edge.h">
      <Filter>Header Files\cube</Filter>
    </ClInclude>
    <ClInclude Include="..\tesseract_master\cube\lang_model.h">
      <Filter>Header Files\cube</Filter>
    </ClInclude>
    <ClInclude Include="..\tesseract_master\cube\search_column.h">
      <Filter>Header Files\cube</Filter>
    </ClInclude>
    <ClInclude Include="..\tesseract_master\cube\search_node.h">
      <Filter>Header Files\cube</Filter>
    </ClInclude>
    <ClInclude Include="..\tesseract_master\cube\search_object.h">
      <Filter>Header Files\cube</Filter>
    </ClInclude>
    <ClInclude Include="..\tesseract_master\cube\string_32.h">
      <Filter>Header Files\cube</Filter>
    </ClInclude>
    <ClInclude Include="..\tesseract_master\cube\tess_lang_mod_edge.h">
      <Filter>Header Files\cube</Filter>
    </ClInclude>
    <ClInclude Include="..\tesseract_master\cube\tess_lang_model.h">
      <Filter>Header Files\cube</Filter>
    </ClInclude>
    <ClInclude Include="..\tesseract_master\cube\tuning_params.h">
      <Filter>Header Files\cube</Filter>
    </ClInclude>
    <ClInclude Include="..\tesseract_master\cube\word_altlist.h">
      <Filter>Header Files\cube</Filter>
    </ClInclude>
    <ClInclude Include="..\tesseract_master\cube\word_list_lang_model.h">
      <Filter>Header Files\cube</Filter>
    </ClInclude>
    <ClInclude Include="..\tesseract_master\cube\word_size_model.h">
      <Filter>Header Files\cube</Filter>
    </ClInclude>
    <ClInclude Include="..\tesseract_master\cube\word_unigrams.h">
      <Filter>Header Files\cube</Filter>
    </ClInclude>
    <ClInclude Include="..\tesseract_master\cube\altlist.h">
      <Filter>Header Files\cube</Filter>
    </ClInclude>
    <ClInclude Include="..\tesseract_master\cube\beam_search.h">
      <Filter>Header Files\cube</Filter>
    </ClInclude>
    <ClInclude Include="..\tesseract_master\cube\bmp_8.h">
      <Filter>Header Files\cube</Filter>
    </ClInclude>
    <ClInclude Include="..\tesseract_master\cube\cached_file.h">
      <Filter>Header Files\cube</Filter>
    </ClInclude>
    <ClInclude Include="..\tesseract_master\cube\char_altlist.h">
      <Filter>Header Files\cube</Filter>
    </ClInclude>
    <ClInclude Include="..\tesseract_master\cube\char_bigrams.h">
      <Filter>Header Files\cube</Filter>
    </ClInclude>
    <ClInclude Include="..\tesseract_master\cube\char_samp.h">
      <Filter>Header Files\cube</Filter>
    </ClInclude>
    <ClInclude Include="..\tesseract_master\cube\char_samp_enum.h">
      <Filter>Header Files\cube</Filter>
    </ClInclude>
    <ClInclude Include="..\tesseract_master\cube\char_samp_set.h">
      <Filter>Header Files\cube</Filter>
    </ClInclude>
    <ClInclude Include="..\tesseract_master\cube\char_set.h">
      <Filter>Header Files\cube</Filter>
    </ClInclude>
    <ClInclude Include="..\tesseract_master\cube\classifier_base.h">
      <Filter>Header Files\cube</Filter>
    </ClInclude>
    <ClInclude Include="..\tesseract_master\cube\classifier_factory.h">
      <Filter>Header Files\cube</Filter>
    </ClInclude>
    <ClInclude Include="..\tesseract_master\cube\con_comp.h">
      <Filter>Header Files\cube</Filter>
    </ClInclude>
    <ClInclude Include="..\tesseract_master\cutil\cutil.h">
      <Filter>Header Files\cutil</Filter>
    </ClInclude>
    <ClInclude Include="..\tesseract_master\cutil\cutil_class.h">
      <Filter>Header Files\cutil</Filter>
    </ClInclude>
    <ClInclude Include="..\tesseract_master\cutil\danerror.h">
      <Filter>Header Files\cutil</Filter>
    </ClInclude>
    <ClInclude Include="..\tesseract_master\cutil\efio.h">
      <Filter>Header Files\cutil</Filter>
    </ClInclude>
    <ClInclude Include="..\tesseract_master\cutil\emalloc.h">
      <Filter>Header Files\cutil</Filter>
    </ClInclude>
    <ClInclude Include="..\tesseract_master\cutil\freelist.h">
      <Filter>Header Files\cutil</Filter>
    </ClInclude>
    <ClInclude Include="..\tesseract_master\cutil\globals.h">
      <Filter>Header Files\cutil</Filter>
    </ClInclude>
    <ClInclude Include="..\tesseract_master\cutil\listio.h">
      <Filter>Header Files\cutil</Filter>
    </ClInclude>
    <ClInclude Include="..\tesseract_master\cutil\oldlist.h">
      <Filter>Header Files\cutil</Filter>
    </ClInclude>
    <ClInclude Include="..\tesseract_master\cutil\structures.h">
      <Filter>Header Files\cutil</Filter>
    </ClInclude>
    <ClInclude Include="..\tesseract_master\cutil\bitvec.h">
      <Filter>Header Files\cutil</Filter>
    </ClInclude>
    <ClInclude Include="..\tesseract_master\cutil\callcpp.h">
      <Filter>Header Files\cutil</Filter>
    </ClInclude>
    <ClInclude Include="..\tesseract_master\cutil\const.h">
      <Filter>Header Files\cutil</Filter>
    </ClInclude>
    <ClInclude Include="..\tesseract_master\neural_networks\runtime\input_file_buffer.h">
      <Filter>Header Files\neural_networks\runtime</Filter>
    </ClInclude>
    <ClInclude Include="..\tesseract_master\neural_networks\runtime\neural_net.h">
      <Filter>Header Files\neural_networks\runtime</Filter>
    </ClInclude>
    <ClInclude Include="..\tesseract_master\neural_networks\runtime\neuron.h">
      <Filter>Header Files\neural_networks\runtime</Filter>
    </ClInclude>
    <ClInclude Include="..\tesseract_master\textord\bbgrid.h">
      <Filter>Header Files\textord</Filter>
    </ClInclude>
    <ClInclude Include="..\tesseract_master\textord\blkocc.h">
      <Filter>Header Files\textord</Filter>
    </ClInclude>
    <ClInclude Include="..\tesseract_master\textord\blobgrid.h">
      <Filter>Header Files\textord</Filter>
    </ClInclude>
    <ClInclude Include="..\tesseract_master\textord\ccnontextdetect.h">
      <Filter>Header Files\textord</Filter>
    </ClInclude>
    <ClInclude Include="..\tesseract_master\textord\cjkpitch.h">
      <Filter>Header Files\textord</Filter>
    </ClInclude>
    <ClInclude Include="..\tesseract_master\textord\colfind.h">
      <Filter>Header Files\textord</Filter>
    </ClInclude>
    <ClInclude Include="..\tesseract_master\textord\colpartition.h">
      <Filter>Header Files\textord</Filter>
    </ClInclude>
    <ClInclude Include="..\tesseract_master\textord\colpartitiongrid.h">
      <Filter>Header Files\textord</Filter>
    </ClInclude>
    <ClInclude Include="..\tesseract_master\textord\colpartitionset.h">
      <Filter>Header Files\textord</Filter>
    </ClInclude>
    <ClInclude Include="..\tesseract_master\textord\devanagari_processing.h">
      <Filter>Header Files\textord</Filter>
    </ClInclude>
    <ClInclude Include="..\tesseract_master\textord\drawedg.h">
      <Filter>Header Files\textord</Filter>
    </ClInclude>
    <ClInclude Include="..\tesseract_master\textord\drawtord.h">
      <Filter>Header Files\textord</Filter>
    </ClInclude>
    <ClInclude Include="..\tesseract_master\textord\edgblob.h">
      <Filter>Header Files\textord</Filter>
    </ClInclude>
    <ClInclude Include="..\tesseract_master\textord\edgloop.h">
      <Filter>Header Files\textord</Filter>
    </ClInclude>
    <ClInclude Include="..\tesseract_master\textord\equationdetectbase.h">
      <Filter>Header Files\textord</Filter>
    </ClInclude>
    <ClInclude Include="..\tesseract_master\textord\fpchop.h">
      <Filter>Header Files\textord</Filter>
    </ClInclude>
    <ClInclude Include="..\tesseract_master\textord\gap_map.h">
      <Filter>Header Files\textord</Filter>
    </ClInclude>
    <ClInclude Include="..\tesseract_master\textord\imagefind.h">
      <Filter>Header Files\textord</Filter>
    </ClInclude>
    <ClInclude Include="..\tesseract_master\textord\linefind.h">
      <Filter>Header Files\textord</Filter>
    </ClInclude>
    <ClInclude Include="..\tesseract_master\textord\makerow.h">
      <Filter>Header Files\textord</Filter>
    </ClInclude>
    <ClInclude Include="..\tesseract_master\textord\oldbasel.h">
      <Filter>Header Files\textord</Filter>
    </ClInclude>
    <ClInclude Include="..\tesseract_master\textord\pithsync.h">
      <Filter>Header Files\textord</Filter>
    </ClInclude>
    <ClInclude Include="..\tesseract_master\textord\pitsync1.h">
      <Filter>Header Files\textord</Filter>
    </ClInclude>
    <ClInclude Include="..\tesseract_master\textord\scanedg.h">
      <Filter>Header Files\textord</Filter>
    </ClInclude>
    <ClInclude Include="..\tesseract_master\textord\sortflts.h">
      <Filter>Header Files\textord</Filter>
    </ClInclude>
    <ClInclude Include="..\tesseract_master\textord\strokewidth.h">
      <Filter>Header Files\textord</Filter>
    </ClInclude>
    <ClInclude Include="..\tesseract_master\textord\tabfind.h">
      <Filter>Header Files\textord</Filter>
    </ClInclude>
    <ClInclude Include="..\tesseract_master\textord\tablefind.h">
      <Filter>Header Files\textord</Filter>
    </ClInclude>
    <ClInclude Include="..\tesseract_master\textord\tablerecog.h">
      <Filter>Header Files\textord</Filter>
    </ClInclude>
    <ClInclude Include="..\tesseract_master\textord\tabvector.h">
      <Filter>Header Files\textord</Filter>
    </ClInclude>
    <ClInclude Include="..\tesseract_master\textord\textlineprojection.h">
      <Filter>Header Files\textord</Filter>
    </ClInclude>
    <ClInclude Include="..\tesseract_master\textord\textord.h">
      <Filter>Header Files\textord</Filter>
    </ClInclude>
    <ClInclude Include="..\tesseract_master\textord\topitch.h">
      <Filter>Header Files\textord</Filter>
    </ClInclude>
    <ClInclude Include="..\tesseract_master\textord\tordmain.h">
      <Filter>Header Files\textord</Filter>
    </ClInclude>
    <ClInclude Include="..\tesseract_master\textord\tovars.h">
      <Filter>Header Files\textord</Filter>
    </ClInclude>
    <ClInclude Include="..\tesseract_master\textord\underlin.h">
      <Filter>Header Files\textord</Filter>
    </ClInclude>
    <ClInclude Include="..\tesseract_master\textord\wordseg.h">
      <Filter>Header Files\textord</Filter>
    </ClInclude>
    <ClInclude Include="..\tesseract_master\textord\workingpartset.h">
      <Filter>Header Files\textord</Filter>
    </ClInclude>
    <ClInclude Include="..\tesseract_master\textord\alignedblob.h">
      <Filter>Header Files\textord</Filter>
    </ClInclude>
    <ClInclude Include="..\tesseract_master\textord\baselinedetect.h">
      <Filter>Header Files\textord</Filter>
    </ClInclude>
    <ClInclude Include="..\tesseract_master\viewer\scrollview.h">
      <Filter>Header Files\viewer</Filter>
    </ClInclude>
    <ClInclude Include="..\tesseract_master\viewer\svmnode.h">
      <Filter>Header Files\viewer</Filter>
    </ClInclude>
    <ClInclude Include="..\tesseract_master\viewer\svutil.h">
      <Filter>Header Files\viewer</Filter>
    </ClInclude>
    <ClInclude Include="..\tesseract_master\wordrec\associate.h">
      <Filter>Header Files\wordrec</Filter>
    </ClInclude>
    <ClInclude Include="..\tesseract_master\wordrec\chop.h">
      <Filter>Header Files\wordrec</Filter>
    </ClInclude>
    <ClInclude Include="..\tesseract_master\wordrec\chopper.h">
      <Filter>Header Files\wordrec</Filter>
    </ClInclude>
    <ClInclude Include="..\tesseract_master\wordrec\drawfx.h">
      <Filter>Header Files\wordrec</Filter>
    </ClInclude>
    <ClInclude Include="..\tesseract_master\wordrec\findseam.h">
      <Filter>Header Files\wordrec</Filter>
    </ClInclude>
    <ClInclude Include="..\tesseract_master\wordrec\gradechop.h">
      <Filter>Header Files\wordrec</Filter>
    </ClInclude>
    <ClInclude Include="..\tesseract_master\wordrec\language_model.h">
      <Filter>Header Files\wordrec</Filter>
    </ClInclude>
    <ClInclude Include="..\tesseract_master\wordrec\lm_consistency.h">
      <Filter>Header Files\wordrec</Filter>
    </ClInclude>
    <ClInclude Include="..\tesseract_master\wordrec\lm_pain_points.h">
      <Filter>Header Files\wordrec</Filter>
    </ClInclude>
    <ClInclude Include="..\tesseract_master\wordrec\lm_state.h">
      <Filter>Header Files\wordrec</Filter>
    </ClInclude>
    <ClInclude Include="..\tesseract_master\wordrec\measure.h">
      <Filter>Header Files\wordrec</Filter>
    </ClInclude>
    <ClInclude Include="..\tesseract_master\wordrec\outlines.h">
      <Filter>Header Files\wordrec</Filter>
    </ClInclude>
    <ClInclude Include="..\tesseract_master\wordrec\params_model.h">
      <Filter>Header Files\wordrec</Filter>
    </ClInclude>
    <ClInclude Include="..\tesseract_master\wordrec\plotedges.h">
      <Filter>Header Files\wordrec</Filter>
    </ClInclude>
    <ClInclude Include="..\tesseract_master\wordrec\render.h">
      <Filter>Header Files\wordrec</Filter>
    </ClInclude>
    <ClInclude Include="..\tesseract_master\wordrec\wordrec.h">
      <Filter>Header Files\wordrec</Filter>
    </ClInclude>
    <ClInclude Include="..\tesseract_master\dict\dawg.h">
      <Filter>Header Files\dict</Filter>
    </ClInclude>
    <ClInclude Include="..\tesseract_master\dict\dawg_cache.h">
      <Filter>Header Files\dict</Filter>
    </ClInclude>
    <ClInclude Include="..\tesseract_master\dict\dict.h">
      <Filter>Header Files\dict</Filter>
    </ClInclude>
    <ClInclude Include="..\tesseract_master\dict\matchdefs.h">
      <Filter>Header Files\dict</Filter>
    </ClInclude>
    <ClInclude Include="..\tesseract_master\dict\stopper.h">
      <Filter>Header Files\dict</Filter>
    </ClInclude>
    <ClInclude Include="..\tesseract_master\dict\trie.h">
      <Filter>Header Files\dict</Filter>
    </ClInclude>
  </ItemGroup>
  <ItemGroup>
    <ClCompile Include="..\tesseract_master\api\baseapi.cpp">
      <Filter>Source Files\api</Filter>
    </ClCompile>
    <ClCompile Include="..\tesseract_master\api\capi.cpp">
      <Filter>Source Files\api</Filter>
    </ClCompile>
    <ClCompile Include="..\tesseract_master\api\pdfrenderer.cpp">
      <Filter>Source Files\api</Filter>
    </ClCompile>
    <ClCompile Include="..\tesseract_master\api\renderer.cpp">
      <Filter>Source Files\api</Filter>
    </ClCompile>
    <ClCompile Include="..\tesseract_master\ccmain\adaptions.cpp">
      <Filter>Source Files\ccmain</Filter>
    </ClCompile>
    <ClCompile Include="..\tesseract_master\ccmain\applybox.cpp">
      <Filter>Source Files\ccmain</Filter>
    </ClCompile>
    <ClCompile Include="..\tesseract_master\ccmain\control.cpp">
      <Filter>Source Files\ccmain</Filter>
    </ClCompile>
    <ClCompile Include="..\tesseract_master\ccmain\cube_control.cpp">
      <Filter>Source Files\ccmain</Filter>
    </ClCompile>
    <ClCompile Include="..\tesseract_master\ccmain\cube_reco_context.cpp">
      <Filter>Source Files\ccmain</Filter>
    </ClCompile>
    <ClCompile Include="..\tesseract_master\ccmain\cubeclassifier.cpp">
      <Filter>Source Files\ccmain</Filter>
    </ClCompile>
    <ClCompile Include="..\tesseract_master\ccmain\docqual.cpp">
      <Filter>Source Files\ccmain</Filter>
    </ClCompile>
    <ClCompile Include="..\tesseract_master\ccmain\equationdetect.cpp">
      <Filter>Source Files\ccmain</Filter>
    </ClCompile>
    <ClCompile Include="..\tesseract_master\ccmain\fixspace.cpp">
      <Filter>Source Files\ccmain</Filter>
    </ClCompile>
    <ClCompile Include="..\tesseract_master\ccmain\fixxht.cpp">
      <Filter>Source Files\ccmain</Filter>
    </ClCompile>
    <ClCompile Include="..\tesseract_master\ccmain\ltrresultiterator.cpp">
      <Filter>Source Files\ccmain</Filter>
    </ClCompile>
    <ClCompile Include="..\tesseract_master\ccmain\osdetect.cpp">
      <Filter>Source Files\ccmain</Filter>
    </ClCompile>
    <ClCompile Include="..\tesseract_master\ccmain\output.cpp">
      <Filter>Source Files\ccmain</Filter>
    </ClCompile>
    <ClCompile Include="..\tesseract_master\ccmain\pageiterator.cpp">
      <Filter>Source Files\ccmain</Filter>
    </ClCompile>
    <ClCompile Include="..\tesseract_master\ccmain\pagesegmain.cpp">
      <Filter>Source Files\ccmain</Filter>
    </ClCompile>
    <ClCompile Include="..\tesseract_master\ccmain\pagewalk.cpp">
      <Filter>Source Files\ccmain</Filter>
    </ClCompile>
    <ClCompile Include="..\tesseract_master\ccmain\par_control.cpp">
      <Filter>Source Files\ccmain</Filter>
    </ClCompile>
    <ClCompile Include="..\tesseract_master\ccmain\paragraphs.cpp">
      <Filter>Source Files\ccmain</Filter>
    </ClCompile>
    <ClCompile Include="..\tesseract_master\ccmain\paramsd.cpp">
      <Filter>Source Files\ccmain</Filter>
    </ClCompile>
    <ClCompile Include="..\tesseract_master\ccmain\pgedit.cpp">
      <Filter>Source Files\ccmain</Filter>
    </ClCompile>
    <ClCompile Include="..\tesseract_master\ccmain\recogtraining.cpp">
      <Filter>Source Files\ccmain</Filter>
    </ClCompile>
    <ClCompile Include="..\tesseract_master\ccmain\reject.cpp">
      <Filter>Source Files\ccmain</Filter>
    </ClCompile>
    <ClCompile Include="..\tesseract_master\ccmain\resultiterator.cpp">
      <Filter>Source Files\ccmain</Filter>
    </ClCompile>
    <ClCompile Include="..\tesseract_master\ccmain\superscript.cpp">
      <Filter>Source Files\ccmain</Filter>
    </ClCompile>
    <ClCompile Include="..\tesseract_master\ccmain\tessbox.cpp">
      <Filter>Source Files\ccmain</Filter>
    </ClCompile>
    <ClCompile Include="..\tesseract_master\ccmain\tessedit.cpp">
      <Filter>Source Files\ccmain</Filter>
    </ClCompile>
    <ClCompile Include="..\tesseract_master\ccmain\tesseract_cube_combiner.cpp">
      <Filter>Source Files\ccmain</Filter>
    </ClCompile>
    <ClCompile Include="..\tesseract_master\ccmain\tesseractclass.cpp">
      <Filter>Source Files\ccmain</Filter>
    </ClCompile>
    <ClCompile Include="..\tesseract_master\ccmain\tessvars.cpp">
      <Filter>Source Files\ccmain</Filter>
    </ClCompile>
    <ClCompile Include="..\tesseract_master\ccmain\tfacepp.cpp">
      <Filter>Source Files\ccmain</Filter>
    </ClCompile>
    <ClCompile Include="..\tesseract_master\ccmain\thresholder.cpp">
      <Filter>Source Files\ccmain</Filter>
    </ClCompile>
    <ClCompile Include="..\tesseract_master\ccmain\werdit.cpp">
      <Filter>Source Files\ccmain</Filter>
    </ClCompile>
    <ClCompile Include="..\tesseract_master\wordrec\tface.cpp">
      <Filter>Source Files\wordrec</Filter>
    </ClCompile>
    <ClCompile Include="..\tesseract_master\wordrec\render.cpp">
      <Filter>Source Files\wordrec</Filter>
    </ClCompile>
    <ClCompile Include="..\tesseract_master\wordrec\pieces.cpp">
      <Filter>Source Files\wordrec</Filter>
    </ClCompile>
    <ClCompile Include="..\tesseract_master\wordrec\plotedges.cpp">
      <Filter>Source Files\wordrec</Filter>
    </ClCompile>
    <ClCompile Include="..\tesseract_master\wordrec\params_model.cpp">
      <Filter>Source Files\wordrec</Filter>
    </ClCompile>
    <ClCompile Include="..\tesseract_master\wordrec\outlines.cpp">
      <Filter>Source Files\wordrec</Filter>
    </ClCompile>
    <ClCompile Include="..\tesseract_master\wordrec\lm_state.cpp">
      <Filter>Source Files\wordrec</Filter>
    </ClCompile>
    <ClCompile Include="..\tesseract_master\wordrec\lm_pain_points.cpp">
      <Filter>Source Files\wordrec</Filter>
    </ClCompile>
    <ClCompile Include="..\tesseract_master\wordrec\lm_consistency.cpp">
      <Filter>Source Files\wordrec</Filter>
    </ClCompile>
    <ClCompile Include="..\tesseract_master\wordrec\language_model.cpp">
      <Filter>Source Files\wordrec</Filter>
    </ClCompile>
    <ClCompile Include="..\tesseract_master\wordrec\gradechop.cpp">
      <Filter>Source Files\wordrec</Filter>
    </ClCompile>
    <ClCompile Include="..\tesseract_master\wordrec\findseam.cpp">
      <Filter>Source Files\wordrec</Filter>
    </ClCompile>
    <ClCompile Include="..\tesseract_master\wordrec\drawfx.cpp">
      <Filter>Source Files\wordrec</Filter>
    </ClCompile>
    <ClCompile Include="..\tesseract_master\wordrec\chopper.cpp">
      <Filter>Source Files\wordrec</Filter>
    </ClCompile>
    <ClCompile Include="..\tesseract_master\wordrec\chop.cpp">
      <Filter>Source Files\wordrec</Filter>
    </ClCompile>
    <ClCompile Include="..\tesseract_master\wordrec\associate.cpp">
      <Filter>Source Files\wordrec</Filter>
    </ClCompile>
    <ClCompile Include="..\tesseract_master\wordrec\wordrec.cpp">
      <Filter>Source Files\wordrec</Filter>
    </ClCompile>
    <ClCompile Include="..\tesseract_master\wordrec\wordclass.cpp">
      <Filter>Source Files\wordrec</Filter>
    </ClCompile>
    <ClCompile Include="..\tesseract_master\wordrec\segsearch.cpp">
      <Filter>Source Files\wordrec</Filter>
    </ClCompile>
    <ClCompile Include="..\tesseract_master\textord\tabvector.cpp">
      <Filter>Source Files\textord</Filter>
    </ClCompile>
    <ClCompile Include="..\tesseract_master\textord\tablerecog.cpp">
      <Filter>Source Files\textord</Filter>
    </ClCompile>
    <ClCompile Include="..\tesseract_master\textord\tablefind.cpp">
      <Filter>Source Files\textord</Filter>
    </ClCompile>
    <ClCompile Include="..\tesseract_master\textord\tabfind.cpp">
      <Filter>Source Files\textord</Filter>
    </ClCompile>
    <ClCompile Include="..\tesseract_master\textord\strokewidth.cpp">
      <Filter>Source Files\textord</Filter>
    </ClCompile>
    <ClCompile Include="..\tesseract_master\textord\sortflts.cpp">
      <Filter>Source Files\textord</Filter>
    </ClCompile>
    <ClCompile Include="..\tesseract_master\textord\scanedg.cpp">
      <Filter>Source Files\textord</Filter>
    </ClCompile>
    <ClCompile Include="..\tesseract_master\textord\pitsync1.cpp">
      <Filter>Source Files\textord</Filter>
    </ClCompile>
    <ClCompile Include="..\tesseract_master\textord\pithsync.cpp">
      <Filter>Source Files\textord</Filter>
    </ClCompile>
    <ClCompile Include="..\tesseract_master\textord\oldbasel.cpp">
      <Filter>Source Files\textord</Filter>
    </ClCompile>
    <ClCompile Include="..\tesseract_master\textord\makerow.cpp">
      <Filter>Source Files\textord</Filter>
    </ClCompile>
    <ClCompile Include="..\tesseract_master\textord\linefind.cpp">
      <Filter>Source Files\textord</Filter>
    </ClCompile>
    <ClCompile Include="..\tesseract_master\textord\imagefind.cpp">
      <Filter>Source Files\textord</Filter>
    </ClCompile>
    <ClCompile Include="..\tesseract_master\textord\gap_map.cpp">
      <Filter>Source Files\textord</Filter>
    </ClCompile>
    <ClCompile Include="..\tesseract_master\textord\fpchop.cpp">
      <Filter>Source Files\textord</Filter>
    </ClCompile>
    <ClCompile Include="..\tesseract_master\textord\equationdetectbase.cpp">
      <Filter>Source Files\textord</Filter>
    </ClCompile>
    <ClCompile Include="..\tesseract_master\textord\edgloop.cpp">
      <Filter>Source Files\textord</Filter>
    </ClCompile>
    <ClCompile Include="..\tesseract_master\textord\edgblob.cpp">
      <Filter>Source Files\textord</Filter>
    </ClCompile>
    <ClCompile Include="..\tesseract_master\textord\drawtord.cpp">
      <Filter>Source Files\textord</Filter>
    </ClCompile>
    <ClCompile Include="..\tesseract_master\textord\drawedg.cpp">
      <Filter>Source Files\textord</Filter>
    </ClCompile>
    <ClCompile Include="..\tesseract_master\textord\devanagari_processing.cpp">
      <Filter>Source Files\textord</Filter>
    </ClCompile>
    <ClCompile Include="..\tesseract_master\textord\colpartitionset.cpp">
      <Filter>Source Files\textord</Filter>
    </ClCompile>
    <ClCompile Include="..\tesseract_master\textord\colpartitiongrid.cpp">
      <Filter>Source Files\textord</Filter>
    </ClCompile>
    <ClCompile Include="..\tesseract_master\textord\colpartition.cpp">
      <Filter>Source Files\textord</Filter>
    </ClCompile>
    <ClCompile Include="..\tesseract_master\textord\colfind.cpp">
      <Filter>Source Files\textord</Filter>
    </ClCompile>
    <ClCompile Include="..\tesseract_master\textord\cjkpitch.cpp">
      <Filter>Source Files\textord</Filter>
    </ClCompile>
    <ClCompile Include="..\tesseract_master\textord\ccnontextdetect.cpp">
      <Filter>Source Files\textord</Filter>
    </ClCompile>
    <ClCompile Include="..\tesseract_master\textord\blobgrid.cpp">
      <Filter>Source Files\textord</Filter>
    </ClCompile>
    <ClCompile Include="..\tesseract_master\textord\blkocc.cpp">
      <Filter>Source Files\textord</Filter>
    </ClCompile>
    <ClCompile Include="..\tesseract_master\textord\bbgrid.cpp">
      <Filter>Source Files\textord</Filter>
    </ClCompile>
    <ClCompile Include="..\tesseract_master\textord\baselinedetect.cpp">
      <Filter>Source Files\textord</Filter>
    </ClCompile>
    <ClCompile Include="..\tesseract_master\textord\alignedblob.cpp">
      <Filter>Source Files\textord</Filter>
    </ClCompile>
    <ClCompile Include="..\tesseract_master\textord\workingpartset.cpp">
      <Filter>Source Files\textord</Filter>
    </ClCompile>
    <ClCompile Include="..\tesseract_master\textord\wordseg.cpp">
      <Filter>Source Files\textord</Filter>
    </ClCompile>
    <ClCompile Include="..\tesseract_master\textord\underlin.cpp">
      <Filter>Source Files\textord</Filter>
    </ClCompile>
    <ClCompile Include="..\tesseract_master\textord\tospace.cpp">
      <Filter>Source Files\textord</Filter>
    </ClCompile>
    <ClCompile Include="..\tesseract_master\textord\tovars.cpp">
      <Filter>Source Files\textord</Filter>
    </ClCompile>
    <ClCompile Include="..\tesseract_master\textord\tordmain.cpp">
      <Filter>Source Files\textord</Filter>
    </ClCompile>
    <ClCompile Include="..\tesseract_master\textord\topitch.cpp">
      <Filter>Source Files\textord</Filter>
    </ClCompile>
    <ClCompile Include="..\tesseract_master\textord\textord.cpp">
      <Filter>Source Files\textord</Filter>
    </ClCompile>
    <ClCompile Include="..\tesseract_master\textord\textlineprojection.cpp">
      <Filter>Source Files\textord</Filter>
    </ClCompile>
    <ClCompile Include="..\tesseract_master\neural_networks\runtime\neuron.cpp">
      <Filter>Source Files\neural_networks\runtime</Filter>
    </ClCompile>
    <ClCompile Include="..\tesseract_master\neural_networks\runtime\neural_net.cpp">
      <Filter>Source Files\neural_networks\runtime</Filter>
    </ClCompile>
    <ClCompile Include="..\tesseract_master\neural_networks\runtime\sigmoid_table.cpp">
      <Filter>Source Files\neural_networks\runtime</Filter>
    </ClCompile>
    <ClCompile Include="..\tesseract_master\dict\permdawg.cpp">
      <Filter>Source Files\dict</Filter>
    </ClCompile>
    <ClCompile Include="..\tesseract_master\dict\hyphen.cpp">
      <Filter>Source Files\dict</Filter>
    </ClCompile>
    <ClCompile Include="..\tesseract_master\dict\dict.cpp">
      <Filter>Source Files\dict</Filter>
    </ClCompile>
    <ClCompile Include="..\tesseract_master\dict\dawg_cache.cpp">
      <Filter>Source Files\dict</Filter>
    </ClCompile>
    <ClCompile Include="..\tesseract_master\dict\context.cpp">
      <Filter>Source Files\dict</Filter>
    </ClCompile>
    <ClCompile Include="..\tesseract_master\dict\dawg.cpp">
      <Filter>Source Files\dict</Filter>
    </ClCompile>
    <ClCompile Include="..\tesseract_master\dict\trie.cpp">
      <Filter>Source Files\dict</Filter>
    </ClCompile>
    <ClCompile Include="..\tesseract_master\dict\stopper.cpp">
      <Filter>Source Files\dict</Filter>
    </ClCompile>
    <ClCompile Include="..\tesseract_master\cutil\cutil_class.cpp">
      <Filter>Source Files\cutil</Filter>
    </ClCompile>
    <ClCompile Include="..\tesseract_master\cutil\cutil.cpp">
      <Filter>Source Files\cutil</Filter>
    </ClCompile>
    <ClCompile Include="..\tesseract_master\cutil\callcpp.cpp">
      <Filter>Source Files\cutil</Filter>
    </ClCompile>
    <ClCompile Include="..\tesseract_master\cutil\bitvec.cpp">
      <Filter>Source Files\cutil</Filter>
    </ClCompile>
    <ClCompile Include="..\tesseract_master\cutil\structures.cpp">
      <Filter>Source Files\cutil</Filter>
    </ClCompile>
    <ClCompile Include="..\tesseract_master\cutil\oldlist.cpp">
      <Filter>Source Files\cutil</Filter>
    </ClCompile>
    <ClCompile Include="..\tesseract_master\cutil\listio.cpp">
      <Filter>Source Files\cutil</Filter>
    </ClCompile>
    <ClCompile Include="..\tesseract_master\cutil\freelist.cpp">
      <Filter>Source Files\cutil</Filter>
    </ClCompile>
    <ClCompile Include="..\tesseract_master\cutil\efio.cpp">
      <Filter>Source Files\cutil</Filter>
    </ClCompile>
    <ClCompile Include="..\tesseract_master\cutil\emalloc.cpp">
      <Filter>Source Files\cutil</Filter>
    </ClCompile>
    <ClCompile Include="..\tesseract_master\cutil\danerror.cpp">
      <Filter>Source Files\cutil</Filter>
    </ClCompile>
    <ClCompile Include="..\tesseract_master\cube\feature_chebyshev.cpp">
      <Filter>Source Files\cube</Filter>
    </ClCompile>
    <ClCompile Include="..\tesseract_master\cube\feature_bmp.cpp">
      <Filter>Source Files\cube</Filter>
    </ClCompile>
    <ClCompile Include="..\tesseract_master\cube\cube_utils.cpp">
      <Filter>Source Files\cube</Filter>
    </ClCompile>
    <ClCompile Include="..\tesseract_master\cube\cube_tuning_params.cpp">
      <Filter>Source Files\cube</Filter>
    </ClCompile>
    <ClCompile Include="..\tesseract_master\cube\cube_search_object.cpp">
      <Filter>Source Files\cube</Filter>
    </ClCompile>
    <ClCompile Include="..\tesseract_master\cube\cube_object.cpp">
      <Filter>Source Files\cube</Filter>
    </ClCompile>
    <ClCompile Include="..\tesseract_master\cube\cube_line_segmenter.cpp">
      <Filter>Source Files\cube</Filter>
    </ClCompile>
    <ClCompile Include="..\tesseract_master\cube\cube_line_object.cpp">
      <Filter>Source Files\cube</Filter>
    </ClCompile>
    <ClCompile Include="..\tesseract_master\cube\conv_net_classifier.cpp">
      <Filter>Source Files\cube</Filter>
    </ClCompile>
    <ClCompile Include="..\tesseract_master\cube\con_comp.cpp">
      <Filter>Source Files\cube</Filter>
    </ClCompile>
    <ClCompile Include="..\tesseract_master\cube\classifier_factory.cpp">
      <Filter>Source Files\cube</Filter>
    </ClCompile>
    <ClCompile Include="..\tesseract_master\cube\char_set.cpp">
      <Filter>Source Files\cube</Filter>
    </ClCompile>
    <ClCompile Include="..\tesseract_master\cube\char_samp_set.cpp">
      <Filter>Source Files\cube</Filter>
    </ClCompile>
    <ClCompile Include="..\tesseract_master\cube\char_samp_enum.cpp">
      <Filter>Source Files\cube</Filter>
    </ClCompile>
    <ClCompile Include="..\tesseract_master\cube\char_samp.cpp">
      <Filter>Source Files\cube</Filter>
    </ClCompile>
    <ClCompile Include="..\tesseract_master\cube\char_bigrams.cpp">
      <Filter>Source Files\cube</Filter>
    </ClCompile>
    <ClCompile Include="..\tesseract_master\cube\char_altlist.cpp">
      <Filter>Source Files\cube</Filter>
    </ClCompile>
    <ClCompile Include="..\tesseract_master\cube\cached_file.cpp">
      <Filter>Source Files\cube</Filter>
    </ClCompile>
    <ClCompile Include="..\tesseract_master\cube\bmp_8.cpp">
      <Filter>Source Files\cube</Filter>
    </ClCompile>
    <ClCompile Include="..\tesseract_master\cube\beam_search.cpp">
      <Filter>Source Files\cube</Filter>
    </ClCompile>
    <ClCompile Include="..\tesseract_master\cube\altlist.cpp">
      <Filter>Source Files\cube</Filter>
    </ClCompile>
    <ClCompile Include="..\tesseract_master\cube\word_unigrams.cpp">
      <Filter>Source Files\cube</Filter>
    </ClCompile>
    <ClCompile Include="..\tesseract_master\cube\word_size_model.cpp">
      <Filter>Source Files\cube</Filter>
    </ClCompile>
    <ClCompile Include="..\tesseract_master\cube\word_list_lang_model.cpp">
      <Filter>Source Files\cube</Filter>
    </ClCompile>
    <ClCompile Include="..\tesseract_master\cube\word_altlist.cpp">
      <Filter>Source Files\cube</Filter>
    </ClCompile>
    <ClCompile Include="..\tesseract_master\cube\tess_lang_model.cpp">
      <Filter>Source Files\cube</Filter>
    </ClCompile>
    <ClCompile Include="..\tesseract_master\cube\tess_lang_mod_edge.cpp">
      <Filter>Source Files\cube</Filter>
    </ClCompile>
    <ClCompile Include="..\tesseract_master\cube\search_node.cpp">
      <Filter>Source Files\cube</Filter>
    </ClCompile>
    <ClCompile Include="..\tesseract_master\cube\search_column.cpp">
      <Filter>Source Files\cube</Filter>
    </ClCompile>
    <ClCompile Include="..\tesseract_master\cube\hybrid_neural_net_classifier.cpp">
      <Filter>Source Files\cube</Filter>
    </ClCompile>
    <ClCompile Include="..\tesseract_master\cube\feature_hybrid.cpp">
      <Filter>Source Files\cube</Filter>
    </ClCompile>
    <ClCompile Include="..\tesseract_master\classify\mf.cpp">
      <Filter>Source Files\classify</Filter>
    </ClCompile>
    <ClCompile Include="..\tesseract_master\classify\mastertrainer.cpp">
      <Filter>Source Files\classify</Filter>
    </ClCompile>
    <ClCompile Include="..\tesseract_master\classify\kdtree.cpp">
      <Filter>Source Files\classify</Filter>
    </ClCompile>
    <ClCompile Include="..\tesseract_master\classify\intproto.cpp">
      <Filter>Source Files\classify</Filter>
    </ClCompile>
    <ClCompile Include="..\tesseract_master\classify\intmatcher.cpp">
      <Filter>Source Files\classify</Filter>
    </ClCompile>
    <ClCompile Include="..\tesseract_master\classify\intfx.cpp">
      <Filter>Source Files\classify</Filter>
    </ClCompile>
    <ClCompile Include="..\tesseract_master\classify\intfeaturespace.cpp">
      <Filter>Source Files\classify</Filter>
    </ClCompile>
    <ClCompile Include="..\tesseract_master\classify\intfeaturemap.cpp">
      <Filter>Source Files\classify</Filter>
    </ClCompile>
    <ClCompile Include="..\tesseract_master\classify\fpoint.cpp">
      <Filter>Source Files\classify</Filter>
    </ClCompile>
    <ClCompile Include="..\tesseract_master\classify\intfeaturedist.cpp">
      <Filter>Source Files\classify</Filter>
    </ClCompile>
    <ClCompile Include="..\tesseract_master\classify\float2int.cpp">
      <Filter>Source Files\classify</Filter>
    </ClCompile>
    <ClCompile Include="..\tesseract_master\classify\featdefs.cpp">
      <Filter>Source Files\classify</Filter>
    </ClCompile>
    <ClCompile Include="..\tesseract_master\classify\errorcounter.cpp">
      <Filter>Source Files\classify</Filter>
    </ClCompile>
    <ClCompile Include="..\tesseract_master\classify\cutoffs.cpp">
      <Filter>Source Files\classify</Filter>
    </ClCompile>
    <ClCompile Include="..\tesseract_master\classify\clusttool.cpp">
      <Filter>Source Files\classify</Filter>
    </ClCompile>
    <ClCompile Include="..\tesseract_master\classify\cluster.cpp">
      <Filter>Source Files\classify</Filter>
    </ClCompile>
    <ClCompile Include="..\tesseract_master\classify\classify.cpp">
      <Filter>Source Files\classify</Filter>
    </ClCompile>
    <ClCompile Include="..\tesseract_master\classify\blobclass.cpp">
      <Filter>Source Files\classify</Filter>
    </ClCompile>
    <ClCompile Include="..\tesseract_master\classify\adaptmatch.cpp">
      <Filter>Source Files\classify</Filter>
    </ClCompile>
    <ClCompile Include="..\tesseract_master\classify\adaptive.cpp">
      <Filter>Source Files\classify</Filter>
    </ClCompile>
    <ClCompile Include="..\tesseract_master\classify\trainingsampleset.cpp">
      <Filter>Source Files\classify</Filter>
    </ClCompile>
    <ClCompile Include="..\tesseract_master\classify\trainingsample.cpp">
      <Filter>Source Files\classify</Filter>
    </ClCompile>
    <ClCompile Include="..\tesseract_master\classify\tessclassifier.cpp">
      <Filter>Source Files\classify</Filter>
    </ClCompile>
    <ClCompile Include="..\tesseract_master\classify\shapetable.cpp">
      <Filter>Source Files\classify</Filter>
    </ClCompile>
    <ClCompile Include="..\tesseract_master\classify\shapeclassifier.cpp">
      <Filter>Source Files\classify</Filter>
    </ClCompile>
    <ClCompile Include="..\tesseract_master\classify\sampleiterator.cpp">
      <Filter>Source Files\classify</Filter>
    </ClCompile>
    <ClCompile Include="..\tesseract_master\classify\protos.cpp">
      <Filter>Source Files\classify</Filter>
    </ClCompile>
    <ClCompile Include="..\tesseract_master\classify\picofeat.cpp">
      <Filter>Source Files\classify</Filter>
    </ClCompile>
    <ClCompile Include="..\tesseract_master\classify\outfeat.cpp">
      <Filter>Source Files\classify</Filter>
    </ClCompile>
    <ClCompile Include="..\tesseract_master\classify\ocrfeatures.cpp">
      <Filter>Source Files\classify</Filter>
    </ClCompile>
    <ClCompile Include="..\tesseract_master\classify\normmatch.cpp">
      <Filter>Source Files\classify</Filter>
    </ClCompile>
    <ClCompile Include="..\tesseract_master\classify\mfx.cpp">
      <Filter>Source Files\classify</Filter>
    </ClCompile>
    <ClCompile Include="..\tesseract_master\classify\normfeat.cpp">
      <Filter>Source Files\classify</Filter>
    </ClCompile>
    <ClCompile Include="..\tesseract_master\classify\mfoutline.cpp">
      <Filter>Source Files\classify</Filter>
    </ClCompile>
    <ClCompile Include="..\tesseract_master\classify\mfdefs.cpp">
      <Filter>Source Files\classify</Filter>
    </ClCompile>
    <ClCompile Include="..\tesseract_master\ccutil\mainblk.cpp">
      <Filter>Source Files\ccutil</Filter>
    </ClCompile>
    <ClCompile Include="..\tesseract_master\ccutil\indexmapbidi.cpp">
      <Filter>Source Files\ccutil</Filter>
    </ClCompile>
    <ClCompile Include="..\tesseract_master\ccutil\globaloc.cpp">
      <Filter>Source Files\ccutil</Filter>
    </ClCompile>
    <ClCompile Include="..\tesseract_master\ccutil\errcode.cpp">
      <Filter>Source Files\ccutil</Filter>
    </ClCompile>
    <ClCompile Include="..\tesseract_master\ccutil\elst2.cpp">
      <Filter>Source Files\ccutil</Filter>
    </ClCompile>
    <ClCompile Include="..\tesseract_master\ccutil\elst.cpp">
      <Filter>Source Files\ccutil</Filter>
    </ClCompile>
    <ClCompile Include="..\tesseract_master\ccutil\clst.cpp">
      <Filter>Source Files\ccutil</Filter>
    </ClCompile>
    <ClCompile Include="..\tesseract_master\ccutil\ccutil.cpp">
      <Filter>Source Files\ccutil</Filter>
    </ClCompile>
    <ClCompile Include="..\tesseract_master\ccutil\bitvector.cpp">
      <Filter>Source Files\ccutil</Filter>
    </ClCompile>
    <ClCompile Include="..\tesseract_master\ccutil\bits16.cpp">
      <Filter>Source Files\ccutil</Filter>
    </ClCompile>
    <ClCompile Include="..\tesseract_master\ccutil\basedir.cpp">
      <Filter>Source Files\ccutil</Filter>
    </ClCompile>
    <ClCompile Include="..\tesseract_master\ccutil\ambigs.cpp">
      <Filter>Source Files\ccutil</Filter>
    </ClCompile>
    <ClCompile Include="..\tesseract_master\ccutil\universalambigs.cpp">
      <Filter>Source Files\ccutil</Filter>
    </ClCompile>
    <ClCompile Include="..\tesseract_master\ccutil\unicodes.cpp">
      <Filter>Source Files\ccutil</Filter>
    </ClCompile>
    <ClCompile Include="..\tesseract_master\ccutil\unicharset.cpp">
      <Filter>Source Files\ccutil</Filter>
    </ClCompile>
    <ClCompile Include="..\tesseract_master\ccutil\unicharmap.cpp">
      <Filter>Source Files\ccutil</Filter>
    </ClCompile>
    <ClCompile Include="..\tesseract_master\ccutil\unichar.cpp">
      <Filter>Source Files\ccutil</Filter>
    </ClCompile>
    <ClCompile Include="..\tesseract_master\ccutil\tprintf.cpp">
      <Filter>Source Files\ccutil</Filter>
    </ClCompile>
    <ClCompile Include="..\tesseract_master\ccutil\tessdatamanager.cpp">
      <Filter>Source Files\ccutil</Filter>
    </ClCompile>
    <ClCompile Include="..\tesseract_master\ccutil\strngs.cpp">
      <Filter>Source Files\ccutil</Filter>
    </ClCompile>
    <ClCompile Include="..\tesseract_master\ccutil\serialis.cpp">
      <Filter>Source Files\ccutil</Filter>
    </ClCompile>
    <ClCompile Include="..\tesseract_master\ccutil\scanutils.cpp">
      <Filter>Source Files\ccutil</Filter>
    </ClCompile>
    <ClCompile Include="..\tesseract_master\ccutil\params.cpp">
      <Filter>Source Files\ccutil</Filter>
    </ClCompile>
    <ClCompile Include="..\tesseract_master\ccutil\memry.cpp">
      <Filter>Source Files\ccutil</Filter>
    </ClCompile>
    <ClCompile Include="..\tesseract_master\ccstruct\boxread.cpp">
      <Filter>Source Files\ccstruct</Filter>
    </ClCompile>
    <ClCompile Include="..\tesseract_master\ccstruct\blread.cpp">
      <Filter>Source Files\ccstruct</Filter>
    </ClCompile>
    <ClCompile Include="..\tesseract_master\ccstruct\blobs.cpp">
      <Filter>Source Files\ccstruct</Filter>
    </ClCompile>
    <ClCompile Include="..\tesseract_master\ccstruct\blobbox.cpp">
      <Filter>Source Files\ccstruct</Filter>
    </ClCompile>
    <ClCompile Include="..\tesseract_master\ccstruct\blamer.cpp">
      <Filter>Source Files\ccstruct</Filter>
    </ClCompile>
    <ClCompile Include="..\tesseract_master\ccstruct\werd.cpp">
      <Filter>Source Files\ccstruct</Filter>
    </ClCompile>
    <ClCompile Include="..\tesseract_master\ccstruct\vecfuncs.cpp">
      <Filter>Source Files\ccstruct</Filter>
    </ClCompile>
    <ClCompile Include="..\tesseract_master\ccstruct\stepblob.cpp">
      <Filter>Source Files\ccstruct</Filter>
    </ClCompile>
    <ClCompile Include="..\tesseract_master\ccstruct\statistc.cpp">
      <Filter>Source Files\ccstruct</Filter>
    </ClCompile>
    <ClCompile Include="..\tesseract_master\ccstruct\split.cpp">
      <Filter>Source Files\ccstruct</Filter>
    </ClCompile>
    <ClCompile Include="..\tesseract_master\ccstruct\seam.cpp">
      <Filter>Source Files\ccstruct</Filter>
    </ClCompile>
    <ClCompile Include="..\tesseract_master\ccstruct\rejctmap.cpp">
      <Filter>Source Files\ccstruct</Filter>
    </ClCompile>
    <ClCompile Include="..\tesseract_master\ccstruct\rect.cpp">
      <Filter>Source Files\ccstruct</Filter>
    </ClCompile>
    <ClCompile Include="..\tesseract_master\ccstruct\ratngs.cpp">
      <Filter>Source Files\ccstruct</Filter>
    </ClCompile>
    <ClCompile Include="..\tesseract_master\ccstruct\quspline.cpp">
      <Filter>Source Files\ccstruct</Filter>
    </ClCompile>
    <ClCompile Include="..\tesseract_master\ccstruct\quadlsq.cpp">
      <Filter>Source Files\ccstruct</Filter>
    </ClCompile>
    <ClCompile Include="..\tesseract_master\ccstruct\publictypes.cpp">
      <Filter>Source Files\ccstruct</Filter>
    </ClCompile>
    <ClCompile Include="..\tesseract_master\ccstruct\polyblk.cpp">
      <Filter>Source Files\ccstruct</Filter>
    </ClCompile>
    <ClCompile Include="..\tesseract_master\ccstruct\polyaprx.cpp">
      <Filter>Source Files\ccstruct</Filter>
    </ClCompile>
    <ClCompile Include="..\tesseract_master\ccstruct\points.cpp">
      <Filter>Source Files\ccstruct</Filter>
    </ClCompile>
    <ClCompile Include="..\tesseract_master\ccstruct\pdblock.cpp">
      <Filter>Source Files\ccstruct</Filter>
    </ClCompile>
    <ClCompile Include="..\tesseract_master\ccstruct\params_training_featdef.cpp">
      <Filter>Source Files\ccstruct</Filter>
    </ClCompile>
    <ClCompile Include="..\tesseract_master\ccstruct\pageres.cpp">
      <Filter>Source Files\ccstruct</Filter>
    </ClCompile>
    <ClCompile Include="..\tesseract_master\ccstruct\otsuthr.cpp">
      <Filter>Source Files\ccstruct</Filter>
    </ClCompile>
    <ClCompile Include="..\tesseract_master\ccstruct\ocrrow.cpp">
      <Filter>Source Files\ccstruct</Filter>
    </ClCompile>
    <ClCompile Include="..\tesseract_master\ccstruct\ocrpara.cpp">
      <Filter>Source Files\ccstruct</Filter>
    </ClCompile>
    <ClCompile Include="..\tesseract_master\ccstruct\ocrblock.cpp">
      <Filter>Source Files\ccstruct</Filter>
    </ClCompile>
    <ClCompile Include="..\tesseract_master\ccstruct\normalis.cpp">
      <Filter>Source Files\ccstruct</Filter>
    </ClCompile>
    <ClCompile Include="..\tesseract_master\ccstruct\mod128.cpp">
      <Filter>Source Files\ccstruct</Filter>
    </ClCompile>
    <ClCompile Include="..\tesseract_master\ccstruct\matrix.cpp">
      <Filter>Source Files\ccstruct</Filter>
    </ClCompile>
    <ClCompile Include="..\tesseract_master\ccstruct\linlsq.cpp">
      <Filter>Source Files\ccstruct</Filter>
    </ClCompile>
    <ClCompile Include="..\tesseract_master\ccstruct\imagedata.cpp">
      <Filter>Source Files\ccstruct</Filter>
    </ClCompile>
    <ClCompile Include="..\tesseract_master\ccstruct\genblob.cpp">
      <Filter>Source Files\ccstruct</Filter>
    </ClCompile>
    <ClCompile Include="..\tesseract_master\ccstruct\fontinfo.cpp">
      <Filter>Source Files\ccstruct</Filter>
    </ClCompile>
    <ClCompile Include="..\tesseract_master\ccstruct\dppoint.cpp">
      <Filter>Source Files\ccstruct</Filter>
    </ClCompile>
    <ClCompile Include="..\tesseract_master\ccstruct\detlinefit.cpp">
      <Filter>Source Files\ccstruct</Filter>
    </ClCompile>
    <ClCompile Include="..\tesseract_master\ccstruct\coutln.cpp">
      <Filter>Source Files\ccstruct</Filter>
    </ClCompile>
    <ClCompile Include="..\tesseract_master\ccstruct\ccstruct.cpp">
      <Filter>Source Files\ccstruct</Filter>
    </ClCompile>
    <ClCompile Include="..\tesseract_master\ccstruct\boxword.cpp">
      <Filter>Source Files\ccstruct</Filter>
    </ClCompile>
    <ClCompile Include="..\tesseract_master\opencl\openclwrapper.cpp">
      <Filter>Source Files\opencl</Filter>
    </ClCompile>
    <ClCompile Include="..\tesseract_master\vs2010\port\gettimeofday.cpp">
      <Filter>Source Files\port</Filter>
    </ClCompile>
    <ClCompile Include="..\tesseract_master\vs2010\port\strcasestr.cpp">
      <Filter>Source Files\port</Filter>
    </ClCompile>
    <ClCompile Include="..\tesseract_master\vs2010\port\strtok_r.cpp">
      <Filter>Source Files\port</Filter>
    </ClCompile>
    <ClCompile Include="..\tesseract_master\viewer\scrollview.cpp">
      <Filter>Source Files\viewer</Filter>
    </ClCompile>
    <ClCompile Include="..\tesseract_master\viewer\svmnode.cpp">
      <Filter>Source Files\viewer</Filter>
    </ClCompile>
    <ClCompile Include="..\tesseract_master\viewer\svpaint.cpp">
      <Filter>Source Files\viewer</Filter>
    </ClCompile>
    <ClCompile Include="..\tesseract_master\viewer\svutil.cpp">
      <Filter>Source Files\viewer</Filter>
    </ClCompile>
    <ClCompile Include="..\tesseract_master\neural_networks\runtime\input_file_buffer.cpp">
      <Filter>Source Files\neural_networks\runtime</Filter>
    </ClCompile>
  </ItemGroup>
  <ItemGroup>
    <None Include="..\tesseract_master\AUTHORS" />
    <None Include="..\tesseract_master\ChangeLog" />
    <None Include="..\tesseract_master\COPYING" />
    <None Include="..\tesseract_master\INSTALL" />
    <None Include="..\tesseract_master\NEWS" />
    <None Include="..\tesseract_master\README.md" />
    <None Include="..\tesseract_master\ReleaseNotes" />
  </ItemGroup>
</Project>