<?xml version="1.0" encoding="utf-8"?>
<Project ToolsVersion="4.0" xmlns="http://schemas.microsoft.com/developer/msbuild/2003">
  <ItemGroup>
    <Filter Include="Source Files">
      <UniqueIdentifier>{4FC737F1-C7A5-4376-A066-2A32D752A2FF}</UniqueIdentifier>
      <Extensions>cpp;c;cc;cxx;def;odl;idl;hpj;bat;asm;asmx</Extensions>
    </Filter>
    <Filter Include="Header Files">
      <UniqueIdentifier>{93995380-89BD-4b04-88EB-625FBE52EBFB}</UniqueIdentifier>
      <Extensions>h;hh;hpp;hxx;hm;inl;inc;xsd</Extensions>
    </Filter>
    <Filter Include="Resource Files">
      <UniqueIdentifier>{67DA6AB6-F800-4c08-8B7A-83BB121AAD01}</UniqueIdentifier>
      <Extensions>rc;ico;cur;bmp;dlg;rc2;rct;bin;rgs;gif;jpg;jpeg;jpe;resx;tiff;tif;png;wav;mfcribbon-ms</Extensions>
    </Filter>
  </ItemGroup>
  <ItemGroup>
    <ClInclude Include="src\allheaders.h">
      <Filter>Header Files</Filter>
    </ClInclude>
    <ClInclude Include="src\alltypes.h">
      <Filter>Header Files</Filter>
    </ClInclude>
    <ClInclude Include="src\array.h">
      <Filter>Header Files</Filter>
    </ClInclude>
    <ClInclude Include="src\arrayaccess.h">
      <Filter>Header Files</Filter>
    </ClInclude>
    <ClInclude Include="src\bbuffer.h">
      <Filter>Header Files</Filter>
    </ClInclude>
    <ClInclude Include="src\bilateral.h">
      <Filter>Header Files</Filter>
    </ClInclude>
    <ClInclude Include="src\bmf.h">
      <Filter>Header Files</Filter>
    </ClInclude>
    <ClInclude Include="src\bmfdata.h">
      <Filter>Header Files</Filter>
    </ClInclude>
    <ClInclude Include="src\bmp.h">
      <Filter>Header Files</Filter>
    </ClInclude>
    <ClInclude Include="src\ccbord.h">
      <Filter>Header Files</Filter>
    </ClInclude>
    <ClInclude Include="src\dewarp.h">
      <Filter>Header Files</Filter>
    </ClInclude>
    <ClInclude Include="src\endianness.h">
      <Filter>Header Files</Filter>
    </ClInclude>
    <ClInclude Include="src\gplot.h">
      <Filter>Header Files</Filter>
    </ClInclude>
    <ClInclude Include="src\heap.h">
      <Filter>Header Files</Filter>
    </ClInclude>
    <ClInclude Include="src\imageio.h">
      <Filter>Header Files</Filter>
    </ClInclude>
    <ClInclude Include="src\jbclass.h">
      <Filter>Header Files</Filter>
    </ClInclude>
    <ClInclude Include="src\leptwin.h">
      <Filter>Header Files</Filter>
    </ClInclude>
    <ClInclude Include="src\list.h">
      <Filter>Header Files</Filter>
    </ClInclude>
    <ClInclude Include="src\morph.h">
      <Filter>Header Files</Filter>
    </ClInclude>
    <ClInclude Include="src\pix.h">
      <Filter>Header Files</Filter>
    </ClInclude>
    <ClInclude Include="src\ptra.h">
      <Filter>Header Files</Filter>
    </ClInclude>
    <ClInclude Include="src\queue.h">
      <Filter>Header Files</Filter>
    </ClInclude>
    <ClInclude Include="src\readbarcode.h">
      <Filter>Header Files</Filter>
    </ClInclude>
    <ClInclude Include="src\recog.h">
      <Filter>Header Files</Filter>
    </ClInclude>
    <ClInclude Include="src\stack.h">
      <Filter>Header Files</Filter>
    </ClInclude>
    <ClInclude Include="src\stringcode.h">
      <Filter>Header Files</Filter>
    </ClInclude>
    <ClInclude Include="src\sudoku.h">
      <Filter>Header Files</Filter>
    </ClInclude>
    <ClInclude Include="src\watershed.h">
      <Filter>Header Files</Filter>
    </ClInclude>
    <ClInclude Include="src\environ.h" />
    <ClInclude Include="src\rbtree.h">
      <Filter>Header Files</Filter>
    </ClInclude>
  </ItemGroup>
  <ItemGroup>
    <None Include="README.html" />
    <None Include="version-notes.html" />
  </ItemGroup>
  <ItemGroup>
    <ClCompile Include="src\adaptmap.c">
      <Filter>Source Files</Filter>
    </ClCompile>
    <ClCompile Include="src\affine.c">
      <Filter>Source Files</Filter>
    </ClCompile>
    <ClCompile Include="src\affinecompose.c">
      <Filter>Source Files</Filter>
    </ClCompile>
    <ClCompile Include="src\arrayaccess.c">
      <Filter>Source Files</Filter>
    </ClCompile>
    <ClCompile Include="src\bardecode.c">
      <Filter>Source Files</Filter>
    </ClCompile>
    <ClCompile Include="src\baseline.c">
      <Filter>Source Files</Filter>
    </ClCompile>
    <ClCompile Include="src\bbuffer.c">
      <Filter>Source Files</Filter>
    </ClCompile>
    <ClCompile Include="src\bilateral.c">
      <Filter>Source Files</Filter>
    </ClCompile>
    <ClCompile Include="src\bilinear.c">
      <Filter>Source Files</Filter>
    </ClCompile>
    <ClCompile Include="src\binarize.c">
      <Filter>Source Files</Filter>
    </ClCompile>
    <ClCompile Include="src\binexpand.c">
      <Filter>Source Files</Filter>
    </ClCompile>
    <ClCompile Include="src\binreduce.c">
      <Filter>Source Files</Filter>
    </ClCompile>
    <ClCompile Include="src\blend.c">
      <Filter>Source Files</Filter>
    </ClCompile>
    <ClCompile Include="src\bmf.c">
      <Filter>Source Files</Filter>
    </ClCompile>
    <ClCompile Include="src\bmpio.c">
      <Filter>Source Files</Filter>
    </ClCompile>
    <ClCompile Include="src\bmpiostub.c">
      <Filter>Source Files</Filter>
    </ClCompile>
    <ClCompile Include="src\boxbasic.c">
      <Filter>Source Files</Filter>
    </ClCompile>
    <ClCompile Include="src\boxfunc1.c">
      <Filter>Source Files</Filter>
    </ClCompile>
    <ClCompile Include="src\boxfunc2.c">
      <Filter>Source Files</Filter>
    </ClCompile>
    <ClCompile Include="src\boxfunc3.c">
      <Filter>Source Files</Filter>
    </ClCompile>
    <ClCompile Include="src\boxfunc4.c">
      <Filter>Source Files</Filter>
    </ClCompile>
    <ClCompile Include="src\bytearray.c">
      <Filter>Source Files</Filter>
    </ClCompile>
    <ClCompile Include="src\ccbord.c">
      <Filter>Source Files</Filter>
    </ClCompile>
    <ClCompile Include="src\ccthin.c">
      <Filter>Source Files</Filter>
    </ClCompile>
    <ClCompile Include="src\classapp.c">
      <Filter>Source Files</Filter>
    </ClCompile>
    <ClCompile Include="src\colorcontent.c">
      <Filter>Source Files</Filter>
    </ClCompile>
    <ClCompile Include="src\coloring.c">
      <Filter>Source Files</Filter>
    </ClCompile>
    <ClCompile Include="src\colormap.c">
      <Filter>Source Files</Filter>
    </ClCompile>
    <ClCompile Include="src\colormorph.c">
      <Filter>Source Files</Filter>
    </ClCompile>
    <ClCompile Include="src\colorquant1.c">
      <Filter>Source Files</Filter>
    </ClCompile>
    <ClCompile Include="src\colorquant2.c">
      <Filter>Source Files</Filter>
    </ClCompile>
    <ClCompile Include="src\colorseg.c">
      <Filter>Source Files</Filter>
    </ClCompile>
    <ClCompile Include="src\colorspace.c">
      <Filter>Source Files</Filter>
    </ClCompile>
    <ClCompile Include="src\compare.c">
      <Filter>Source Files</Filter>
    </ClCompile>
    <ClCompile Include="src\conncomp.c">
      <Filter>Source Files</Filter>
    </ClCompile>
    <ClCompile Include="src\convertfiles.c">
      <Filter>Source Files</Filter>
    </ClCompile>
    <ClCompile Include="src\convolve.c">
      <Filter>Source Files</Filter>
    </ClCompile>
    <ClCompile Include="src\correlscore.c">
      <Filter>Source Files</Filter>
    </ClCompile>
    <ClCompile Include="src\dewarp1.c">
      <Filter>Source Files</Filter>
    </ClCompile>
    <ClCompile Include="src\dewarp2.c">
      <Filter>Source Files</Filter>
    </ClCompile>
    <ClCompile Include="src\dewarp3.c">
      <Filter>Source Files</Filter>
    </ClCompile>
    <ClCompile Include="src\dewarp4.c">
      <Filter>Source Files</Filter>
    </ClCompile>
    <ClCompile Include="src\dnabasic.c">
      <Filter>Source Files</Filter>
    </ClCompile>
    <ClCompile Include="src\dwacomb.2.c">
      <Filter>Source Files</Filter>
    </ClCompile>
    <ClCompile Include="src\dwacomblow.2.c">
      <Filter>Source Files</Filter>
    </ClCompile>
    <ClCompile Include="src\edge.c">
      <Filter>Source Files</Filter>
    </ClCompile>
    <ClCompile Include="src\encoding.c">
      <Filter>Source Files</Filter>
    </ClCompile>
    <ClCompile Include="src\enhance.c">
      <Filter>Source Files</Filter>
    </ClCompile>
    <ClCompile Include="src\fhmtauto.c">
      <Filter>Source Files</Filter>
    </ClCompile>
    <ClCompile Include="src\fhmtgen.1.c">
      <Filter>Source Files</Filter>
    </ClCompile>
    <ClCompile Include="src\fhmtgenlow.1.c">
      <Filter>Source Files</Filter>
    </ClCompile>
    <ClCompile Include="src\finditalic.c">
      <Filter>Source Files</Filter>
    </ClCompile>
    <ClCompile Include="src\flipdetect.c">
      <Filter>Source Files</Filter>
    </ClCompile>
    <ClCompile Include="src\fliphmtgen.c">
      <Filter>Source Files</Filter>
    </ClCompile>
    <ClCompile Include="src\fmorphauto.c">
      <Filter>Source Files</Filter>
    </ClCompile>
    <ClCompile Include="src\fmorphgen.1.c">
      <Filter>Source Files</Filter>
    </ClCompile>
    <ClCompile Include="src\fmorphgenlow.1.c">
      <Filter>Source Files</Filter>
    </ClCompile>
    <ClCompile Include="src\fpix1.c">
      <Filter>Source Files</Filter>
    </ClCompile>
    <ClCompile Include="src\fpix2.c">
      <Filter>Source Files</Filter>
    </ClCompile>
    <ClCompile Include="src\gifio.c">
      <Filter>Source Files</Filter>
    </ClCompile>
    <ClCompile Include="src\gifiostub.c">
      <Filter>Source Files</Filter>
    </ClCompile>
    <ClCompile Include="src\gplot.c">
      <Filter>Source Files</Filter>
    </ClCompile>
    <ClCompile Include="src\graphics.c">
      <Filter>Source Files</Filter>
    </ClCompile>
    <ClCompile Include="src\graymorph.c">
      <Filter>Source Files</Filter>
    </ClCompile>
    <ClCompile Include="src\grayquant.c">
      <Filter>Source Files</Filter>
    </ClCompile>
    <ClCompile Include="src\grayquantlow.c">
      <Filter>Source Files</Filter>
    </ClCompile>
    <ClCompile Include="src\heap.c">
      <Filter>Source Files</Filter>
    </ClCompile>
    <ClCompile Include="src\jbclass.c">
      <Filter>Source Files</Filter>
    </ClCompile>
    <ClCompile Include="src\jp2kheader.c">
      <Filter>Source Files</Filter>
    </ClCompile>
    <ClCompile Include="src\jp2kheaderstub.c">
      <Filter>Source Files</Filter>
    </ClCompile>
    <ClCompile Include="src\jp2kio.c">
      <Filter>Source Files</Filter>
    </ClCompile>
    <ClCompile Include="src\jp2kiostub.c">
      <Filter>Source Files</Filter>
    </ClCompile>
    <ClCompile Include="src\jpegio.c">
      <Filter>Source Files</Filter>
    </ClCompile>
    <ClCompile Include="src\jpegiostub.c">
      <Filter>Source Files</Filter>
    </ClCompile>
    <ClCompile Include="src\kernel.c">
      <Filter>Source Files</Filter>
    </ClCompile>
    <ClCompile Include="src\leptwin.c">
      <Filter>Source Files</Filter>
    </ClCompile>
    <ClCompile Include="src\libversions.c">
      <Filter>Source Files</Filter>
    </ClCompile>
    <ClCompile Include="src\list.c">
      <Filter>Source Files</Filter>
    </ClCompile>
    <ClCompile Include="src\morph.c">
      <Filter>Source Files</Filter>
    </ClCompile>
    <ClCompile Include="src\morphapp.c">
      <Filter>Source Files</Filter>
    </ClCompile>
    <ClCompile Include="src\morphdwa.c">
      <Filter>Source Files</Filter>
    </ClCompile>
    <ClCompile Include="src\morphseq.c">
      <Filter>Source Files</Filter>
    </ClCompile>
    <ClCompile Include="src\numabasic.c">
      <Filter>Source Files</Filter>
    </ClCompile>
    <ClCompile Include="src\numafunc1.c">
      <Filter>Source Files</Filter>
    </ClCompile>
    <ClCompile Include="src\numafunc2.c">
      <Filter>Source Files</Filter>
    </ClCompile>
    <ClCompile Include="src\pageseg.c">
      <Filter>Source Files</Filter>
    </ClCompile>
    <ClCompile Include="src\paintcmap.c">
      <Filter>Source Files</Filter>
    </ClCompile>
    <ClCompile Include="src\parseprotos.c">
      <Filter>Source Files</Filter>
    </ClCompile>
    <ClCompile Include="src\partition.c">
      <Filter>Source Files</Filter>
    </ClCompile>
    <ClCompile Include="src\pdfio1.c">
      <Filter>Source Files</Filter>
    </ClCompile>
    <ClCompile Include="src\pdfio1stub.c">
      <Filter>Source Files</Filter>
    </ClCompile>
    <ClCompile Include="src\pdfio2.c">
      <Filter>Source Files</Filter>
    </ClCompile>
    <ClCompile Include="src\pdfio2stub.c">
      <Filter>Source Files</Filter>
    </ClCompile>
    <ClCompile Include="src\pix1.c">
      <Filter>Source Files</Filter>
    </ClCompile>
    <ClCompile Include="src\pix2.c">
      <Filter>Source Files</Filter>
    </ClCompile>
    <ClCompile Include="src\pix3.c">
      <Filter>Source Files</Filter>
    </ClCompile>
    <ClCompile Include="src\pix4.c">
      <Filter>Source Files</Filter>
    </ClCompile>
    <ClCompile Include="src\pix5.c">
      <Filter>Source Files</Filter>
    </ClCompile>
    <ClCompile Include="src\pixabasic.c">
      <Filter>Source Files</Filter>
    </ClCompile>
    <ClCompile Include="src\pixacc.c">
      <Filter>Source Files</Filter>
    </ClCompile>
    <ClCompile Include="src\pixafunc1.c">
      <Filter>Source Files</Filter>
    </ClCompile>
    <ClCompile Include="src\pixafunc2.c">
      <Filter>Source Files</Filter>
    </ClCompile>
    <ClCompile Include="src\pixalloc.c">
      <Filter>Source Files</Filter>
    </ClCompile>
    <ClCompile Include="src\pixarith.c">
      <Filter>Source Files</Filter>
    </ClCompile>
    <ClCompile Include="src\pixcomp.c">
      <Filter>Source Files</Filter>
    </ClCompile>
    <ClCompile Include="src\pixconv.c">
      <Filter>Source Files</Filter>
    </ClCompile>
    <ClCompile Include="src\pixlabel.c">
      <Filter>Source Files</Filter>
    </ClCompile>
    <ClCompile Include="src\pixtiling.c">
      <Filter>Source Files</Filter>
    </ClCompile>
    <ClCompile Include="src\pngio.c">
      <Filter>Source Files</Filter>
    </ClCompile>
    <ClCompile Include="src\pngiostub.c">
      <Filter>Source Files</Filter>
    </ClCompile>
    <ClCompile Include="src\pnmio.c">
      <Filter>Source Files</Filter>
    </ClCompile>
    <ClCompile Include="src\pnmiostub.c">
      <Filter>Source Files</Filter>
    </ClCompile>
    <ClCompile Include="src\projective.c">
      <Filter>Source Files</Filter>
    </ClCompile>
    <ClCompile Include="src\psio1.c">
      <Filter>Source Files</Filter>
    </ClCompile>
    <ClCompile Include="src\psio1stub.c">
      <Filter>Source Files</Filter>
    </ClCompile>
    <ClCompile Include="src\psio2.c">
      <Filter>Source Files</Filter>
    </ClCompile>
    <ClCompile Include="src\psio2stub.c">
      <Filter>Source Files</Filter>
    </ClCompile>
    <ClCompile Include="src\ptabasic.c">
      <Filter>Source Files</Filter>
    </ClCompile>
    <ClCompile Include="src\ptafunc1.c">
      <Filter>Source Files</Filter>
    </ClCompile>
    <ClCompile Include="src\ptra.c">
      <Filter>Source Files</Filter>
    </ClCompile>
    <ClCompile Include="src\quadtree.c">
      <Filter>Source Files</Filter>
    </ClCompile>
    <ClCompile Include="src\queue.c">
      <Filter>Source Files</Filter>
    </ClCompile>
    <ClCompile Include="src\rank.c">
      <Filter>Source Files</Filter>
    </ClCompile>
    <ClCompile Include="src\readbarcode.c">
      <Filter>Source Files</Filter>
    </ClCompile>
    <ClCompile Include="src\readfile.c">
      <Filter>Source Files</Filter>
    </ClCompile>
    <ClCompile Include="src\recogbasic.c">
      <Filter>Source Files</Filter>
    </ClCompile>
    <ClCompile Include="src\recogdid.c">
      <Filter>Source Files</Filter>
    </ClCompile>
    <ClCompile Include="src\recogident.c">
      <Filter>Source Files</Filter>
    </ClCompile>
    <ClCompile Include="src\recogtrain.c">
      <Filter>Source Files</Filter>
    </ClCompile>
    <ClCompile Include="src\rop.c">
      <Filter>Source Files</Filter>
    </ClCompile>
    <ClCompile Include="src\ropiplow.c">
      <Filter>Source Files</Filter>
    </ClCompile>
    <ClCompile Include="src\roplow.c">
      <Filter>Source Files</Filter>
    </ClCompile>
    <ClCompile Include="src\rotate.c">
      <Filter>Source Files</Filter>
    </ClCompile>
    <ClCompile Include="src\rotateam.c">
      <Filter>Source Files</Filter>
    </ClCompile>
    <ClCompile Include="src\rotateamlow.c">
      <Filter>Source Files</Filter>
    </ClCompile>
    <ClCompile Include="src\rotateorth.c">
      <Filter>Source Files</Filter>
    </ClCompile>
    <ClCompile Include="src\rotateshear.c">
      <Filter>Source Files</Filter>
    </ClCompile>
    <ClCompile Include="src\runlength.c">
      <Filter>Source Files</Filter>
    </ClCompile>
    <ClCompile Include="src\sarray.c">
      <Filter>Source Files</Filter>
    </ClCompile>
    <ClCompile Include="src\scale.c">
      <Filter>Source Files</Filter>
    </ClCompile>
    <ClCompile Include="src\scalelow.c">
      <Filter>Source Files</Filter>
    </ClCompile>
    <ClCompile Include="src\seedfill.c">
      <Filter>Source Files</Filter>
    </ClCompile>
    <ClCompile Include="src\seedfilllow.c">
      <Filter>Source Files</Filter>
    </ClCompile>
    <ClCompile Include="src\sel1.c">
      <Filter>Source Files</Filter>
    </ClCompile>
    <ClCompile Include="src\sel2.c">
      <Filter>Source Files</Filter>
    </ClCompile>
    <ClCompile Include="src\selgen.c">
      <Filter>Source Files</Filter>
    </ClCompile>
    <ClCompile Include="src\shear.c">
      <Filter>Source Files</Filter>
    </ClCompile>
    <ClCompile Include="src\skew.c">
      <Filter>Source Files</Filter>
    </ClCompile>
    <ClCompile Include="src\spixio.c">
      <Filter>Source Files</Filter>
    </ClCompile>
    <ClCompile Include="src\stack.c">
      <Filter>Source Files</Filter>
    </ClCompile>
    <ClCompile Include="src\stringcode.c">
      <Filter>Source Files</Filter>
    </ClCompile>
    <ClCompile Include="src\sudoku.c">
      <Filter>Source Files</Filter>
    </ClCompile>
    <ClCompile Include="src\textops.c">
      <Filter>Source Files</Filter>
    </ClCompile>
    <ClCompile Include="src\tiffio.c">
      <Filter>Source Files</Filter>
    </ClCompile>
    <ClCompile Include="src\tiffiostub.c">
      <Filter>Source Files</Filter>
    </ClCompile>
    <ClCompile Include="src\utils.c">
      <Filter>Source Files</Filter>
    </ClCompile>
    <ClCompile Include="src\viewfiles.c">
      <Filter>Source Files</Filter>
    </ClCompile>
    <ClCompile Include="src\warper.c">
      <Filter>Source Files</Filter>
    </ClCompile>
    <ClCompile Include="src\watershed.c">
      <Filter>Source Files</Filter>
    </ClCompile>
    <ClCompile Include="src\webpio.c">
      <Filter>Source Files</Filter>
    </ClCompile>
    <ClCompile Include="src\webpiostub.c">
      <Filter>Source Files</Filter>
    </ClCompile>
    <ClCompile Include="src\writefile.c">
      <Filter>Source Files</Filter>
    </ClCompile>
    <ClCompile Include="src\zlibmem.c">
      <Filter>Source Files</Filter>
    </ClCompile>
    <ClCompile Include="src\zlibmemstub.c">
      <Filter>Source Files</Filter>
    </ClCompile>
    <ClCompile Include="src\bootnumgen1.c">
      <Filter>Source Files</Filter>
    </ClCompile>
    <ClCompile Include="src\bootnumgen2.c">
      <Filter>Source Files</Filter>
    </ClCompile>
    <ClCompile Include="src\map.c">
      <Filter>Source Files</Filter>
    </ClCompile>
    <ClCompile Include="src\rbtree.c">
      <Filter>Source Files</Filter>
    </ClCompile>
  </ItemGroup>
  <ItemGroup>
    <Text Include="style-guide.txt" />
  </ItemGroup>
</Project>